// !$*UTF8*$!
{
	archiveVersion = 1;
	classes = {
	};
	objectVersion = 77;
	objects = {

/* Begin PBXBuildFile section */
		E30901722FB952EF00C52238 /* FlashcardRoundFinishView.swift in Sources */ = {isa = PBXBuildFile; fileRef = E30901712FB952DC00C52238 /* FlashcardRoundFinishView.swift */; };
		E30901752FB95C8500C52238 /* SetsListView.swift in Sources */ = {isa = PBXBuildFile; fileRef = E30901742FB95C7700C52238 /* SetsListView.swift */; };
		E30901792FB9614C00C52238 /* SetListRowView.swift in Sources */ = {isa = PBXBuildFile; fileRef = E30901762FB9614C00C52238 /* SetListRowView.swift */; };
		E309017A2FB9614C00C52238 /* SetsListScreen.swift in Sources */ = {isa = PBXBuildFile; fileRef = E30901782FB9614C00C52238 /* SetsListScreen.swift */; };
		E309017B2FB9614C00C52238 /* SetsListHeaderView.swift in Sources */ = {isa = PBXBuildFile; fileRef = E30901772FB9614C00C52238 /* SetsListHeaderView.swift */; };
		E309017D2FB963D400C52238 /* SetsListViewModel.swift in Sources */ = {isa = PBXBuildFile; fileRef = E309017C2FB963CB00C52238 /* SetsListViewModel.swift */; };
		E30A1CAA2F98010F00387BDC /* Assets.xcassets in Resources */ = {isa = PBXBuildFile; fileRef = E30A1CA62F98010F00387BDC /* Assets.xcassets */; };
		E30A1CAC2F98010F00387BDC /* WordAroundApp.swift in Sources */ = {isa = PBXBuildFile; fileRef = E30A1CA82F98010F00387BDC /* WordAroundApp.swift */; };
		E30A1CB32F9801B600387BDC /* .gitignore in Resources */ = {isa = PBXBuildFile; fileRef = E30A1CB22F9801AE00387BDC /* .gitignore */; };
		E30A1CBC2F98023B00387BDC /* HomeView.swift in Sources */ = {isa = PBXBuildFile; fileRef = E30A1CBB2F98023900387BDC /* HomeView.swift */; };
		E30A1CC12F98079D00387BDC /* OnboardingView.swift in Sources */ = {isa = PBXBuildFile; fileRef = E30A1CC02F98079800387BDC /* OnboardingView.swift */; };
		E30A1CC32F9819B100387BDC /* AuthView.swift in Sources */ = {isa = PBXBuildFile; fileRef = E30A1CC22F9819A000387BDC /* AuthView.swift */; };
		E30A1CC92F99438D00387BDC /* FirebaseCore in Frameworks */ = {isa = PBXBuildFile; productRef = E30A1CC82F99438D00387BDC /* FirebaseCore */; };
		E30A1CCB2F99439900387BDC /* FirebaseAuth in Frameworks */ = {isa = PBXBuildFile; productRef = E30A1CCA2F99439900387BDC /* FirebaseAuth */; };
		E30A1CCD2F99443200387BDC /* AppDelegate.swift in Sources */ = {isa = PBXBuildFile; fileRef = E30A1CCC2F99442B00387BDC /* AppDelegate.swift */; };
		E30A1CD02F99445D00387BDC /* AuthViewModel.swift in Sources */ = {isa = PBXBuildFile; fileRef = E30A1CCF2F99445700387BDC /* AuthViewModel.swift */; };
		E30A1CD32F99448B00387BDC /* AuthService.swift in Sources */ = {isa = PBXBuildFile; fileRef = E30A1CD22F99448400387BDC /* AuthService.swift */; };
		E30A1CD52F99451900387BDC /* BlobShape.swift in Sources */ = {isa = PBXBuildFile; fileRef = E30A1CD42F99451200387BDC /* BlobShape.swift */; };
		E30A1CD72F9953CF00387BDC /* GoogleService-Info.plist in Resources */ = {isa = PBXBuildFile; fileRef = E30A1CD62F9953CF00387BDC /* GoogleService-Info.plist */; };
		E30A1CDA2F99586500387BDC /* GoogleSignIn in Frameworks */ = {isa = PBXBuildFile; productRef = E30A1CD92F99586500387BDC /* GoogleSignIn */; };
		E30A1CDC2F99586500387BDC /* GoogleSignInSwift in Frameworks */ = {isa = PBXBuildFile; productRef = E30A1CDB2F99586500387BDC /* GoogleSignInSwift */; };
		E30A1CDF2F9A2D3900387BDC /* SessionStore.swift in Sources */ = {isa = PBXBuildFile; fileRef = E30A1CDE2F9A2D3200387BDC /* SessionStore.swift */; };
		E30A1CE12F9A358000387BDC /* VerifyEmailView.swift in Sources */ = {isa = PBXBuildFile; fileRef = E30A1CE02F9A357500387BDC /* VerifyEmailView.swift */; };
		E30A1D072F9A5FC000387BDC /* HomeHeaderView.swift in Sources */ = {isa = PBXBuildFile; fileRef = E30A1D062F9A5FB300387BDC /* HomeHeaderView.swift */; };
		E30A1D092F9A5FDB00387BDC /* CategorySidebarView.swift in Sources */ = {isa = PBXBuildFile; fileRef = E30A1D082F9A5FCD00387BDC /* CategorySidebarView.swift */; };
		E30A1D0B2F9A5FF400387BDC /* BottomNavigationBarView.swift in Sources */ = {isa = PBXBuildFile; fileRef = E30A1D0A2F9A5FE700387BDC /* BottomNavigationBarView.swift */; };
		E30A1D0D2F9A616F00387BDC /* HomeCategory.swift in Sources */ = {isa = PBXBuildFile; fileRef = E30A1D0C2F9A616100387BDC /* HomeCategory.swift */; };
		E30A1D0F2F9A618800387BDC /* HomeTab.swift in Sources */ = {isa = PBXBuildFile; fileRef = E30A1D0E2F9A618400387BDC /* HomeTab.swift */; };
		E30A1D1D2F9AC1D500387BDC /* BaseCardView.swift in Sources */ = {isa = PBXBuildFile; fileRef = E30A1D1C2F9AC1C800387BDC /* BaseCardView.swift */; };
		E30A1D1F2F9AC1F100387BDC /* Layout.swift in Sources */ = {isa = PBXBuildFile; fileRef = E30A1D1E2F9AC1E500387BDC /* Layout.swift */; };
		E30A1D212F9AC20B00387BDC /* ProgressCardView.swift in Sources */ = {isa = PBXBuildFile; fileRef = E30A1D202F9AC20500387BDC /* ProgressCardView.swift */; };
		E30A1D232F9AC21B00387BDC /* StatCardView.swift in Sources */ = {isa = PBXBuildFile; fileRef = E30A1D222F9AC21700387BDC /* StatCardView.swift */; };
		E30A1D252F9AC23000387BDC /* SetItemView.swift in Sources */ = {isa = PBXBuildFile; fileRef = E30A1D242F9AC22800387BDC /* SetItemView.swift */; };
		E30A1D4F2F9BB9D000387BDC /* AppColors.swift in Sources */ = {isa = PBXBuildFile; fileRef = E30A1D4E2F9BB9C700387BDC /* AppColors.swift */; };
		E30A1D512F9BBCFC00387BDC /* StatCardItem.swift in Sources */ = {isa = PBXBuildFile; fileRef = E30A1D502F9BBCFC00387BDC /* StatCardItem.swift */; };
		E30A1D532F9BBD1800387BDC /* FlashCardSet.swift in Sources */ = {isa = PBXBuildFile; fileRef = E30A1D522F9BBD1800387BDC /* FlashCardSet.swift */; };
		E30A1D552F9BBD3D00387BDC /* HomeViewModel.swift in Sources */ = {isa = PBXBuildFile; fileRef = E30A1D542F9BBD3700387BDC /* HomeViewModel.swift */; };
		E30A1D572F9BBF9400387BDC /* VerifyEmailViewModel.swift in Sources */ = {isa = PBXBuildFile; fileRef = E30A1D562F9BBF8500387BDC /* VerifyEmailViewModel.swift */; };
		E30A1D5D2F9BEB8200387BDC /* CreateSet.swift in Sources */ = {isa = PBXBuildFile; fileRef = E30A1D5C2F9BEB8200387BDC /* CreateSet.swift */; };
		E30A1D6F2F9C0E9200387BDC /* SetIconType.swift in Sources */ = {isa = PBXBuildFile; fileRef = E30A1D6E2F9C0E9200387BDC /* SetIconType.swift */; };
		E30A1D712F9C0ED000387BDC /* FlashCard.swift in Sources */ = {isa = PBXBuildFile; fileRef = E30A1D702F9C0ED000387BDC /* FlashCard.swift */; };
		E30A1D752F9C0EF800387BDC /* FlashcardSetService.swift in Sources */ = {isa = PBXBuildFile; fileRef = E30A1D742F9C0EF700387BDC /* FlashcardSetService.swift */; };
		E30A1D782F9C14D700387BDC /* FirebaseFirestore in Frameworks */ = {isa = PBXBuildFile; productRef = E30A1D772F9C14D700387BDC /* FirebaseFirestore */; };
		E30A1D7A2F9C14F200387BDC /* FirebaseStorage in Frameworks */ = {isa = PBXBuildFile; productRef = E30A1D792F9C14F200387BDC /* FirebaseStorage */; };
		E30A1D7C2F9C1D6900387BDC /* HomeSetPreviewItem.swift in Sources */ = {isa = PBXBuildFile; fileRef = E30A1D7B2F9C1D6900387BDC /* HomeSetPreviewItem.swift */; };
		E30A1D7E2F9C236000387BDC /* CreateSetTheme.swift in Sources */ = {isa = PBXBuildFile; fileRef = E30A1D7D2F9C236000387BDC /* CreateSetTheme.swift */; };
		E30A1D812F9C24C100387BDC /* HomeSetPreviewMapper.swift in Sources */ = {isa = PBXBuildFile; fileRef = E30A1D802F9C24BF00387BDC /* HomeSetPreviewMapper.swift */; };
		E30A1D832F9C2EF700387BDC /* LocalImageStorageService.swift in Sources */ = {isa = PBXBuildFile; fileRef = E30A1D822F9C2EE800387BDC /* LocalImageStorageService.swift */; };
		E30A1DA42F9E076500387BDC /* Folders.swift in Sources */ = {isa = PBXBuildFile; fileRef = E30A1DA32F9E076200387BDC /* Folders.swift */; };
		E30A1DA62F9E07A000387BDC /* FolderService.swift in Sources */ = {isa = PBXBuildFile; fileRef = E30A1DA52F9E079A00387BDC /* FolderService.swift */; };
		E30A1DAC2F9E07E600387BDC /* CreateFolderView.swift in Sources */ = {isa = PBXBuildFile; fileRef = E30A1DAB2F9E07DB00387BDC /* CreateFolderView.swift */; };
		E30A1DAE2F9E07F000387BDC /* CreateFolderViewModel.swift in Sources */ = {isa = PBXBuildFile; fileRef = E30A1DAD2F9E07E900387BDC /* CreateFolderViewModel.swift */; };
		E30A1DB02F9E098700387BDC /* FolderDetailViewModel.swift in Sources */ = {isa = PBXBuildFile; fileRef = E30A1DAF2F9E097F00387BDC /* FolderDetailViewModel.swift */; };
		E30A1DB22F9E099600387BDC /* FolderDetailView.swift in Sources */ = {isa = PBXBuildFile; fileRef = E30A1DB12F9E099000387BDC /* FolderDetailView.swift */; };
		E30A1DB42F9E0C3D00387BDC /* FolderCardView.swift in Sources */ = {isa = PBXBuildFile; fileRef = E30A1DB32F9E0C3600387BDC /* FolderCardView.swift */; };
		E30A1DB82FA14BAA00387BDC /* FoldersListView.swift in Sources */ = {isa = PBXBuildFile; fileRef = E30A1DB72FA14BA200387BDC /* FoldersListView.swift */; };
		E39E8FE62FA7911E00472437 /* CreateSetCardEditorView.swift in Sources */ = {isa = PBXBuildFile; fileRef = E39E8FC52FA7911E00472437 /* CreateSetCardEditorView.swift */; };
		E39E8FE72FA7911E00472437 /* CreateSetColorPickerView.swift in Sources */ = {isa = PBXBuildFile; fileRef = E39E8FCB2FA7911E00472437 /* CreateSetColorPickerView.swift */; };
		E39E8FE82FA7911E00472437 /* CreateSetInfoSectionView.swift in Sources */ = {isa = PBXBuildFile; fileRef = E39E8FD52FA7911E00472437 /* CreateSetInfoSectionView.swift */; };
		E39E8FE92FA7911E00472437 /* CreateSetOptionalText.swift in Sources */ = {isa = PBXBuildFile; fileRef = E39E8FD82FA7911E00472437 /* CreateSetOptionalText.swift */; };
		E39E8FEA2FA7911E00472437 /* CreateSetViewModel.swift in Sources */ = {isa = PBXBuildFile; fileRef = E39E8FE42FA7911E00472437 /* CreateSetViewModel.swift */; };
		E39E8FEB2FA7911E00472437 /* SFSymbolCatalog.swift in Sources */ = {isa = PBXBuildFile; fileRef = E39E8FCF2FA7911E00472437 /* SFSymbolCatalog.swift */; };
		E39E8FEC2FA7911E00472437 /* CreateSetFieldStyle.swift in Sources */ = {isa = PBXBuildFile; fileRef = E39E8FD42FA7911E00472437 /* CreateSetFieldStyle.swift */; };
		E39E8FED2FA7911E00472437 /* CreateSetCardsSectionView.swift in Sources */ = {isa = PBXBuildFile; fileRef = E39E8FC72FA7911E00472437 /* CreateSetCardsSectionView.swift */; };
		E39E8FEE2FA7911E00472437 /* CreateSetSectionContainer.swift in Sources */ = {isa = PBXBuildFile; fileRef = E39E8FD92FA7911E00472437 /* CreateSetSectionContainer.swift */; };
		E39E8FEF2FA7911E00472437 /* CreateSetCardTextField.swift in Sources */ = {isa = PBXBuildFile; fileRef = E39E8FC82FA7911E00472437 /* CreateSetCardTextField.swift */; };
		E39E8FF02FA7911E00472437 /* CreateSetValidator.swift in Sources */ = {isa = PBXBuildFile; fileRef = E39E8FE02FA7911E00472437 /* CreateSetValidator.swift */; };
		E39E8FF12FA7911E00472437 /* CreateSetImagePickerView.swift in Sources */ = {isa = PBXBuildFile; fileRef = E39E8FC92FA7911E00472437 /* CreateSetImagePickerView.swift */; };
		E39E8FF22FA7911E00472437 /* CreateSetBuilder.swift in Sources */ = {isa = PBXBuildFile; fileRef = E39E8FDD2FA7911E00472437 /* CreateSetBuilder.swift */; };
		E39E8FF32FA7911E00472437 /* CreateSetSavingUseCase.swift in Sources */ = {isa = PBXBuildFile; fileRef = E39E8FDF2FA7911E00472437 /* CreateSetSavingUseCase.swift */; };
		E39E8FF42FA7911E00472437 /* CreateSetHeaderView.swift in Sources */ = {isa = PBXBuildFile; fileRef = E39E8FD22FA7911E00472437 /* CreateSetHeaderView.swift */; };
		E39E8FF52FA7911E00472437 /* CreateSetCardExampleField.swift in Sources */ = {isa = PBXBuildFile; fileRef = E39E8FC62FA7911E00472437 /* CreateSetCardExampleField.swift */; };
		E39E8FF62FA7911E00472437 /* CreateSetKeyboard.swift in Sources */ = {isa = PBXBuildFile; fileRef = E39E8FD72FA7911E00472437 /* CreateSetKeyboard.swift */; };
		E39E8FF72FA7911E00472437 /* CreateSetSectionLabel.swift in Sources */ = {isa = PBXBuildFile; fileRef = E39E8FDA2FA7911E00472437 /* CreateSetSectionLabel.swift */; };
		E39E8FF82FA7911E00472437 /* CreateSetIconSuggester.swift in Sources */ = {isa = PBXBuildFile; fileRef = E39E8FDE2FA7911E00472437 /* CreateSetIconSuggester.swift */; };
		E39E8FF92FA7911E00472437 /* SFSymbolPickerView.swift in Sources */ = {isa = PBXBuildFile; fileRef = E39E8FD02FA7911E00472437 /* SFSymbolPickerView.swift */; };
		E39E8FFA2FA7911E00472437 /* CreateSetCustomizationSectionView.swift in Sources */ = {isa = PBXBuildFile; fileRef = E39E8FCC2FA7911E00472437 /* CreateSetCustomizationSectionView.swift */; };
		E39E8FFB2FA7911E00472437 /* CreateSetView.swift in Sources */ = {isa = PBXBuildFile; fileRef = E39E8FE22FA7911E00472437 /* CreateSetView.swift */; };
		E39E8FFC2FA7911E00472437 /* CreateSetPreviewCardView.swift in Sources */ = {isa = PBXBuildFile; fileRef = E39E8FCE2FA7911E00472437 /* CreateSetPreviewCardView.swift */; };
		E39E8FFD2FA7911E00472437 /* CreateSetFolderPickerView.swift in Sources */ = {isa = PBXBuildFile; fileRef = E39E8FCD2FA7911E00472437 /* CreateSetFolderPickerView.swift */; };
		E39E90852FA7E65300472437 /* FlashcardSetDetailViewModel.swift in Sources */ = {isa = PBXBuildFile; fileRef = E39E90792FA7E65200472437 /* FlashcardSetDetailViewModel.swift */; };
		E39E90862FA7E65300472437 /* FlashcardSetDetailTopBarView.swift in Sources */ = {isa = PBXBuildFile; fileRef = E39E907B2FA7E65200472437 /* FlashcardSetDetailTopBarView.swift */; };
		E39E90872FA7E65300472437 /* FlashcardEditView.swift in Sources */ = {isa = PBXBuildFile; fileRef = E39E90752FA7E65200472437 /* FlashcardEditView.swift */; };
		E39E90882FA7E65300472437 /* FlashcardSetDetailHeaderView.swift in Sources */ = {isa = PBXBuildFile; fileRef = E39E907A2FA7E65200472437 /* FlashcardSetDetailHeaderView.swift */; };
		E39E90892FA7E65300472437 /* FlashcardSetDetailFilterTabsView.swift in Sources */ = {isa = PBXBuildFile; fileRef = E39E90732FA7E65200472437 /* FlashcardSetDetailFilterTabsView.swift */; };
		E39E908A2FA7E65300472437 /* FlashcardSetDetailControlsView.swift in Sources */ = {isa = PBXBuildFile; fileRef = E39E90822FA7E65200472437 /* FlashcardSetDetailControlsView.swift */; };
		E39E908B2FA7E65300472437 /* FlashcardSetAddCardView.swift in Sources */ = {isa = PBXBuildFile; fileRef = E39E90762FA7E65200472437 /* FlashcardSetAddCardView.swift */; };
		E39E908C2FA7E65300472437 /* FlashcardSetDetailCardRowView.swift in Sources */ = {isa = PBXBuildFile; fileRef = E39E90722FA7E65200472437 /* FlashcardSetDetailCardRowView.swift */; };
		E39E908D2FA7E65300472437 /* FlashcardSetDetailView.swift in Sources */ = {isa = PBXBuildFile; fileRef = E39E90782FA7E65200472437 /* FlashcardSetDetailView.swift */; };
		E39E908E2FA7E65300472437 /* FlashcardSetDetailCardFilter.swift in Sources */ = {isa = PBXBuildFile; fileRef = E39E90812FA7E65200472437 /* FlashcardSetDetailCardFilter.swift */; };
		E39E908F2FA7E65300472437 /* FlashcardSetDetailMainCardView.swift in Sources */ = {isa = PBXBuildFile; fileRef = E39E90832FA7E65200472437 /* FlashcardSetDetailMainCardView.swift */; };
		E39E90902FA7E65300472437 /* FlashcardSetDetailAddButton.swift in Sources */ = {isa = PBXBuildFile; fileRef = E39E907D2FA7E65200472437 /* FlashcardSetDetailAddButton.swift */; };
		E39E90912FA7E65300472437 /* FlashcardSetDetailBottomCover.swift in Sources */ = {isa = PBXBuildFile; fileRef = E39E907E2FA7E65200472437 /* FlashcardSetDetailBottomCover.swift */; };
		E39E90922FA7E65300472437 /* FlashcardExpandedView.swift in Sources */ = {isa = PBXBuildFile; fileRef = E39E90802FA7E65200472437 /* FlashcardExpandedView.swift */; };
/* End PBXBuildFile section */

/* Begin PBXFileReference section */
		E30901712FB952DC00C52238 /* FlashcardRoundFinishView.swift */ = {isa = PBXFileReference; lastKnownFileType = sourcecode.swift; path = FlashcardRoundFinishView.swift; sourceTree = "<group>"; };
		E30901742FB95C7700C52238 /* SetsListView.swift */ = {isa = PBXFileReference; lastKnownFileType = sourcecode.swift; path = SetsListView.swift; sourceTree = "<group>"; };
		E30901762FB9614C00C52238 /* SetListRowView.swift */ = {isa = PBXFileReference; lastKnownFileType = sourcecode.swift; path = SetListRowView.swift; sourceTree = "<group>"; };
		E30901772FB9614C00C52238 /* SetsListHeaderView.swift */ = {isa = PBXFileReference; lastKnownFileType = sourcecode.swift; path = SetsListHeaderView.swift; sourceTree = "<group>"; };
		E30901782FB9614C00C52238 /* SetsListScreen.swift */ = {isa = PBXFileReference; lastKnownFileType = sourcecode.swift; path = SetsListScreen.swift; sourceTree = "<group>"; };
		E309017C2FB963CB00C52238 /* SetsListViewModel.swift */ = {isa = PBXFileReference; lastKnownFileType = sourcecode.swift; path = SetsListViewModel.swift; sourceTree = "<group>"; };
		E30A1C982F98003000387BDC /* WordAround.app */ = {isa = PBXFileReference; explicitFileType = wrapper.application; includeInIndex = 0; path = WordAround.app; sourceTree = BUILT_PRODUCTS_DIR; };
		E30A1CA62F98010F00387BDC /* Assets.xcassets */ = {isa = PBXFileReference; lastKnownFileType = folder.assetcatalog; path = Assets.xcassets; sourceTree = "<group>"; };
		E30A1CA82F98010F00387BDC /* WordAroundApp.swift */ = {isa = PBXFileReference; lastKnownFileType = sourcecode.swift; path = WordAroundApp.swift; sourceTree = "<group>"; };
		E30A1CB22F9801AE00387BDC /* .gitignore */ = {isa = PBXFileReference; lastKnownFileType = text; path = .gitignore; sourceTree = "<group>"; };
		E30A1CBB2F98023900387BDC /* HomeView.swift */ = {isa = PBXFileReference; lastKnownFileType = sourcecode.swift; path = HomeView.swift; sourceTree = "<group>"; };
		E30A1CC02F98079800387BDC /* OnboardingView.swift */ = {isa = PBXFileReference; lastKnownFileType = sourcecode.swift; path = OnboardingView.swift; sourceTree = "<group>"; };
		E30A1CC22F9819A000387BDC /* AuthView.swift */ = {isa = PBXFileReference; lastKnownFileType = sourcecode.swift; path = AuthView.swift; sourceTree = "<group>"; };
		E30A1CCC2F99442B00387BDC /* AppDelegate.swift */ = {isa = PBXFileReference; lastKnownFileType = sourcecode.swift; path = AppDelegate.swift; sourceTree = "<group>"; };
		E30A1CCF2F99445700387BDC /* AuthViewModel.swift */ = {isa = PBXFileReference; lastKnownFileType = sourcecode.swift; path = AuthViewModel.swift; sourceTree = "<group>"; };
		E30A1CD22F99448400387BDC /* AuthService.swift */ = {isa = PBXFileReference; lastKnownFileType = sourcecode.swift; path = AuthService.swift; sourceTree = "<group>"; };
		E30A1CD42F99451200387BDC /* BlobShape.swift */ = {isa = PBXFileReference; lastKnownFileType = sourcecode.swift; path = BlobShape.swift; sourceTree = "<group>"; };
		E30A1CD62F9953CF00387BDC /* GoogleService-Info.plist */ = {isa = PBXFileReference; lastKnownFileType = text.plist.xml; path = "GoogleService-Info.plist"; sourceTree = "<group>"; };
		E30A1CDD2F995BF100387BDC /* Info.plist */ = {isa = PBXFileReference; lastKnownFileType = text.plist.xml; path = Info.plist; sourceTree = "<group>"; };
		E30A1CDE2F9A2D3200387BDC /* SessionStore.swift */ = {isa = PBXFileReference; lastKnownFileType = sourcecode.swift; path = SessionStore.swift; sourceTree = "<group>"; };
		E30A1CE02F9A357500387BDC /* VerifyEmailView.swift */ = {isa = PBXFileReference; lastKnownFileType = sourcecode.swift; path = VerifyEmailView.swift; sourceTree = "<group>"; };
		E30A1D062F9A5FB300387BDC /* HomeHeaderView.swift */ = {isa = PBXFileReference; lastKnownFileType = sourcecode.swift; path = HomeHeaderView.swift; sourceTree = "<group>"; };
		E30A1D082F9A5FCD00387BDC /* CategorySidebarView.swift */ = {isa = PBXFileReference; lastKnownFileType = sourcecode.swift; path = CategorySidebarView.swift; sourceTree = "<group>"; };
		E30A1D0A2F9A5FE700387BDC /* BottomNavigationBarView.swift */ = {isa = PBXFileReference; lastKnownFileType = sourcecode.swift; path = BottomNavigationBarView.swift; sourceTree = "<group>"; };
		E30A1D0C2F9A616100387BDC /* HomeCategory.swift */ = {isa = PBXFileReference; lastKnownFileType = sourcecode.swift; path = HomeCategory.swift; sourceTree = "<group>"; };
		E30A1D0E2F9A618400387BDC /* HomeTab.swift */ = {isa = PBXFileReference; lastKnownFileType = sourcecode.swift; path = HomeTab.swift; sourceTree = "<group>"; };
		E30A1D1C2F9AC1C800387BDC /* BaseCardView.swift */ = {isa = PBXFileReference; lastKnownFileType = sourcecode.swift; path = BaseCardView.swift; sourceTree = "<group>"; };
		E30A1D1E2F9AC1E500387BDC /* Layout.swift */ = {isa = PBXFileReference; lastKnownFileType = sourcecode.swift; path = Layout.swift; sourceTree = "<group>"; };
		E30A1D202F9AC20500387BDC /* ProgressCardView.swift */ = {isa = PBXFileReference; lastKnownFileType = sourcecode.swift; path = ProgressCardView.swift; sourceTree = "<group>"; };
		E30A1D222F9AC21700387BDC /* StatCardView.swift */ = {isa = PBXFileReference; lastKnownFileType = sourcecode.swift; path = StatCardView.swift; sourceTree = "<group>"; };
		E30A1D242F9AC22800387BDC /* SetItemView.swift */ = {isa = PBXFileReference; lastKnownFileType = sourcecode.swift; path = SetItemView.swift; sourceTree = "<group>"; };
		E30A1D4E2F9BB9C700387BDC /* AppColors.swift */ = {isa = PBXFileReference; lastKnownFileType = sourcecode.swift; path = AppColors.swift; sourceTree = "<group>"; };
		E30A1D502F9BBCFC00387BDC /* StatCardItem.swift */ = {isa = PBXFileReference; lastKnownFileType = sourcecode.swift; name = StatCardItem.swift; path = WordAround/Core/StatCardItem.swift; sourceTree = SOURCE_ROOT; };
		E30A1D522F9BBD1800387BDC /* FlashCardSet.swift */ = {isa = PBXFileReference; lastKnownFileType = sourcecode.swift; name = FlashCardSet.swift; path = WordAround/Core/FlashCardSet.swift; sourceTree = SOURCE_ROOT; };
		E30A1D542F9BBD3700387BDC /* HomeViewModel.swift */ = {isa = PBXFileReference; lastKnownFileType = sourcecode.swift; path = HomeViewModel.swift; sourceTree = "<group>"; };
		E30A1D562F9BBF8500387BDC /* VerifyEmailViewModel.swift */ = {isa = PBXFileReference; lastKnownFileType = sourcecode.swift; path = VerifyEmailViewModel.swift; sourceTree = "<group>"; };
		E30A1D5C2F9BEB8200387BDC /* CreateSet.swift */ = {isa = PBXFileReference; lastKnownFileType = sourcecode.swift; name = CreateSet.swift; path = WordAround/Core/CreateSet.swift; sourceTree = SOURCE_ROOT; };
		E30A1D6E2F9C0E9200387BDC /* SetIconType.swift */ = {isa = PBXFileReference; lastKnownFileType = sourcecode.swift; name = SetIconType.swift; path = WordAround/Core/SetIconType.swift; sourceTree = SOURCE_ROOT; };
		E30A1D702F9C0ED000387BDC /* FlashCard.swift */ = {isa = PBXFileReference; lastKnownFileType = sourcecode.swift; name = FlashCard.swift; path = WordAround/Core/FlashCard.swift; sourceTree = SOURCE_ROOT; };
		E30A1D742F9C0EF700387BDC /* FlashcardSetService.swift */ = {isa = PBXFileReference; lastKnownFileType = sourcecode.swift; path = FlashcardSetService.swift; sourceTree = "<group>"; };
		E30A1D7B2F9C1D6900387BDC /* HomeSetPreviewItem.swift */ = {isa = PBXFileReference; lastKnownFileType = sourcecode.swift; name = HomeSetPreviewItem.swift; path = WordAround/Core/HomeSetPreviewItem.swift; sourceTree = SOURCE_ROOT; };
		E30A1D7D2F9C236000387BDC /* CreateSetTheme.swift */ = {isa = PBXFileReference; lastKnownFileType = sourcecode.swift; name = CreateSetTheme.swift; path = WordAround/Core/CreateSetTheme.swift; sourceTree = SOURCE_ROOT; };
		E30A1D802F9C24BF00387BDC /* HomeSetPreviewMapper.swift */ = {isa = PBXFileReference; lastKnownFileType = sourcecode.swift; path = HomeSetPreviewMapper.swift; sourceTree = "<group>"; };
		E30A1D822F9C2EE800387BDC /* LocalImageStorageService.swift */ = {isa = PBXFileReference; lastKnownFileType = sourcecode.swift; path = LocalImageStorageService.swift; sourceTree = "<group>"; };
		E30A1DA32F9E076200387BDC /* Folders.swift */ = {isa = PBXFileReference; lastKnownFileType = sourcecode.swift; path = Folders.swift; sourceTree = "<group>"; };
		E30A1DA52F9E079A00387BDC /* FolderService.swift */ = {isa = PBXFileReference; lastKnownFileType = sourcecode.swift; path = FolderService.swift; sourceTree = "<group>"; };
		E30A1DAB2F9E07DB00387BDC /* CreateFolderView.swift */ = {isa = PBXFileReference; lastKnownFileType = sourcecode.swift; path = CreateFolderView.swift; sourceTree = "<group>"; };
		E30A1DAD2F9E07E900387BDC /* CreateFolderViewModel.swift */ = {isa = PBXFileReference; lastKnownFileType = sourcecode.swift; path = CreateFolderViewModel.swift; sourceTree = "<group>"; };
		E30A1DAF2F9E097F00387BDC /* FolderDetailViewModel.swift */ = {isa = PBXFileReference; lastKnownFileType = sourcecode.swift; path = FolderDetailViewModel.swift; sourceTree = "<group>"; };
		E30A1DB12F9E099000387BDC /* FolderDetailView.swift */ = {isa = PBXFileReference; lastKnownFileType = sourcecode.swift; path = FolderDetailView.swift; sourceTree = "<group>"; };
		E30A1DB32F9E0C3600387BDC /* FolderCardView.swift */ = {isa = PBXFileReference; lastKnownFileType = sourcecode.swift; path = FolderCardView.swift; sourceTree = "<group>"; };
		E30A1DB72FA14BA200387BDC /* FoldersListView.swift */ = {isa = PBXFileReference; lastKnownFileType = sourcecode.swift; path = FoldersListView.swift; sourceTree = "<group>"; };
		E39E8FC52FA7911E00472437 /* CreateSetCardEditorView.swift */ = {isa = PBXFileReference; lastKnownFileType = sourcecode.swift; path = CreateSetCardEditorView.swift; sourceTree = "<group>"; };
		E39E8FC62FA7911E00472437 /* CreateSetCardExampleField.swift */ = {isa = PBXFileReference; lastKnownFileType = sourcecode.swift; path = CreateSetCardExampleField.swift; sourceTree = "<group>"; };
		E39E8FC72FA7911E00472437 /* CreateSetCardsSectionView.swift */ = {isa = PBXFileReference; lastKnownFileType = sourcecode.swift; path = CreateSetCardsSectionView.swift; sourceTree = "<group>"; };
		E39E8FC82FA7911E00472437 /* CreateSetCardTextField.swift */ = {isa = PBXFileReference; lastKnownFileType = sourcecode.swift; path = CreateSetCardTextField.swift; sourceTree = "<group>"; };
		E39E8FC92FA7911E00472437 /* CreateSetImagePickerView.swift */ = {isa = PBXFileReference; lastKnownFileType = sourcecode.swift; path = CreateSetImagePickerView.swift; sourceTree = "<group>"; };
		E39E8FCB2FA7911E00472437 /* CreateSetColorPickerView.swift */ = {isa = PBXFileReference; lastKnownFileType = sourcecode.swift; path = CreateSetColorPickerView.swift; sourceTree = "<group>"; };
		E39E8FCC2FA7911E00472437 /* CreateSetCustomizationSectionView.swift */ = {isa = PBXFileReference; lastKnownFileType = sourcecode.swift; path = CreateSetCustomizationSectionView.swift; sourceTree = "<group>"; };
		E39E8FCD2FA7911E00472437 /* CreateSetFolderPickerView.swift */ = {isa = PBXFileReference; lastKnownFileType = sourcecode.swift; path = CreateSetFolderPickerView.swift; sourceTree = "<group>"; };
		E39E8FCE2FA7911E00472437 /* CreateSetPreviewCardView.swift */ = {isa = PBXFileReference; lastKnownFileType = sourcecode.swift; path = CreateSetPreviewCardView.swift; sourceTree = "<group>"; };
		E39E8FCF2FA7911E00472437 /* SFSymbolCatalog.swift */ = {isa = PBXFileReference; lastKnownFileType = sourcecode.swift; path = SFSymbolCatalog.swift; sourceTree = "<group>"; };
		E39E8FD02FA7911E00472437 /* SFSymbolPickerView.swift */ = {isa = PBXFileReference; lastKnownFileType = sourcecode.swift; path = SFSymbolPickerView.swift; sourceTree = "<group>"; };
		E39E8FD22FA7911E00472437 /* CreateSetHeaderView.swift */ = {isa = PBXFileReference; lastKnownFileType = sourcecode.swift; path = CreateSetHeaderView.swift; sourceTree = "<group>"; };
		E39E8FD42FA7911E00472437 /* CreateSetFieldStyle.swift */ = {isa = PBXFileReference; lastKnownFileType = sourcecode.swift; path = CreateSetFieldStyle.swift; sourceTree = "<group>"; };
		E39E8FD52FA7911E00472437 /* CreateSetInfoSectionView.swift */ = {isa = PBXFileReference; lastKnownFileType = sourcecode.swift; path = CreateSetInfoSectionView.swift; sourceTree = "<group>"; };
		E39E8FD72FA7911E00472437 /* CreateSetKeyboard.swift */ = {isa = PBXFileReference; lastKnownFileType = sourcecode.swift; path = CreateSetKeyboard.swift; sourceTree = "<group>"; };
		E39E8FD82FA7911E00472437 /* CreateSetOptionalText.swift */ = {isa = PBXFileReference; lastKnownFileType = sourcecode.swift; path = CreateSetOptionalText.swift; sourceTree = "<group>"; };
		E39E8FD92FA7911E00472437 /* CreateSetSectionContainer.swift */ = {isa = PBXFileReference; lastKnownFileType = sourcecode.swift; path = CreateSetSectionContainer.swift; sourceTree = "<group>"; };
		E39E8FDA2FA7911E00472437 /* CreateSetSectionLabel.swift */ = {isa = PBXFileReference; lastKnownFileType = sourcecode.swift; path = CreateSetSectionLabel.swift; sourceTree = "<group>"; };
		E39E8FDD2FA7911E00472437 /* CreateSetBuilder.swift */ = {isa = PBXFileReference; lastKnownFileType = sourcecode.swift; path = CreateSetBuilder.swift; sourceTree = "<group>"; };
		E39E8FDE2FA7911E00472437 /* CreateSetIconSuggester.swift */ = {isa = PBXFileReference; lastKnownFileType = sourcecode.swift; path = CreateSetIconSuggester.swift; sourceTree = "<group>"; };
		E39E8FDF2FA7911E00472437 /* CreateSetSavingUseCase.swift */ = {isa = PBXFileReference; lastKnownFileType = sourcecode.swift; path = CreateSetSavingUseCase.swift; sourceTree = "<group>"; };
		E39E8FE02FA7911E00472437 /* CreateSetValidator.swift */ = {isa = PBXFileReference; lastKnownFileType = sourcecode.swift; path = CreateSetValidator.swift; sourceTree = "<group>"; };
		E39E8FE22FA7911E00472437 /* CreateSetView.swift */ = {isa = PBXFileReference; lastKnownFileType = sourcecode.swift; path = CreateSetView.swift; sourceTree = "<group>"; };
		E39E8FE42FA7911E00472437 /* CreateSetViewModel.swift */ = {isa = PBXFileReference; lastKnownFileType = sourcecode.swift; path = CreateSetViewModel.swift; sourceTree = "<group>"; };
		E39E90722FA7E65200472437 /* FlashcardSetDetailCardRowView.swift */ = {isa = PBXFileReference; lastKnownFileType = sourcecode.swift; path = FlashcardSetDetailCardRowView.swift; sourceTree = "<group>"; };
		E39E90732FA7E65200472437 /* FlashcardSetDetailFilterTabsView.swift */ = {isa = PBXFileReference; lastKnownFileType = sourcecode.swift; path = FlashcardSetDetailFilterTabsView.swift; sourceTree = "<group>"; };
		E39E90752FA7E65200472437 /* FlashcardEditView.swift */ = {isa = PBXFileReference; lastKnownFileType = sourcecode.swift; path = FlashcardEditView.swift; sourceTree = "<group>"; };
		E39E90762FA7E65200472437 /* FlashcardSetAddCardView.swift */ = {isa = PBXFileReference; lastKnownFileType = sourcecode.swift; path = FlashcardSetAddCardView.swift; sourceTree = "<group>"; };
		E39E90782FA7E65200472437 /* FlashcardSetDetailView.swift */ = {isa = PBXFileReference; lastKnownFileType = sourcecode.swift; path = FlashcardSetDetailView.swift; sourceTree = "<group>"; };
		E39E90792FA7E65200472437 /* FlashcardSetDetailViewModel.swift */ = {isa = PBXFileReference; lastKnownFileType = sourcecode.swift; path = FlashcardSetDetailViewModel.swift; sourceTree = "<group>"; };
		E39E907A2FA7E65200472437 /* FlashcardSetDetailHeaderView.swift */ = {isa = PBXFileReference; lastKnownFileType = sourcecode.swift; path = FlashcardSetDetailHeaderView.swift; sourceTree = "<group>"; };
		E39E907B2FA7E65200472437 /* FlashcardSetDetailTopBarView.swift */ = {isa = PBXFileReference; lastKnownFileType = sourcecode.swift; path = FlashcardSetDetailTopBarView.swift; sourceTree = "<group>"; };
		E39E907D2FA7E65200472437 /* FlashcardSetDetailAddButton.swift */ = {isa = PBXFileReference; lastKnownFileType = sourcecode.swift; path = FlashcardSetDetailAddButton.swift; sourceTree = "<group>"; };
		E39E907E2FA7E65200472437 /* FlashcardSetDetailBottomCover.swift */ = {isa = PBXFileReference; lastKnownFileType = sourcecode.swift; path = FlashcardSetDetailBottomCover.swift; sourceTree = "<group>"; };
		E39E90802FA7E65200472437 /* FlashcardExpandedView.swift */ = {isa = PBXFileReference; lastKnownFileType = sourcecode.swift; path = FlashcardExpandedView.swift; sourceTree = "<group>"; };
		E39E90812FA7E65200472437 /* FlashcardSetDetailCardFilter.swift */ = {isa = PBXFileReference; lastKnownFileType = sourcecode.swift; path = FlashcardSetDetailCardFilter.swift; sourceTree = "<group>"; };
		E39E90822FA7E65200472437 /* FlashcardSetDetailControlsView.swift */ = {isa = PBXFileReference; lastKnownFileType = sourcecode.swift; path = FlashcardSetDetailControlsView.swift; sourceTree = "<group>"; };
		E39E90832FA7E65200472437 /* FlashcardSetDetailMainCardView.swift */ = {isa = PBXFileReference; lastKnownFileType = sourcecode.swift; path = FlashcardSetDetailMainCardView.swift; sourceTree = "<group>"; };
/* End PBXFileReference section */

/* Begin PBXFrameworksBuildPhase section */
		E30A1C952F98003000387BDC /* Frameworks */ = {
			isa = PBXFrameworksBuildPhase;
			buildActionMask = 2147483647;
			files = (
				E30A1CC92F99438D00387BDC /* FirebaseCore in Frameworks */,
				E30A1CCB2F99439900387BDC /* FirebaseAuth in Frameworks */,
				E30A1CDA2F99586500387BDC /* GoogleSignIn in Frameworks */,
				E30A1D782F9C14D700387BDC /* FirebaseFirestore in Frameworks */,
				E30A1CDC2F99586500387BDC /* GoogleSignInSwift in Frameworks */,
				E30A1D7A2F9C14F200387BDC /* FirebaseStorage in Frameworks */,
			);
			runOnlyForDeploymentPostprocessing = 0;
		};
/* End PBXFrameworksBuildPhase section */

/* Begin PBXGroup section */
		E30901732FB95C6F00C52238 /* Sets */ = {
			isa = PBXGroup;
			children = (
				E309017C2FB963CB00C52238 /* SetsListViewModel.swift */,
				E30901742FB95C7700C52238 /* SetsListView.swift */,
				E30901762FB9614C00C52238 /* SetListRowView.swift */,
				E30901772FB9614C00C52238 /* SetsListHeaderView.swift */,
				E30901782FB9614C00C52238 /* SetsListScreen.swift */,
			);
			path = Sets;
			sourceTree = "<group>";
		};
		E30A1C8F2F98003000387BDC = {
			isa = PBXGroup;
			children = (
				E30A1CA92F98010F00387BDC /* WordAround */,
				E30A1C992F98003000387BDC /* Products */,
				E30A1CB22F9801AE00387BDC /* .gitignore */,
				E30A1CA62F98010F00387BDC /* Assets.xcassets */,
				E30A1D762F9C14D700387BDC /* Frameworks */,
			);
			sourceTree = "<group>";
		};
		E30A1C992F98003000387BDC /* Products */ = {
			isa = PBXGroup;
			children = (
				E30A1C982F98003000387BDC /* WordAround.app */,
			);
			name = Products;
			sourceTree = "<group>";
		};
		E30A1CA92F98010F00387BDC /* WordAround */ = {
			isa = PBXGroup;
			children = (
				E30A1D4B2F9BB10D00387BDC /* Shared */,
				E30A1D422F9BAB6700387BDC /* Core */,
				E30A1CAD2F98011100387BDC /* App */,
				E30A1CB02F98018300387BDC /* Resources */,
				E30A1CB92F9801E800387BDC /* Features */,
				E30A1CDD2F995BF100387BDC /* Info.plist */,
			);
			path = WordAround;
			sourceTree = "<group>";
		};
		E30A1CAD2F98011100387BDC /* App */ = {
			isa = PBXGroup;
			children = (
				E30A1CDE2F9A2D3200387BDC /* SessionStore.swift */,
				E30A1CCC2F99442B00387BDC /* AppDelegate.swift */,
				E30A1CA82F98010F00387BDC /* WordAroundApp.swift */,
			);
			path = App;
			sourceTree = "<group>";
		};
		E30A1CB02F98018300387BDC /* Resources */ = {
			isa = PBXGroup;
			children = (
				E30A1CD62F9953CF00387BDC /* GoogleService-Info.plist */,
			);
			path = Resources;
			sourceTree = "<group>";
		};
		E30A1CB52F9801CA00387BDC /* Enums */ = {
			isa = PBXGroup;
			children = (
				E30A1D0E2F9A618400387BDC /* HomeTab.swift */,
				E30A1D0C2F9A616100387BDC /* HomeCategory.swift */,
			);
			path = Enums;
			sourceTree = "<group>";
		};
		E30A1CB92F9801E800387BDC /* Features */ = {
			isa = PBXGroup;
			children = (
				E30A1DA72F9E07B800387BDC /* Folders */,
				E30A1D582F9BEB3700387BDC /* Flashcards */,
				E30A1CBD2F98078A00387BDC /* Onboarding */,
				E30A1CBA2F98023200387BDC /* Home */,
				E30A1CCE2F99444400387BDC /* Auth */,
			);
			path = Features;
			sourceTree = "<group>";
		};
		E30A1CBA2F98023200387BDC /* Home */ = {
			isa = PBXGroup;
			children = (
				E30A1D7F2F9C24B800387BDC /* Mappers */,
				E30A1D4A2F9BAF5500387BDC /* ViewModels */,
				E30A1D492F9BAF4E00387BDC /* Views */,
				E30A1CEC2F9A50DA00387BDC /* Components */,
			);
			path = Home;
			sourceTree = "<group>";
		};
		E30A1CBD2F98078A00387BDC /* Onboarding */ = {
			isa = PBXGroup;
			children = (
				E30A1D462F9BAEE800387BDC /* Components */,
				E30A1D432F9BAEB700387BDC /* Views */,
			);
			path = Onboarding;
			sourceTree = "<group>";
		};
		E30A1CCE2F99444400387BDC /* Auth */ = {
			isa = PBXGroup;
			children = (
				E30A1D482F9BAF0100387BDC /* ViewModels */,
				E30A1D472F9BAEFA00387BDC /* Views */,
			);
			path = Auth;
			sourceTree = "<group>";
		};
		E30A1CD12F99447400387BDC /* Services */ = {
			isa = PBXGroup;
			children = (
				E30A1DA52F9E079A00387BDC /* FolderService.swift */,
				E30A1D822F9C2EE800387BDC /* LocalImageStorageService.swift */,
				E30A1D742F9C0EF700387BDC /* FlashcardSetService.swift */,
				E30A1CD22F99448400387BDC /* AuthService.swift */,
			);
			path = Services;
			sourceTree = "<group>";
		};
		E30A1CEC2F9A50DA00387BDC /* Components */ = {
			isa = PBXGroup;
			children = (
				E30A1D0A2F9A5FE700387BDC /* BottomNavigationBarView.swift */,
				E30A1D082F9A5FCD00387BDC /* CategorySidebarView.swift */,
				E30A1D242F9AC22800387BDC /* SetItemView.swift */,
				E30A1D222F9AC21700387BDC /* StatCardView.swift */,
				E30A1D202F9AC20500387BDC /* ProgressCardView.swift */,
			);
			path = Components;
			sourceTree = "<group>";
		};
		E30A1D422F9BAB6700387BDC /* Core */ = {
			isa = PBXGroup;
			children = (
				E30A1D852F9C9D6600387BDC /* Models */,
				E30A1CD12F99447400387BDC /* Services */,
				E30A1CB52F9801CA00387BDC /* Enums */,
			);
			path = Core;
			sourceTree = "<group>";
		};
		E30A1D432F9BAEB700387BDC /* Views */ = {
			isa = PBXGroup;
			children = (
				E30A1CC02F98079800387BDC /* OnboardingView.swift */,
			);
			path = Views;
			sourceTree = "<group>";
		};
		E30A1D462F9BAEE800387BDC /* Components */ = {
			isa = PBXGroup;
			children = (
				E30A1CD42F99451200387BDC /* BlobShape.swift */,
			);
			path = Components;
			sourceTree = "<group>";
		};
		E30A1D472F9BAEFA00387BDC /* Views */ = {
			isa = PBXGroup;
			children = (
				E30A1CE02F9A357500387BDC /* VerifyEmailView.swift */,
				E30A1CC22F9819A000387BDC /* AuthView.swift */,
			);
			path = Views;
			sourceTree = "<group>";
		};
		E30A1D482F9BAF0100387BDC /* ViewModels */ = {
			isa = PBXGroup;
			children = (
				E30A1D562F9BBF8500387BDC /* VerifyEmailViewModel.swift */,
				E30A1CCF2F99445700387BDC /* AuthViewModel.swift */,
			);
			path = ViewModels;
			sourceTree = "<group>";
		};
		E30A1D492F9BAF4E00387BDC /* Views */ = {
			isa = PBXGroup;
			children = (
				E30A1CBB2F98023900387BDC /* HomeView.swift */,
				E30A1D062F9A5FB300387BDC /* HomeHeaderView.swift */,
			);
			path = Views;
			sourceTree = "<group>";
		};
		E30A1D4A2F9BAF5500387BDC /* ViewModels */ = {
			isa = PBXGroup;
			children = (
				E30A1D542F9BBD3700387BDC /* HomeViewModel.swift */,
			);
			path = ViewModels;
			sourceTree = "<group>";
		};
		E30A1D4B2F9BB10D00387BDC /* Shared */ = {
			isa = PBXGroup;
			children = (
				E30A1D4D2F9BB12E00387BDC /* Components */,
				E30A1D4C2F9BB11E00387BDC /* Theme */,
			);
			path = Shared;
			sourceTree = "<group>";
		};
		E30A1D4C2F9BB11E00387BDC /* Theme */ = {
			isa = PBXGroup;
			children = (
				E30A1D4E2F9BB9C700387BDC /* AppColors.swift */,
				E30A1D1E2F9AC1E500387BDC /* Layout.swift */,
			);
			path = Theme;
			sourceTree = "<group>";
		};
		E30A1D4D2F9BB12E00387BDC /* Components */ = {
			isa = PBXGroup;
			children = (
				E30A1D1C2F9AC1C800387BDC /* BaseCardView.swift */,
			);
			path = Components;
			sourceTree = "<group>";
		};
		E30A1D582F9BEB3700387BDC /* Flashcards */ = {
			isa = PBXGroup;
			children = (
				E30901732FB95C6F00C52238 /* Sets */,
				E39E904D2FA7E4EE00472437 /* SetDetail */,
				E39E8FC42FA7911000472437 /* CreateSet */,
			);
			path = Flashcards;
			sourceTree = "<group>";
		};
		E30A1D762F9C14D700387BDC /* Frameworks */ = {
			isa = PBXGroup;
			children = (
			);
			name = Frameworks;
			sourceTree = "<group>";
		};
		E30A1D7F2F9C24B800387BDC /* Mappers */ = {
			isa = PBXGroup;
			children = (
				E30A1D802F9C24BF00387BDC /* HomeSetPreviewMapper.swift */,
			);
			path = Mappers;
			sourceTree = "<group>";
		};
		E30A1D852F9C9D6600387BDC /* Models */ = {
			isa = PBXGroup;
			children = (
				E30A1DA32F9E076200387BDC /* Folders.swift */,
				E30A1D502F9BBCFC00387BDC /* StatCardItem.swift */,
				E30A1D522F9BBD1800387BDC /* FlashCardSet.swift */,
				E30A1D5C2F9BEB8200387BDC /* CreateSet.swift */,
				E30A1D6E2F9C0E9200387BDC /* SetIconType.swift */,
				E30A1D702F9C0ED000387BDC /* FlashCard.swift */,
				E30A1D7B2F9C1D6900387BDC /* HomeSetPreviewItem.swift */,
				E30A1D7D2F9C236000387BDC /* CreateSetTheme.swift */,
			);
			path = Models;
			sourceTree = "<group>";
		};
		E30A1DA72F9E07B800387BDC /* Folders */ = {
			isa = PBXGroup;
			children = (
				E30A1DAA2F9E07D300387BDC /* Views */,
				E30A1DA92F9E07CB00387BDC /* ViewModels */,
				E30A1DA82F9E07C200387BDC /* Components */,
			);
			path = Folders;
			sourceTree = "<group>";
		};
		E30A1DA82F9E07C200387BDC /* Components */ = {
			isa = PBXGroup;
			children = (
				E30A1DB32F9E0C3600387BDC /* FolderCardView.swift */,
			);
			path = Components;
			sourceTree = "<group>";
		};
		E30A1DA92F9E07CB00387BDC /* ViewModels */ = {
			isa = PBXGroup;
			children = (
				E30A1DAF2F9E097F00387BDC /* FolderDetailViewModel.swift */,
				E30A1DAD2F9E07E900387BDC /* CreateFolderViewModel.swift */,
			);
			path = ViewModels;
			sourceTree = "<group>";
		};
		E30A1DAA2F9E07D300387BDC /* Views */ = {
			isa = PBXGroup;
			children = (
				E30A1DB12F9E099000387BDC /* FolderDetailView.swift */,
				E30A1DB72FA14BA200387BDC /* FoldersListView.swift */,
				E30A1DAB2F9E07DB00387BDC /* CreateFolderView.swift */,
			);
			path = Views;
			sourceTree = "<group>";
		};
		E39E8FC42FA7911000472437 /* CreateSet */ = {
			isa = PBXGroup;
			children = (
				E39E8FDC2FA7911E00472437 /* Components */,
				E39E8FE12FA7911E00472437 /* Domain */,
				E39E8FE32FA7911E00472437 /* View */,
				E39E8FE52FA7911E00472437 /* ViewModel */,
			);
			path = CreateSet;
			sourceTree = "<group>";
		};
		E39E8FCA2FA7911E00472437 /* CardsEditor */ = {
			isa = PBXGroup;
			children = (
				E39E8FC52FA7911E00472437 /* CreateSetCardEditorView.swift */,
				E39E8FC62FA7911E00472437 /* CreateSetCardExampleField.swift */,
				E39E8FC72FA7911E00472437 /* CreateSetCardsSectionView.swift */,
				E39E8FC82FA7911E00472437 /* CreateSetCardTextField.swift */,
				E39E8FC92FA7911E00472437 /* CreateSetImagePickerView.swift */,
			);
			path = CardsEditor;
			sourceTree = "<group>";
		};
		E39E8FD12FA7911E00472437 /* Customization */ = {
			isa = PBXGroup;
			children = (
				E39E8FCB2FA7911E00472437 /* CreateSetColorPickerView.swift */,
				E39E8FCC2FA7911E00472437 /* CreateSetCustomizationSectionView.swift */,
				E39E8FCD2FA7911E00472437 /* CreateSetFolderPickerView.swift */,
				E39E8FCE2FA7911E00472437 /* CreateSetPreviewCardView.swift */,
				E39E8FCF2FA7911E00472437 /* SFSymbolCatalog.swift */,
				E39E8FD02FA7911E00472437 /* SFSymbolPickerView.swift */,
			);
			path = Customization;
			sourceTree = "<group>";
		};
		E39E8FD32FA7911E00472437 /* Header */ = {
			isa = PBXGroup;
			children = (
				E39E8FD22FA7911E00472437 /* CreateSetHeaderView.swift */,
			);
			path = Header;
			sourceTree = "<group>";
		};
		E39E8FD62FA7911E00472437 /* Info */ = {
			isa = PBXGroup;
			children = (
				E39E8FD42FA7911E00472437 /* CreateSetFieldStyle.swift */,
				E39E8FD52FA7911E00472437 /* CreateSetInfoSectionView.swift */,
			);
			path = Info;
			sourceTree = "<group>";
		};
		E39E8FDB2FA7911E00472437 /* Shared */ = {
			isa = PBXGroup;
			children = (
				E39E8FD72FA7911E00472437 /* CreateSetKeyboard.swift */,
				E39E8FD82FA7911E00472437 /* CreateSetOptionalText.swift */,
				E39E8FD92FA7911E00472437 /* CreateSetSectionContainer.swift */,
				E39E8FDA2FA7911E00472437 /* CreateSetSectionLabel.swift */,
			);
			path = Shared;
			sourceTree = "<group>";
		};
		E39E8FDC2FA7911E00472437 /* Components */ = {
			isa = PBXGroup;
			children = (
				E39E8FCA2FA7911E00472437 /* CardsEditor */,
				E39E8FD12FA7911E00472437 /* Customization */,
				E39E8FD32FA7911E00472437 /* Header */,
				E39E8FD62FA7911E00472437 /* Info */,
				E39E8FDB2FA7911E00472437 /* Shared */,
			);
			path = Components;
			sourceTree = "<group>";
		};
		E39E8FE12FA7911E00472437 /* Domain */ = {
			isa = PBXGroup;
			children = (
				E39E8FDD2FA7911E00472437 /* CreateSetBuilder.swift */,
				E39E8FDE2FA7911E00472437 /* CreateSetIconSuggester.swift */,
				E39E8FDF2FA7911E00472437 /* CreateSetSavingUseCase.swift */,
				E39E8FE02FA7911E00472437 /* CreateSetValidator.swift */,
			);
			path = Domain;
			sourceTree = "<group>";
		};
		E39E8FE32FA7911E00472437 /* View */ = {
			isa = PBXGroup;
			children = (
				E39E8FE22FA7911E00472437 /* CreateSetView.swift */,
			);
			path = View;
			sourceTree = "<group>";
		};
		E39E8FE52FA7911E00472437 /* ViewModel */ = {
			isa = PBXGroup;
			children = (
				E39E8FE42FA7911E00472437 /* CreateSetViewModel.swift */,
			);
			path = ViewModel;
			sourceTree = "<group>";
		};
		E39E904D2FA7E4EE00472437 /* SetDetail */ = {
			isa = PBXGroup;
			children = (
				E30901712FB952DC00C52238 /* FlashcardRoundFinishView.swift */,
				E39E90742FA7E65200472437 /* CardsList */,
				E39E90772FA7E65200472437 /* Editing */,
				E39E90782FA7E65200472437 /* FlashcardSetDetailView.swift */,
				E39E90792FA7E65200472437 /* FlashcardSetDetailViewModel.swift */,
				E39E907C2FA7E65200472437 /* Header */,
				E39E907F2FA7E65200472437 /* Layout */,
				E39E90842FA7E65200472437 /* StudyCard */,
			);
			path = SetDetail;
			sourceTree = "<group>";
		};
		E39E90742FA7E65200472437 /* CardsList */ = {
			isa = PBXGroup;
			children = (
				E39E90722FA7E65200472437 /* FlashcardSetDetailCardRowView.swift */,
				E39E90732FA7E65200472437 /* FlashcardSetDetailFilterTabsView.swift */,
			);
			path = CardsList;
			sourceTree = "<group>";
		};
		E39E90772FA7E65200472437 /* Editing */ = {
			isa = PBXGroup;
			children = (
				E39E90752FA7E65200472437 /* FlashcardEditView.swift */,
				E39E90762FA7E65200472437 /* FlashcardSetAddCardView.swift */,
			);
			path = Editing;
			sourceTree = "<group>";
		};
		E39E907C2FA7E65200472437 /* Header */ = {
			isa = PBXGroup;
			children = (
				E39E907A2FA7E65200472437 /* FlashcardSetDetailHeaderView.swift */,
				E39E907B2FA7E65200472437 /* FlashcardSetDetailTopBarView.swift */,
			);
			path = Header;
			sourceTree = "<group>";
		};
		E39E907F2FA7E65200472437 /* Layout */ = {
			isa = PBXGroup;
			children = (
				E39E907D2FA7E65200472437 /* FlashcardSetDetailAddButton.swift */,
				E39E907E2FA7E65200472437 /* FlashcardSetDetailBottomCover.swift */,
			);
			path = Layout;
			sourceTree = "<group>";
		};
		E39E90842FA7E65200472437 /* StudyCard */ = {
			isa = PBXGroup;
			children = (
				E39E90802FA7E65200472437 /* FlashcardExpandedView.swift */,
				E39E90812FA7E65200472437 /* FlashcardSetDetailCardFilter.swift */,
				E39E90822FA7E65200472437 /* FlashcardSetDetailControlsView.swift */,
				E39E90832FA7E65200472437 /* FlashcardSetDetailMainCardView.swift */,
			);
			path = StudyCard;
			sourceTree = "<group>";
		};
/* End PBXGroup section */

/* Begin PBXNativeTarget section */
		E30A1C972F98003000387BDC /* WordAround */ = {
			isa = PBXNativeTarget;
			buildConfigurationList = E30A1CA32F98003200387BDC /* Build configuration list for PBXNativeTarget "WordAround" */;
			buildPhases = (
				E30A1C942F98003000387BDC /* Sources */,
				E30A1C952F98003000387BDC /* Frameworks */,
				E30A1C962F98003000387BDC /* Resources */,
			);
			buildRules = (
			);
			dependencies = (
			);
			name = WordAround;
			packageProductDependencies = (
				E30A1CC82F99438D00387BDC /* FirebaseCore */,
				E30A1CCA2F99439900387BDC /* FirebaseAuth */,
				E30A1CD92F99586500387BDC /* GoogleSignIn */,
				E30A1CDB2F99586500387BDC /* GoogleSignInSwift */,
				E30A1D772F9C14D700387BDC /* FirebaseFirestore */,
				E30A1D792F9C14F200387BDC /* FirebaseStorage */,
			);
			productName = WordAround;
			productReference = E30A1C982F98003000387BDC /* WordAround.app */;
			productType = "com.apple.product-type.application";
		};
/* End PBXNativeTarget section */

/* Begin PBXProject section */
		E30A1C902F98003000387BDC /* Project object */ = {
			isa = PBXProject;
			attributes = {
				BuildIndependentTargetsInParallel = 1;
				LastSwiftUpdateCheck = 2620;
				LastUpgradeCheck = 2620;
				TargetAttributes = {
					E30A1C972F98003000387BDC = {
						CreatedOnToolsVersion = 26.2;
					};
				};
			};
			buildConfigurationList = E30A1C932F98003000387BDC /* Build configuration list for PBXProject "WordAround" */;
			developmentRegion = en;
			hasScannedForEncodings = 0;
			knownRegions = (
				en,
				Base,
			);
			mainGroup = E30A1C8F2F98003000387BDC;
			minimizedProjectReferenceProxies = 1;
			packageReferences = (
				E30A1CC62F9942D300387BDC /* XCRemoteSwiftPackageReference "firebase-ios-sdk" */,
				E30A1CD82F99586500387BDC /* XCRemoteSwiftPackageReference "GoogleSignIn-iOS" */,
			);
			preferredProjectObjectVersion = 77;
			productRefGroup = E30A1C992F98003000387BDC /* Products */;
			projectDirPath = "";
			projectRoot = "";
			targets = (
				E30A1C972F98003000387BDC /* WordAround */,
			);
		};
/* End PBXProject section */

/* Begin PBXResourcesBuildPhase section */
		E30A1C962F98003000387BDC /* Resources */ = {
			isa = PBXResourcesBuildPhase;
			buildActionMask = 2147483647;
			files = (
				E30A1CB32F9801B600387BDC /* .gitignore in Resources */,
				E30A1CAA2F98010F00387BDC /* Assets.xcassets in Resources */,
				E30A1CD72F9953CF00387BDC /* GoogleService-Info.plist in Resources */,
			);
			runOnlyForDeploymentPostprocessing = 0;
		};
/* End PBXResourcesBuildPhase section */

/* Begin PBXSourcesBuildPhase section */
		E30A1C942F98003000387BDC /* Sources */ = {
			isa = PBXSourcesBuildPhase;
			buildActionMask = 2147483647;
			files = (
				E30A1CE12F9A358000387BDC /* VerifyEmailView.swift in Sources */,
				E30A1D1F2F9AC1F100387BDC /* Layout.swift in Sources */,
				E30A1D512F9BBCFC00387BDC /* StatCardItem.swift in Sources */,
				E30A1DB42F9E0C3D00387BDC /* FolderCardView.swift in Sources */,
				E30A1DAE2F9E07F000387BDC /* CreateFolderViewModel.swift in Sources */,
				E30A1CBC2F98023B00387BDC /* HomeView.swift in Sources */,
				E30A1CC32F9819B100387BDC /* AuthView.swift in Sources */,
				E30A1D0F2F9A618800387BDC /* HomeTab.swift in Sources */,
				E30A1D232F9AC21B00387BDC /* StatCardView.swift in Sources */,
				E30A1D252F9AC23000387BDC /* SetItemView.swift in Sources */,
				E30A1CD52F99451900387BDC /* BlobShape.swift in Sources */,
				E30A1D572F9BBF9400387BDC /* VerifyEmailViewModel.swift in Sources */,
				E30A1CD02F99445D00387BDC /* AuthViewModel.swift in Sources */,
				E30901752FB95C8500C52238 /* SetsListView.swift in Sources */,
				E30A1D832F9C2EF700387BDC /* LocalImageStorageService.swift in Sources */,
				E30A1DA62F9E07A000387BDC /* FolderService.swift in Sources */,
				E30A1D0B2F9A5FF400387BDC /* BottomNavigationBarView.swift in Sources */,
				E30A1D7E2F9C236000387BDC /* CreateSetTheme.swift in Sources */,
				E30A1DB22F9E099600387BDC /* FolderDetailView.swift in Sources */,
				E30A1D532F9BBD1800387BDC /* FlashCardSet.swift in Sources */,
				E30A1CC12F98079D00387BDC /* OnboardingView.swift in Sources */,
				E30A1D5D2F9BEB8200387BDC /* CreateSet.swift in Sources */,
				E30A1DAC2F9E07E600387BDC /* CreateFolderView.swift in Sources */,
				E30A1D7C2F9C1D6900387BDC /* HomeSetPreviewItem.swift in Sources */,
				E30A1D072F9A5FC000387BDC /* HomeHeaderView.swift in Sources */,
				E30A1CDF2F9A2D3900387BDC /* SessionStore.swift in Sources */,
				E30A1CCD2F99443200387BDC /* AppDelegate.swift in Sources */,
				E30A1CAC2F98010F00387BDC /* WordAroundApp.swift in Sources */,
				E39E90852FA7E65300472437 /* FlashcardSetDetailViewModel.swift in Sources */,
				E39E90862FA7E65300472437 /* FlashcardSetDetailTopBarView.swift in Sources */,
				E39E90872FA7E65300472437 /* FlashcardEditView.swift in Sources */,
				E39E90882FA7E65300472437 /* FlashcardSetDetailHeaderView.swift in Sources */,
				E39E90892FA7E65300472437 /* FlashcardSetDetailFilterTabsView.swift in Sources */,
				E39E908A2FA7E65300472437 /* FlashcardSetDetailControlsView.swift in Sources */,
				E39E908B2FA7E65300472437 /* FlashcardSetAddCardView.swift in Sources */,
				E39E908C2FA7E65300472437 /* FlashcardSetDetailCardRowView.swift in Sources */,
				E39E908D2FA7E65300472437 /* FlashcardSetDetailView.swift in Sources */,
				E39E908E2FA7E65300472437 /* FlashcardSetDetailCardFilter.swift in Sources */,
				E30901722FB952EF00C52238 /* FlashcardRoundFinishView.swift in Sources */,
				E39E908F2FA7E65300472437 /* FlashcardSetDetailMainCardView.swift in Sources */,
				E30901792FB9614C00C52238 /* SetListRowView.swift in Sources */,
				E309017A2FB9614C00C52238 /* SetsListScreen.swift in Sources */,
				E309017B2FB9614C00C52238 /* SetsListHeaderView.swift in Sources */,
				E39E90902FA7E65300472437 /* FlashcardSetDetailAddButton.swift in Sources */,
				E39E90912FA7E65300472437 /* FlashcardSetDetailBottomCover.swift in Sources */,
				E39E90922FA7E65300472437 /* FlashcardExpandedView.swift in Sources */,
				E30A1CD32F99448B00387BDC /* AuthService.swift in Sources */,
				E30A1D1D2F9AC1D500387BDC /* BaseCardView.swift in Sources */,
				E30A1DB02F9E098700387BDC /* FolderDetailViewModel.swift in Sources */,
				E30A1D6F2F9C0E9200387BDC /* SetIconType.swift in Sources */,
				E30A1D812F9C24C100387BDC /* HomeSetPreviewMapper.swift in Sources */,
				E309017D2FB963D400C52238 /* SetsListViewModel.swift in Sources */,
				E30A1D712F9C0ED000387BDC /* FlashCard.swift in Sources */,
				E39E8FE62FA7911E00472437 /* CreateSetCardEditorView.swift in Sources */,
				E39E8FE72FA7911E00472437 /* CreateSetColorPickerView.swift in Sources */,
				E39E8FE82FA7911E00472437 /* CreateSetInfoSectionView.swift in Sources */,
				E39E8FE92FA7911E00472437 /* CreateSetOptionalText.swift in Sources */,
				E39E8FEA2FA7911E00472437 /* CreateSetViewModel.swift in Sources */,
				E39E8FEB2FA7911E00472437 /* SFSymbolCatalog.swift in Sources */,
				E39E8FEC2FA7911E00472437 /* CreateSetFieldStyle.swift in Sources */,
				E39E8FED2FA7911E00472437 /* CreateSetCardsSectionView.swift in Sources */,
				E39E8FEE2FA7911E00472437 /* CreateSetSectionContainer.swift in Sources */,
				E39E8FEF2FA7911E00472437 /* CreateSetCardTextField.swift in Sources */,
				E39E8FF02FA7911E00472437 /* CreateSetValidator.swift in Sources */,
				E39E8FF12FA7911E00472437 /* CreateSetImagePickerView.swift in Sources */,
				E39E8FF22FA7911E00472437 /* CreateSetBuilder.swift in Sources */,
				E39E8FF32FA7911E00472437 /* CreateSetSavingUseCase.swift in Sources */,
				E39E8FF42FA7911E00472437 /* CreateSetHeaderView.swift in Sources */,
				E39E8FF52FA7911E00472437 /* CreateSetCardExampleField.swift in Sources */,
				E39E8FF62FA7911E00472437 /* CreateSetKeyboard.swift in Sources */,
				E39E8FF72FA7911E00472437 /* CreateSetSectionLabel.swift in Sources */,
				E39E8FF82FA7911E00472437 /* CreateSetIconSuggester.swift in Sources */,
				E39E8FF92FA7911E00472437 /* SFSymbolPickerView.swift in Sources */,
				E39E8FFA2FA7911E00472437 /* CreateSetCustomizationSectionView.swift in Sources */,
				E39E8FFB2FA7911E00472437 /* CreateSetView.swift in Sources */,
				E39E8FFC2FA7911E00472437 /* CreateSetPreviewCardView.swift in Sources */,
				E39E8FFD2FA7911E00472437 /* CreateSetFolderPickerView.swift in Sources */,
				E30A1DB82FA14BAA00387BDC /* FoldersListView.swift in Sources */,
				E30A1D552F9BBD3D00387BDC /* HomeViewModel.swift in Sources */,
				E30A1D752F9C0EF800387BDC /* FlashcardSetService.swift in Sources */,
				E30A1DA42F9E076500387BDC /* Folders.swift in Sources */,
				E30A1D212F9AC20B00387BDC /* ProgressCardView.swift in Sources */,
				E30A1D4F2F9BB9D000387BDC /* AppColors.swift in Sources */,
				E30A1D0D2F9A616F00387BDC /* HomeCategory.swift in Sources */,
				E30A1D092F9A5FDB00387BDC /* CategorySidebarView.swift in Sources */,
			);
			runOnlyForDeploymentPostprocessing = 0;
		};
/* End PBXSourcesBuildPhase section */

/* Begin XCBuildConfiguration section */
		E30A1CA12F98003200387BDC /* Debug */ = {
			isa = XCBuildConfiguration;
			buildSettings = {
				ALWAYS_SEARCH_USER_PATHS = NO;
				ASSETCATALOG_COMPILER_GENERATE_SWIFT_ASSET_SYMBOL_EXTENSIONS = YES;
				CLANG_ANALYZER_NONNULL = YES;
				CLANG_ANALYZER_NUMBER_OBJECT_CONVERSION = YES_AGGRESSIVE;
				CLANG_CXX_LANGUAGE_STANDARD = "gnu++20";
				CLANG_ENABLE_MODULES = YES;
				CLANG_ENABLE_OBJC_ARC = YES;
				CLANG_ENABLE_OBJC_WEAK = YES;
				CLANG_WARN_BLOCK_CAPTURE_AUTORELEASING = YES;
				CLANG_WARN_BOOL_CONVERSION = YES;
				CLANG_WARN_COMMA = YES;
				CLANG_WARN_CONSTANT_CONVERSION = YES;
				CLANG_WARN_DEPRECATED_OBJC_IMPLEMENTATIONS = YES;
				CLANG_WARN_DIRECT_OBJC_ISA_USAGE = YES_ERROR;
				CLANG_WARN_DOCUMENTATION_COMMENTS = YES;
				CLANG_WARN_EMPTY_BODY = YES;
				CLANG_WARN_ENUM_CONVERSION = YES;
				CLANG_WARN_INFINITE_RECURSION = YES;
				CLANG_WARN_INT_CONVERSION = YES;
				CLANG_WARN_NON_LITERAL_NULL_CONVERSION = YES;
				CLANG_WARN_OBJC_IMPLICIT_RETAIN_SELF = YES;
				CLANG_WARN_OBJC_LITERAL_CONVERSION = YES;
				CLANG_WARN_OBJC_ROOT_CLASS = YES_ERROR;
				CLANG_WARN_QUOTED_INCLUDE_IN_FRAMEWORK_HEADER = YES;
				CLANG_WARN_RANGE_LOOP_ANALYSIS = YES;
				CLANG_WARN_STRICT_PROTOTYPES = YES;
				CLANG_WARN_SUSPICIOUS_MOVE = YES;
				CLANG_WARN_UNGUARDED_AVAILABILITY = YES_AGGRESSIVE;
				CLANG_WARN_UNREACHABLE_CODE = YES;
				CLANG_WARN__DUPLICATE_METHOD_MATCH = YES;
				COPY_PHASE_STRIP = NO;
				DEBUG_INFORMATION_FORMAT = dwarf;
				DEVELOPMENT_TEAM = 588RYPH5AD;
				ENABLE_STRICT_OBJC_MSGSEND = YES;
				ENABLE_TESTABILITY = YES;
				ENABLE_USER_SCRIPT_SANDBOXING = YES;
				GCC_C_LANGUAGE_STANDARD = gnu17;
				GCC_DYNAMIC_NO_PIC = NO;
				GCC_NO_COMMON_BLOCKS = YES;
				GCC_OPTIMIZATION_LEVEL = 0;
				GCC_PREPROCESSOR_DEFINITIONS = (
					"DEBUG=1",
					"$(inherited)",
				);
				GCC_WARN_64_TO_32_BIT_CONVERSION = YES;
				GCC_WARN_ABOUT_RETURN_TYPE = YES_ERROR;
				GCC_WARN_UNDECLARED_SELECTOR = YES;
				GCC_WARN_UNINITIALIZED_AUTOS = YES_AGGRESSIVE;
				GCC_WARN_UNUSED_FUNCTION = YES;
				GCC_WARN_UNUSED_VARIABLE = YES;
				IPHONEOS_DEPLOYMENT_TARGET = 26.2;
				LOCALIZATION_PREFERS_STRING_CATALOGS = YES;
				MTL_ENABLE_DEBUG_INFO = INCLUDE_SOURCE;
				MTL_FAST_MATH = YES;
				ONLY_ACTIVE_ARCH = YES;
				SDKROOT = iphoneos;
				SWIFT_ACTIVE_COMPILATION_CONDITIONS = "DEBUG $(inherited)";
				SWIFT_OPTIMIZATION_LEVEL = "-Onone";
			};
			name = Debug;
		};
		E30A1CA22F98003200387BDC /* Release */ = {
			isa = XCBuildConfiguration;
			buildSettings = {
				ALWAYS_SEARCH_USER_PATHS = NO;
				ASSETCATALOG_COMPILER_GENERATE_SWIFT_ASSET_SYMBOL_EXTENSIONS = YES;
				CLANG_ANALYZER_NONNULL = YES;
				CLANG_ANALYZER_NUMBER_OBJECT_CONVERSION = YES_AGGRESSIVE;
				CLANG_CXX_LANGUAGE_STANDARD = "gnu++20";
				CLANG_ENABLE_MODULES = YES;
				CLANG_ENABLE_OBJC_ARC = YES;
				CLANG_ENABLE_OBJC_WEAK = YES;
				CLANG_WARN_BLOCK_CAPTURE_AUTORELEASING = YES;
				CLANG_WARN_BOOL_CONVERSION = YES;
				CLANG_WARN_COMMA = YES;
				CLANG_WARN_CONSTANT_CONVERSION = YES;
				CLANG_WARN_DEPRECATED_OBJC_IMPLEMENTATIONS = YES;
				CLANG_WARN_DIRECT_OBJC_ISA_USAGE = YES_ERROR;
				CLANG_WARN_DOCUMENTATION_COMMENTS = YES;
				CLANG_WARN_EMPTY_BODY = YES;
				CLANG_WARN_ENUM_CONVERSION = YES;
				CLANG_WARN_INFINITE_RECURSION = YES;
				CLANG_WARN_INT_CONVERSION = YES;
				CLANG_WARN_NON_LITERAL_NULL_CONVERSION = YES;
				CLANG_WARN_OBJC_IMPLICIT_RETAIN_SELF = YES;
				CLANG_WARN_OBJC_LITERAL_CONVERSION = YES;
				CLANG_WARN_OBJC_ROOT_CLASS = YES_ERROR;
				CLANG_WARN_QUOTED_INCLUDE_IN_FRAMEWORK_HEADER = YES;
				CLANG_WARN_RANGE_LOOP_ANALYSIS = YES;
				CLANG_WARN_STRICT_PROTOTYPES = YES;
				CLANG_WARN_SUSPICIOUS_MOVE = YES;
				CLANG_WARN_UNGUARDED_AVAILABILITY = YES_AGGRESSIVE;
				CLANG_WARN_UNREACHABLE_CODE = YES;
				CLANG_WARN__DUPLICATE_METHOD_MATCH = YES;
				COPY_PHASE_STRIP = NO;
				DEBUG_INFORMATION_FORMAT = "dwarf-with-dsym";
				DEVELOPMENT_TEAM = 588RYPH5AD;
				ENABLE_NS_ASSERTIONS = NO;
				ENABLE_STRICT_OBJC_MSGSEND = YES;
				ENABLE_USER_SCRIPT_SANDBOXING = YES;
				GCC_C_LANGUAGE_STANDARD = gnu17;
				GCC_NO_COMMON_BLOCKS = YES;
				GCC_WARN_64_TO_32_BIT_CONVERSION = YES;
				GCC_WARN_ABOUT_RETURN_TYPE = YES_ERROR;
				GCC_WARN_UNDECLARED_SELECTOR = YES;
				GCC_WARN_UNINITIALIZED_AUTOS = YES_AGGRESSIVE;
				GCC_WARN_UNUSED_FUNCTION = YES;
				GCC_WARN_UNUSED_VARIABLE = YES;
				IPHONEOS_DEPLOYMENT_TARGET = 26.2;
				LOCALIZATION_PREFERS_STRING_CATALOGS = YES;
				MTL_ENABLE_DEBUG_INFO = NO;
				MTL_FAST_MATH = YES;
				SDKROOT = iphoneos;
				SWIFT_COMPILATION_MODE = wholemodule;
				VALIDATE_PRODUCT = YES;
			};
			name = Release;
		};
		E30A1CA42F98003200387BDC /* Debug */ = {
			isa = XCBuildConfiguration;
			buildSettings = {
				ASSETCATALOG_COMPILER_APPICON_NAME = AppIcon;
				ASSETCATALOG_COMPILER_GLOBAL_ACCENT_COLOR_NAME = AccentColor;
				CODE_SIGN_STYLE = Automatic;
				CURRENT_PROJECT_VERSION = 1;
				DEVELOPMENT_TEAM = 588RYPH5AD;
				ENABLE_PREVIEWS = YES;
				GENERATE_INFOPLIST_FILE = YES;
				INFOPLIST_FILE = WordAround/Info.plist;
				INFOPLIST_KEY_UIApplicationSceneManifest_Generation = YES;
				INFOPLIST_KEY_UIApplicationSupportsIndirectInputEvents = YES;
				INFOPLIST_KEY_UILaunchScreen_Generation = YES;
				INFOPLIST_KEY_UISupportedInterfaceOrientations_iPad = "UIInterfaceOrientationPortrait UIInterfaceOrientationPortraitUpsideDown UIInterfaceOrientationLandscapeLeft UIInterfaceOrientationLandscapeRight";
				INFOPLIST_KEY_UISupportedInterfaceOrientations_iPhone = "UIInterfaceOrientationPortrait UIInterfaceOrientationLandscapeLeft UIInterfaceOrientationLandscapeRight";
				LD_RUNPATH_SEARCH_PATHS = (
					"$(inherited)",
					"@executable_path/Frameworks",
				);
				MARKETING_VERSION = 1.0;
				PRODUCT_BUNDLE_IDENTIFIER = vikusyusichka.WordAround;
				PRODUCT_NAME = "$(TARGET_NAME)";
				STRING_CATALOG_GENERATE_SYMBOLS = YES;
				SWIFT_APPROACHABLE_CONCURRENCY = YES;
				SWIFT_DEFAULT_ACTOR_ISOLATION = MainActor;
				SWIFT_EMIT_LOC_STRINGS = YES;
				SWIFT_UPCOMING_FEATURE_MEMBER_IMPORT_VISIBILITY = YES;
				SWIFT_VERSION = 5.0;
				TARGETED_DEVICE_FAMILY = "1,2";
			};
			name = Debug;
		};
		E30A1CA52F98003200387BDC /* Release */ = {
			isa = XCBuildConfiguration;
			buildSettings = {
				ASSETCATALOG_COMPILER_APPICON_NAME = AppIcon;
				ASSETCATALOG_COMPILER_GLOBAL_ACCENT_COLOR_NAME = AccentColor;
				CODE_SIGN_STYLE = Automatic;
				CURRENT_PROJECT_VERSION = 1;
				DEVELOPMENT_TEAM = 588RYPH5AD;
				ENABLE_PREVIEWS = YES;
				GENERATE_INFOPLIST_FILE = YES;
				INFOPLIST_FILE = WordAround/Info.plist;
				INFOPLIST_KEY_UIApplicationSceneManifest_Generation = YES;
				INFOPLIST_KEY_UIApplicationSupportsIndirectInputEvents = YES;
				INFOPLIST_KEY_UILaunchScreen_Generation = YES;
				INFOPLIST_KEY_UISupportedInterfaceOrientations_iPad = "UIInterfaceOrientationPortrait UIInterfaceOrientationPortraitUpsideDown UIInterfaceOrientationLandscapeLeft UIInterfaceOrientationLandscapeRight";
				INFOPLIST_KEY_UISupportedInterfaceOrientations_iPhone = "UIInterfaceOrientationPortrait UIInterfaceOrientationLandscapeLeft UIInterfaceOrientationLandscapeRight";
				LD_RUNPATH_SEARCH_PATHS = (
					"$(inherited)",
					"@executable_path/Frameworks",
				);
				MARKETING_VERSION = 1.0;
				PRODUCT_BUNDLE_IDENTIFIER = vikusyusichka.WordAround;
				PRODUCT_NAME = "$(TARGET_NAME)";
				STRING_CATALOG_GENERATE_SYMBOLS = YES;
				SWIFT_APPROACHABLE_CONCURRENCY = YES;
				SWIFT_DEFAULT_ACTOR_ISOLATION = MainActor;
				SWIFT_EMIT_LOC_STRINGS = YES;
				SWIFT_UPCOMING_FEATURE_MEMBER_IMPORT_VISIBILITY = YES;
				SWIFT_VERSION = 5.0;
				TARGETED_DEVICE_FAMILY = "1,2";
			};
			name = Release;
		};
/* End XCBuildConfiguration section */

/* Begin XCConfigurationList section */
		E30A1C932F98003000387BDC /* Build configuration list for PBXProject "WordAround" */ = {
			isa = XCConfigurationList;
			buildConfigurations = (
				E30A1CA12F98003200387BDC /* Debug */,
				E30A1CA22F98003200387BDC /* Release */,
			);
			defaultConfigurationIsVisible = 0;
			defaultConfigurationName = Release;
		};
		E30A1CA32F98003200387BDC /* Build configuration list for PBXNativeTarget "WordAround" */ = {
			isa = XCConfigurationList;
			buildConfigurations = (
				E30A1CA42F98003200387BDC /* Debug */,
				E30A1CA52F98003200387BDC /* Release */,
			);
			defaultConfigurationIsVisible = 0;
			defaultConfigurationName = Release;
		};
/* End XCConfigurationList section */

/* Begin XCRemoteSwiftPackageReference section */
		E30A1CC62F9942D300387BDC /* XCRemoteSwiftPackageReference "firebase-ios-sdk" */ = {
			isa = XCRemoteSwiftPackageReference;
			repositoryURL = "https://github.com/firebase/firebase-ios-sdk";
			requirement = {
				kind = upToNextMajorVersion;
				minimumVersion = 12.12.1;
			};
		};
		E30A1CD82F99586500387BDC /* XCRemoteSwiftPackageReference "GoogleSignIn-iOS" */ = {
			isa = XCRemoteSwiftPackageReference;
			repositoryURL = "https://github.com/google/GoogleSignIn-iOS";
			requirement = {
				kind = upToNextMajorVersion;
				minimumVersion = 9.1.0;
			};
		};
/* End XCRemoteSwiftPackageReference section */

/* Begin XCSwiftPackageProductDependency section */
		E30A1CC82F99438D00387BDC /* FirebaseCore */ = {
			isa = XCSwiftPackageProductDependency;
			package = E30A1CC62F9942D300387BDC /* XCRemoteSwiftPackageReference "firebase-ios-sdk" */;
			productName = FirebaseCore;
		};
		E30A1CCA2F99439900387BDC /* FirebaseAuth */ = {
			isa = XCSwiftPackageProductDependency;
			package = E30A1CC62F9942D300387BDC /* XCRemoteSwiftPackageReference "firebase-ios-sdk" */;
			productName = FirebaseAuth;
		};
		E30A1CD92F99586500387BDC /* GoogleSignIn */ = {
			isa = XCSwiftPackageProductDependency;
			package = E30A1CD82F99586500387BDC /* XCRemoteSwiftPackageReference "GoogleSignIn-iOS" */;
			productName = GoogleSignIn;
		};
		E30A1CDB2F99586500387BDC /* GoogleSignInSwift */ = {
			isa = XCSwiftPackageProductDependency;
			package = E30A1CD82F99586500387BDC /* XCRemoteSwiftPackageReference "GoogleSignIn-iOS" */;
			productName = GoogleSignInSwift;
		};
		E30A1D772F9C14D700387BDC /* FirebaseFirestore */ = {
			isa = XCSwiftPackageProductDependency;
			package = E30A1CC62F9942D300387BDC /* XCRemoteSwiftPackageReference "firebase-ios-sdk" */;
			productName = FirebaseFirestore;
		};
		E30A1D792F9C14F200387BDC /* FirebaseStorage */ = {
			isa = XCSwiftPackageProductDependency;
			package = E30A1CC62F9942D300387BDC /* XCRemoteSwiftPackageReference "firebase-ios-sdk" */;
			productName = FirebaseStorage;
		};
/* End XCSwiftPackageProductDependency section */
	};
	rootObject = E30A1C902F98003000387BDC /* Project object */;
}
