// !$*UTF8*$!
{
	archiveVersion = 1;
	classes = {
	};
	objectVersion = 77;
	objects = {

/* Begin PBXBuildFile section */
		E30A1CAA2F98010F00387BDC /* Assets.xcassets in Resources */ = {isa = PBXBuildFile; fileRef = E30A1CA62F98010F00387BDC /* Assets.xcassets */; };
		E30A1CAC2F98010F00387BDC /* WordAroundApp.swift in Sources */ = {isa = PBXBuildFile; fileRef = E30A1CA82F98010F00387BDC /* WordAroundApp.swift */; };
		E30A1CB32F9801B600387BDC /* .gitignore in Resources */ = {isa = PBXBuildFile; fileRef = E30A1CB22F9801AE00387BDC /* .gitignore */; };
		E30A1CBC2F98023B00387BDC /* HomeView.swift in Sources */ = {isa = PBXBuildFile; fileRef = E30A1CBB2F98023900387BDC /* HomeView.swift */; };
		E30A1CC12F98079D00387BDC /* OnboardingView.swift in Sources */ = {isa = PBXBuildFile; fileRef = E30A1CC02F98079800387BDC /* OnboardingView.swift */; };
		E30A1CC32F9819B100387BDC /* AuthView.swift in Sources */ = {isa = PBXBuildFile; fileRef = E30A1CC22F9819A000387BDC /* AuthView.swift */; };
		E30A1CC92F99438D00387BDC /* FirebaseCore in Frameworks */ = {isa = PBXBuildFile; productRef = E30A1CC82F99438D00387BDC /* FirebaseCore */; };
		E30A1CCB2F99439900387BDC /* FirebaseAuth in Frameworks */ = {isa = PBXBuildFile; productRef = E30A1CCA2F99439900387BDC /* FirebaseAuth */; };
		E30A1CCD2F99443200387BDC /* AppDelegate.swift in Sources */ = {isa = PBXBuildFile; fileRef = E30A1CCC2F99442B00387BDC /* AppDelegate.swift */; };
		E30A1CD02F99445D00387BDC /* AuthViewModel.swift in Sources */ = {isa = PBXBuildFile; fileRef = E30A1CCF2F99445700387BDC /* AuthViewModel.swift */; };
		E30A1CD32F99448B00387BDC /* AuthService.swift in Sources */ = {isa = PBXBuildFile; fileRef = E30A1CD22F99448400387BDC /* AuthService.swift */; };
		E30A1CD52F99451900387BDC /* BlobShape.swift in Sources */ = {isa = PBXBuildFile; fileRef = E30A1CD42F99451200387BDC /* BlobShape.swift */; };
		E30A1CD72F9953CF00387BDC /* GoogleService-Info.plist in Resources */ = {isa = PBXBuildFile; fileRef = E30A1CD62F9953CF00387BDC /* GoogleService-Info.plist */; };
		E30A1CDA2F99586500387BDC /* GoogleSignIn in Frameworks */ = {isa = PBXBuildFile; productRef = E30A1CD92F99586500387BDC /* GoogleSignIn */; };
		E30A1CDC2F99586500387BDC /* GoogleSignInSwift in Frameworks */ = {isa = PBXBuildFile; productRef = E30A1CDB2F99586500387BDC /* GoogleSignInSwift */; };
		E30A1CDF2F9A2D3900387BDC /* SessionStore.swift in Sources */ = {isa = PBXBuildFile; fileRef = E30A1CDE2F9A2D3200387BDC /* SessionStore.swift */; };
		E30A1CE12F9A358000387BDC /* VerifyEmailView.swift in Sources */ = {isa = PBXBuildFile; fileRef = E30A1CE02F9A357500387BDC /* VerifyEmailView.swift */; };
		E30A1D072F9A5FC000387BDC /* HomeHeaderView.swift in Sources */ = {isa = PBXBuildFile; fileRef = E30A1D062F9A5FB300387BDC /* HomeHeaderView.swift */; };
		E30A1D092F9A5FDB00387BDC /* CategorySidebarView.swift in Sources */ = {isa = PBXBuildFile; fileRef = E30A1D082F9A5FCD00387BDC /* CategorySidebarView.swift */; };
		E30A1D0B2F9A5FF400387BDC /* BottomNavigationBarView.swift in Sources */ = {isa = PBXBuildFile; fileRef = E30A1D0A2F9A5FE700387BDC /* BottomNavigationBarView.swift */; };
		E30A1D0D2F9A616F00387BDC /* HomeCategory.swift in Sources */ = {isa = PBXBuildFile; fileRef = E30A1D0C2F9A616100387BDC /* HomeCategory.swift */; };
		E30A1D0F2F9A618800387BDC /* HomeTab.swift in Sources */ = {isa = PBXBuildFile; fileRef = E30A1D0E2F9A618400387BDC /* HomeTab.swift */; };
/* End PBXBuildFile section */

/* Begin PBXFileReference section */
		E30A1C982F98003000387BDC /* WordAround.app */ = {isa = PBXFileReference; explicitFileType = wrapper.application; includeInIndex = 0; path = WordAround.app; sourceTree = BUILT_PRODUCTS_DIR; };
		E30A1CA62F98010F00387BDC /* Assets.xcassets */ = {isa = PBXFileReference; lastKnownFileType = folder.assetcatalog; path = Assets.xcassets; sourceTree = "<group>"; };
		E30A1CA82F98010F00387BDC /* WordAroundApp.swift */ = {isa = PBXFileReference; lastKnownFileType = sourcecode.swift; path = WordAroundApp.swift; sourceTree = "<group>"; };
		E30A1CB22F9801AE00387BDC /* .gitignore */ = {isa = PBXFileReference; lastKnownFileType = text; path = .gitignore; sourceTree = "<group>"; };
		E30A1CBB2F98023900387BDC /* HomeView.swift */ = {isa = PBXFileReference; lastKnownFileType = sourcecode.swift; path = HomeView.swift; sourceTree = "<group>"; };
		E30A1CC02F98079800387BDC /* OnboardingView.swift */ = {isa = PBXFileReference; lastKnownFileType = sourcecode.swift; path = OnboardingView.swift; sourceTree = "<group>"; };
		E30A1CC22F9819A000387BDC /* AuthView.swift */ = {isa = PBXFileReference; lastKnownFileType = sourcecode.swift; path = AuthView.swift; sourceTree = "<group>"; };
		E30A1CCC2F99442B00387BDC /* AppDelegate.swift */ = {isa = PBXFileReference; lastKnownFileType = sourcecode.swift; path = AppDelegate.swift; sourceTree = "<group>"; };
		E30A1CCF2F99445700387BDC /* AuthViewModel.swift */ = {isa = PBXFileReference; lastKnownFileType = sourcecode.swift; path = AuthViewModel.swift; sourceTree = "<group>"; };
		E30A1CD22F99448400387BDC /* AuthService.swift */ = {isa = PBXFileReference; lastKnownFileType = sourcecode.swift; path = AuthService.swift; sourceTree = "<group>"; };
		E30A1CD42F99451200387BDC /* BlobShape.swift */ = {isa = PBXFileReference; lastKnownFileType = sourcecode.swift; path = BlobShape.swift; sourceTree = "<group>"; };
		E30A1CD62F9953CF00387BDC /* GoogleService-Info.plist */ = {isa = PBXFileReference; lastKnownFileType = text.plist.xml; path = "GoogleService-Info.plist"; sourceTree = "<group>"; };
		E30A1CDD2F995BF100387BDC /* Info.plist */ = {isa = PBXFileReference; lastKnownFileType = text.plist; path = Info.plist; sourceTree = "<group>"; };
		E30A1CDE2F9A2D3200387BDC /* SessionStore.swift */ = {isa = PBXFileReference; lastKnownFileType = sourcecode.swift; path = SessionStore.swift; sourceTree = "<group>"; };
		E30A1CE02F9A357500387BDC /* VerifyEmailView.swift */ = {isa = PBXFileReference; lastKnownFileType = sourcecode.swift; path = VerifyEmailView.swift; sourceTree = "<group>"; };
		E30A1D062F9A5FB300387BDC /* HomeHeaderView.swift */ = {isa = PBXFileReference; lastKnownFileType = sourcecode.swift; path = HomeHeaderView.swift; sourceTree = "<group>"; };
		E30A1D082F9A5FCD00387BDC /* CategorySidebarView.swift */ = {isa = PBXFileReference; lastKnownFileType = sourcecode.swift; path = CategorySidebarView.swift; sourceTree = "<group>"; };
		E30A1D0A2F9A5FE700387BDC /* BottomNavigationBarView.swift */ = {isa = PBXFileReference; lastKnownFileType = sourcecode.swift; path = BottomNavigationBarView.swift; sourceTree = "<group>"; };
		E30A1D0C2F9A616100387BDC /* HomeCategory.swift */ = {isa = PBXFileReference; lastKnownFileType = sourcecode.swift; path = HomeCategory.swift; sourceTree = "<group>"; };
		E30A1D0E2F9A618400387BDC /* HomeTab.swift */ = {isa = PBXFileReference; lastKnownFileType = sourcecode.swift; path = HomeTab.swift; sourceTree = "<group>"; };
/* End PBXFileReference section */

/* Begin PBXFrameworksBuildPhase section */
		E30A1C952F98003000387BDC /* Frameworks */ = {
			isa = PBXFrameworksBuildPhase;
			buildActionMask = 2147483647;
			files = (
				E30A1CC92F99438D00387BDC /* FirebaseCore in Frameworks */,
				E30A1CCB2F99439900387BDC /* FirebaseAuth in Frameworks */,
				E30A1CDA2F99586500387BDC /* GoogleSignIn in Frameworks */,
				E30A1CDC2F99586500387BDC /* GoogleSignInSwift in Frameworks */,
			);
			runOnlyForDeploymentPostprocessing = 0;
		};
/* End PBXFrameworksBuildPhase section */

/* Begin PBXGroup section */
		E30A1C8F2F98003000387BDC = {
			isa = PBXGroup;
			children = (
				E30A1CA92F98010F00387BDC /* WordAround */,
				E30A1CC72F99438D00387BDC /* Frameworks */,
				E30A1C992F98003000387BDC /* Products */,
			);
			sourceTree = "<group>";
		};
		E30A1C992F98003000387BDC /* Products */ = {
			isa = PBXGroup;
			children = (
				E30A1C982F98003000387BDC /* WordAround.app */,
			);
			name = Products;
			sourceTree = "<group>";
		};
		E30A1CA92F98010F00387BDC /* WordAround */ = {
			isa = PBXGroup;
			children = (
				E30A1CDD2F995BF100387BDC /* Info.plist */,
				E30A1CAD2F98011100387BDC /* App */,
				E30A1CA62F98010F00387BDC /* Assets.xcassets */,
				E30A1CAE2F98016900387BDC /* Presentation */,
				E30A1CAF2F98017A00387BDC /* Domain */,
				E30A1CB02F98018300387BDC /* Resources */,
				E30A1CB12F98019E00387BDC /* SupportingFiles */,
			);
			path = WordAround;
			sourceTree = "<group>";
		};
		E30A1CAD2F98011100387BDC /* App */ = {
			isa = PBXGroup;
			children = (
				E30A1CDE2F9A2D3200387BDC /* SessionStore.swift */,
				E30A1CCC2F99442B00387BDC /* AppDelegate.swift */,
				E30A1CA82F98010F00387BDC /* WordAroundApp.swift */,
			);
			path = App;
			sourceTree = "<group>";
		};
		E30A1CAE2F98016900387BDC /* Presentation */ = {
			isa = PBXGroup;
			children = (
				E30A1CB92F9801E800387BDC /* Screens */,
				E30A1CB62F9801D400387BDC /* Components */,
			);
			path = Presentation;
			sourceTree = "<group>";
		};
		E30A1CAF2F98017A00387BDC /* Domain */ = {
			isa = PBXGroup;
			children = (
				E30A1CD12F99447400387BDC /* Services */,
				E30A1CB52F9801CA00387BDC /* Enums */,
				E30A1CB42F9801C400387BDC /* Models */,
			);
			path = Domain;
			sourceTree = "<group>";
		};
		E30A1CB02F98018300387BDC /* Resources */ = {
			isa = PBXGroup;
			children = (
				E30A1CD62F9953CF00387BDC /* GoogleService-Info.plist */,
			);
			path = Resources;
			sourceTree = "<group>";
		};
		E30A1CB12F98019E00387BDC /* SupportingFiles */ = {
			isa = PBXGroup;
			children = (
				E30A1CB22F9801AE00387BDC /* .gitignore */,
			);
			path = SupportingFiles;
			sourceTree = "<group>";
		};
		E30A1CB42F9801C400387BDC /* Models */ = {
			isa = PBXGroup;
			children = (
			);
			path = Models;
			sourceTree = "<group>";
		};
		E30A1CB52F9801CA00387BDC /* Enums */ = {
			isa = PBXGroup;
			children = (
				E30A1D0E2F9A618400387BDC /* HomeTab.swift */,
				E30A1D0C2F9A616100387BDC /* HomeCategory.swift */,
			);
			path = Enums;
			sourceTree = "<group>";
		};
		E30A1CB62F9801D400387BDC /* Components */ = {
			isa = PBXGroup;
			children = (
			);
			path = Components;
			sourceTree = "<group>";
		};
		E30A1CB92F9801E800387BDC /* Screens */ = {
			isa = PBXGroup;
			children = (
				E30A1CBD2F98078A00387BDC /* Onboarding */,
				E30A1CBA2F98023200387BDC /* Home */,
				E30A1CCE2F99444400387BDC /* Auth */,
			);
			path = Screens;
			sourceTree = "<group>";
		};
		E30A1CBA2F98023200387BDC /* Home */ = {
			isa = PBXGroup;
			children = (
				E30A1CEC2F9A50DA00387BDC /* Components */,
				E30A1CBB2F98023900387BDC /* HomeView.swift */,
			);
			path = Home;
			sourceTree = "<group>";
		};
		E30A1CBD2F98078A00387BDC /* Onboarding */ = {
			isa = PBXGroup;
			children = (
				E30A1CD42F99451200387BDC /* BlobShape.swift */,
				E30A1CC02F98079800387BDC /* OnboardingView.swift */,
			);
			path = Onboarding;
			sourceTree = "<group>";
		};
		E30A1CC72F99438D00387BDC /* Frameworks */ = {
			isa = PBXGroup;
			children = (
			);
			name = Frameworks;
			sourceTree = "<group>";
		};
		E30A1CCE2F99444400387BDC /* Auth */ = {
			isa = PBXGroup;
			children = (
				E30A1CE02F9A357500387BDC /* VerifyEmailView.swift */,
				E30A1CCF2F99445700387BDC /* AuthViewModel.swift */,
				E30A1CC22F9819A000387BDC /* AuthView.swift */,
			);
			path = Auth;
			sourceTree = "<group>";
		};
		E30A1CD12F99447400387BDC /* Services */ = {
			isa = PBXGroup;
			children = (
				E30A1CD22F99448400387BDC /* AuthService.swift */,
			);
			path = Services;
			sourceTree = "<group>";
		};
		E30A1CEC2F9A50DA00387BDC /* Components */ = {
			isa = PBXGroup;
			children = (
				E30A1D0A2F9A5FE700387BDC /* BottomNavigationBarView.swift */,
				E30A1D082F9A5FCD00387BDC /* CategorySidebarView.swift */,
				E30A1D062F9A5FB300387BDC /* HomeHeaderView.swift */,
			);
			path = Components;
			sourceTree = "<group>";
		};
/* End PBXGroup section */

/* Begin PBXNativeTarget section */
		E30A1C972F98003000387BDC /* WordAround */ = {
			isa = PBXNativeTarget;
			buildConfigurationList = E30A1CA32F98003200387BDC /* Build configuration list for PBXNativeTarget "WordAround" */;
			buildPhases = (
				E30A1C942F98003000387BDC /* Sources */,
				E30A1C952F98003000387BDC /* Frameworks */,
				E30A1C962F98003000387BDC /* Resources */,
			);
			buildRules = (
			);
			dependencies = (
			);
			name = WordAround;
			packageProductDependencies = (
				E30A1CC82F99438D00387BDC /* FirebaseCore */,
				E30A1CCA2F99439900387BDC /* FirebaseAuth */,
				E30A1CD92F99586500387BDC /* GoogleSignIn */,
				E30A1CDB2F99586500387BDC /* GoogleSignInSwift */,
			);
			productName = WordAround;
			productReference = E30A1C982F98003000387BDC /* WordAround.app */;
			productType = "com.apple.product-type.application";
		};
/* End PBXNativeTarget section */

/* Begin PBXProject section */
		E30A1C902F98003000387BDC /* Project object */ = {
			isa = PBXProject;
			attributes = {
				BuildIndependentTargetsInParallel = 1;
				LastSwiftUpdateCheck = 2620;
				LastUpgradeCheck = 2620;
				TargetAttributes = {
					E30A1C972F98003000387BDC = {
						CreatedOnToolsVersion = 26.2;
					};
				};
			};
			buildConfigurationList = E30A1C932F98003000387BDC /* Build configuration list for PBXProject "WordAround" */;
			developmentRegion = en;
			hasScannedForEncodings = 0;
			knownRegions = (
				en,
				Base,
			);
			mainGroup = E30A1C8F2F98003000387BDC;
			minimizedProjectReferenceProxies = 1;
			packageReferences = (
				E30A1CC62F9942D300387BDC /* XCRemoteSwiftPackageReference "firebase-ios-sdk" */,
				E30A1CD82F99586500387BDC /* XCRemoteSwiftPackageReference "GoogleSignIn-iOS" */,
			);
			preferredProjectObjectVersion = 77;
			productRefGroup = E30A1C992F98003000387BDC /* Products */;
			projectDirPath = "";
			projectRoot = "";
			targets = (
				E30A1C972F98003000387BDC /* WordAround */,
			);
		};
/* End PBXProject section */

/* Begin PBXResourcesBuildPhase section */
		E30A1C962F98003000387BDC /* Resources */ = {
			isa = PBXResourcesBuildPhase;
			buildActionMask = 2147483647;
			files = (
				E30A1CB32F9801B600387BDC /* .gitignore in Resources */,
				E30A1CAA2F98010F00387BDC /* Assets.xcassets in Resources */,
				E30A1CD72F9953CF00387BDC /* GoogleService-Info.plist in Resources */,
			);
			runOnlyForDeploymentPostprocessing = 0;
		};
/* End PBXResourcesBuildPhase section */

/* Begin PBXSourcesBuildPhase section */
		E30A1C942F98003000387BDC /* Sources */ = {
			isa = PBXSourcesBuildPhase;
			buildActionMask = 2147483647;
			files = (
				E30A1CE12F9A358000387BDC /* VerifyEmailView.swift in Sources */,
				E30A1CBC2F98023B00387BDC /* HomeView.swift in Sources */,
				E30A1CC32F9819B100387BDC /* AuthView.swift in Sources */,
				E30A1D0F2F9A618800387BDC /* HomeTab.swift in Sources */,
				E30A1CD52F99451900387BDC /* BlobShape.swift in Sources */,
				E30A1CD02F99445D00387BDC /* AuthViewModel.swift in Sources */,
				E30A1D0B2F9A5FF400387BDC /* BottomNavigationBarView.swift in Sources */,
				E30A1CC12F98079D00387BDC /* OnboardingView.swift in Sources */,
				E30A1D072F9A5FC000387BDC /* HomeHeaderView.swift in Sources */,
				E30A1CDF2F9A2D3900387BDC /* SessionStore.swift in Sources */,
				E30A1CCD2F99443200387BDC /* AppDelegate.swift in Sources */,
				E30A1CAC2F98010F00387BDC /* WordAroundApp.swift in Sources */,
				E30A1CD32F99448B00387BDC /* AuthService.swift in Sources */,
				E30A1D0D2F9A616F00387BDC /* HomeCategory.swift in Sources */,
				E30A1D092F9A5FDB00387BDC /* CategorySidebarView.swift in Sources */,
			);
			runOnlyForDeploymentPostprocessing = 0;
		};
/* End PBXSourcesBuildPhase section */

/* Begin XCBuildConfiguration section */
		E30A1CA12F98003200387BDC /* Debug */ = {
			isa = XCBuildConfiguration;
			buildSettings = {
				ALWAYS_SEARCH_USER_PATHS = NO;
				ASSETCATALOG_COMPILER_GENERATE_SWIFT_ASSET_SYMBOL_EXTENSIONS = YES;
				CLANG_ANALYZER_NONNULL = YES;
				CLANG_ANALYZER_NUMBER_OBJECT_CONVERSION = YES_AGGRESSIVE;
				CLANG_CXX_LANGUAGE_STANDARD = "gnu++20";
				CLANG_ENABLE_MODULES = YES;
				CLANG_ENABLE_OBJC_ARC = YES;
				CLANG_ENABLE_OBJC_WEAK = YES;
				CLANG_WARN_BLOCK_CAPTURE_AUTORELEASING = YES;
				CLANG_WARN_BOOL_CONVERSION = YES;
				CLANG_WARN_COMMA = YES;
				CLANG_WARN_CONSTANT_CONVERSION = YES;
				CLANG_WARN_DEPRECATED_OBJC_IMPLEMENTATIONS = YES;
				CLANG_WARN_DIRECT_OBJC_ISA_USAGE = YES_ERROR;
				CLANG_WARN_DOCUMENTATION_COMMENTS = YES;
				CLANG_WARN_EMPTY_BODY = YES;
				CLANG_WARN_ENUM_CONVERSION = YES;
				CLANG_WARN_INFINITE_RECURSION = YES;
				CLANG_WARN_INT_CONVERSION = YES;
				CLANG_WARN_NON_LITERAL_NULL_CONVERSION = YES;
				CLANG_WARN_OBJC_IMPLICIT_RETAIN_SELF = YES;
				CLANG_WARN_OBJC_LITERAL_CONVERSION = YES;
				CLANG_WARN_OBJC_ROOT_CLASS = YES_ERROR;
				CLANG_WARN_QUOTED_INCLUDE_IN_FRAMEWORK_HEADER = YES;
				CLANG_WARN_RANGE_LOOP_ANALYSIS = YES;
				CLANG_WARN_STRICT_PROTOTYPES = YES;
				CLANG_WARN_SUSPICIOUS_MOVE = YES;
				CLANG_WARN_UNGUARDED_AVAILABILITY = YES_AGGRESSIVE;
				CLANG_WARN_UNREACHABLE_CODE = YES;
				CLANG_WARN__DUPLICATE_METHOD_MATCH = YES;
				COPY_PHASE_STRIP = NO;
				DEBUG_INFORMATION_FORMAT = dwarf;
				DEVELOPMENT_TEAM = 588RYPH5AD;
				ENABLE_STRICT_OBJC_MSGSEND = YES;
				ENABLE_TESTABILITY = YES;
				ENABLE_USER_SCRIPT_SANDBOXING = YES;
				GCC_C_LANGUAGE_STANDARD = gnu17;
				GCC_DYNAMIC_NO_PIC = NO;
				GCC_NO_COMMON_BLOCKS = YES;
				GCC_OPTIMIZATION_LEVEL = 0;
				GCC_PREPROCESSOR_DEFINITIONS = (
					"DEBUG=1",
					"$(inherited)",
				);
				GCC_WARN_64_TO_32_BIT_CONVERSION = YES;
				GCC_WARN_ABOUT_RETURN_TYPE = YES_ERROR;
				GCC_WARN_UNDECLARED_SELECTOR = YES;
				GCC_WARN_UNINITIALIZED_AUTOS = YES_AGGRESSIVE;
				GCC_WARN_UNUSED_FUNCTION = YES;
				GCC_WARN_UNUSED_VARIABLE = YES;
				IPHONEOS_DEPLOYMENT_TARGET = 26.2;
				LOCALIZATION_PREFERS_STRING_CATALOGS = YES;
				MTL_ENABLE_DEBUG_INFO = INCLUDE_SOURCE;
				MTL_FAST_MATH = YES;
				ONLY_ACTIVE_ARCH = YES;
				SDKROOT = iphoneos;
				SWIFT_ACTIVE_COMPILATION_CONDITIONS = "DEBUG $(inherited)";
				SWIFT_OPTIMIZATION_LEVEL = "-Onone";
			};
			name = Debug;
		};
		E30A1CA22F98003200387BDC /* Release */ = {
			isa = XCBuildConfiguration;
			buildSettings = {
				ALWAYS_SEARCH_USER_PATHS = NO;
				ASSETCATALOG_COMPILER_GENERATE_SWIFT_ASSET_SYMBOL_EXTENSIONS = YES;
				CLANG_ANALYZER_NONNULL = YES;
				CLANG_ANALYZER_NUMBER_OBJECT_CONVERSION = YES_AGGRESSIVE;
				CLANG_CXX_LANGUAGE_STANDARD = "gnu++20";
				CLANG_ENABLE_MODULES = YES;
				CLANG_ENABLE_OBJC_ARC = YES;
				CLANG_ENABLE_OBJC_WEAK = YES;
				CLANG_WARN_BLOCK_CAPTURE_AUTORELEASING = YES;
				CLANG_WARN_BOOL_CONVERSION = YES;
				CLANG_WARN_COMMA = YES;
				CLANG_WARN_CONSTANT_CONVERSION = YES;
				CLANG_WARN_DEPRECATED_OBJC_IMPLEMENTATIONS = YES;
				CLANG_WARN_DIRECT_OBJC_ISA_USAGE = YES_ERROR;
				CLANG_WARN_DOCUMENTATION_COMMENTS = YES;
				CLANG_WARN_EMPTY_BODY = YES;
				CLANG_WARN_ENUM_CONVERSION = YES;
				CLANG_WARN_INFINITE_RECURSION = YES;
				CLANG_WARN_INT_CONVERSION = YES;
				CLANG_WARN_NON_LITERAL_NULL_CONVERSION = YES;
				CLANG_WARN_OBJC_IMPLICIT_RETAIN_SELF = YES;
				CLANG_WARN_OBJC_LITERAL_CONVERSION = YES;
				CLANG_WARN_OBJC_ROOT_CLASS = YES_ERROR;
				CLANG_WARN_QUOTED_INCLUDE_IN_FRAMEWORK_HEADER = YES;
				CLANG_WARN_RANGE_LOOP_ANALYSIS = YES;
				CLANG_WARN_STRICT_PROTOTYPES = YES;
				CLANG_WARN_SUSPICIOUS_MOVE = YES;
				CLANG_WARN_UNGUARDED_AVAILABILITY = YES_AGGRESSIVE;
				CLANG_WARN_UNREACHABLE_CODE = YES;
				CLANG_WARN__DUPLICATE_METHOD_MATCH = YES;
				COPY_PHASE_STRIP = NO;
				DEBUG_INFORMATION_FORMAT = "dwarf-with-dsym";
				DEVELOPMENT_TEAM = 588RYPH5AD;
				ENABLE_NS_ASSERTIONS = NO;
				ENABLE_STRICT_OBJC_MSGSEND = YES;
				ENABLE_USER_SCRIPT_SANDBOXING = YES;
				GCC_C_LANGUAGE_STANDARD = gnu17;
				GCC_NO_COMMON_BLOCKS = YES;
				GCC_WARN_64_TO_32_BIT_CONVERSION = YES;
				GCC_WARN_ABOUT_RETURN_TYPE = YES_ERROR;
				GCC_WARN_UNDECLARED_SELECTOR = YES;
				GCC_WARN_UNINITIALIZED_AUTOS = YES_AGGRESSIVE;
				GCC_WARN_UNUSED_FUNCTION = YES;
				GCC_WARN_UNUSED_VARIABLE = YES;
				IPHONEOS_DEPLOYMENT_TARGET = 26.2;
				LOCALIZATION_PREFERS_STRING_CATALOGS = YES;
				MTL_ENABLE_DEBUG_INFO = NO;
				MTL_FAST_MATH = YES;
				SDKROOT = iphoneos;
				SWIFT_COMPILATION_MODE = wholemodule;
				VALIDATE_PRODUCT = YES;
			};
			name = Release;
		};
		E30A1CA42F98003200387BDC /* Debug */ = {
			isa = XCBuildConfiguration;
			buildSettings = {
				ASSETCATALOG_COMPILER_APPICON_NAME = AppIcon;
				ASSETCATALOG_COMPILER_GLOBAL_ACCENT_COLOR_NAME = AccentColor;
				CODE_SIGN_STYLE = Automatic;
				CURRENT_PROJECT_VERSION = 1;
				DEVELOPMENT_TEAM = 588RYPH5AD;
				ENABLE_PREVIEWS = YES;
				GENERATE_INFOPLIST_FILE = YES;
				INFOPLIST_FILE = WordAround/Info.plist;
				INFOPLIST_KEY_UIApplicationSceneManifest_Generation = YES;
				INFOPLIST_KEY_UIApplicationSupportsIndirectInputEvents = YES;
				INFOPLIST_KEY_UILaunchScreen_Generation = YES;
				INFOPLIST_KEY_UISupportedInterfaceOrientations_iPad = "UIInterfaceOrientationPortrait UIInterfaceOrientationPortraitUpsideDown UIInterfaceOrientationLandscapeLeft UIInterfaceOrientationLandscapeRight";
				INFOPLIST_KEY_UISupportedInterfaceOrientations_iPhone = "UIInterfaceOrientationPortrait UIInterfaceOrientationLandscapeLeft UIInterfaceOrientationLandscapeRight";
				LD_RUNPATH_SEARCH_PATHS = (
					"$(inherited)",
					"@executable_path/Frameworks",
				);
				MARKETING_VERSION = 1.0;
				PRODUCT_BUNDLE_IDENTIFIER = vikusyusichka.WordAround;
				PRODUCT_NAME = "$(TARGET_NAME)";
				STRING_CATALOG_GENERATE_SYMBOLS = YES;
				SWIFT_APPROACHABLE_CONCURRENCY = YES;
				SWIFT_DEFAULT_ACTOR_ISOLATION = MainActor;
				SWIFT_EMIT_LOC_STRINGS = YES;
				SWIFT_UPCOMING_FEATURE_MEMBER_IMPORT_VISIBILITY = YES;
				SWIFT_VERSION = 5.0;
				TARGETED_DEVICE_FAMILY = "1,2";
			};
			name = Debug;
		};
		E30A1CA52F98003200387BDC /* Release */ = {
			isa = XCBuildConfiguration;
			buildSettings = {
				ASSETCATALOG_COMPILER_APPICON_NAME = AppIcon;
				ASSETCATALOG_COMPILER_GLOBAL_ACCENT_COLOR_NAME = AccentColor;
				CODE_SIGN_STYLE = Automatic;
				CURRENT_PROJECT_VERSION = 1;
				DEVELOPMENT_TEAM = 588RYPH5AD;
				ENABLE_PREVIEWS = YES;
				GENERATE_INFOPLIST_FILE = YES;
				INFOPLIST_FILE = WordAround/Info.plist;
				INFOPLIST_KEY_UIApplicationSceneManifest_Generation = YES;
				INFOPLIST_KEY_UIApplicationSupportsIndirectInputEvents = YES;
				INFOPLIST_KEY_UILaunchScreen_Generation = YES;
				INFOPLIST_KEY_UISupportedInterfaceOrientations_iPad = "UIInterfaceOrientationPortrait UIInterfaceOrientationPortraitUpsideDown UIInterfaceOrientationLandscapeLeft UIInterfaceOrientationLandscapeRight";
				INFOPLIST_KEY_UISupportedInterfaceOrientations_iPhone = "UIInterfaceOrientationPortrait UIInterfaceOrientationLandscapeLeft UIInterfaceOrientationLandscapeRight";
				LD_RUNPATH_SEARCH_PATHS = (
					"$(inherited)",
					"@executable_path/Frameworks",
				);
				MARKETING_VERSION = 1.0;
				PRODUCT_BUNDLE_IDENTIFIER = vikusyusichka.WordAround;
				PRODUCT_NAME = "$(TARGET_NAME)";
				STRING_CATALOG_GENERATE_SYMBOLS = YES;
				SWIFT_APPROACHABLE_CONCURRENCY = YES;
				SWIFT_DEFAULT_ACTOR_ISOLATION = MainActor;
				SWIFT_EMIT_LOC_STRINGS = YES;
				SWIFT_UPCOMING_FEATURE_MEMBER_IMPORT_VISIBILITY = YES;
				SWIFT_VERSION = 5.0;
				TARGETED_DEVICE_FAMILY = "1,2";
			};
			name = Release;
		};
/* End XCBuildConfiguration section */

/* Begin XCConfigurationList section */
		E30A1C932F98003000387BDC /* Build configuration list for PBXProject "WordAround" */ = {
			isa = XCConfigurationList;
			buildConfigurations = (
				E30A1CA12F98003200387BDC /* Debug */,
				E30A1CA22F98003200387BDC /* Release */,
			);
			defaultConfigurationIsVisible = 0;
			defaultConfigurationName = Release;
		};
		E30A1CA32F98003200387BDC /* Build configuration list for PBXNativeTarget "WordAround" */ = {
			isa = XCConfigurationList;
			buildConfigurations = (
				E30A1CA42F98003200387BDC /* Debug */,
				E30A1CA52F98003200387BDC /* Release */,
			);
			defaultConfigurationIsVisible = 0;
			defaultConfigurationName = Release;
		};
/* End XCConfigurationList section */

/* Begin XCRemoteSwiftPackageReference section */
		E30A1CC62F9942D300387BDC /* XCRemoteSwiftPackageReference "firebase-ios-sdk" */ = {
			isa = XCRemoteSwiftPackageReference;
			repositoryURL = "https://github.com/firebase/firebase-ios-sdk";
			requirement = {
				kind = upToNextMajorVersion;
				minimumVersion = 12.12.1;
			};
		};
		E30A1CD82F99586500387BDC /* XCRemoteSwiftPackageReference "GoogleSignIn-iOS" */ = {
			isa = XCRemoteSwiftPackageReference;
			repositoryURL = "https://github.com/google/GoogleSignIn-iOS";
			requirement = {
				kind = upToNextMajorVersion;
				minimumVersion = 9.1.0;
			};
		};
/* End XCRemoteSwiftPackageReference section */

/* Begin XCSwiftPackageProductDependency section */
		E30A1CC82F99438D00387BDC /* FirebaseCore */ = {
			isa = XCSwiftPackageProductDependency;
			package = E30A1CC62F9942D300387BDC /* XCRemoteSwiftPackageReference "firebase-ios-sdk" */;
			productName = FirebaseCore;
		};
		E30A1CCA2F99439900387BDC /* FirebaseAuth */ = {
			isa = XCSwiftPackageProductDependency;
			package = E30A1CC62F9942D300387BDC /* XCRemoteSwiftPackageReference "firebase-ios-sdk" */;
			productName = FirebaseAuth;
		};
		E30A1CD92F99586500387BDC /* GoogleSignIn */ = {
			isa = XCSwiftPackageProductDependency;
			package = E30A1CD82F99586500387BDC /* XCRemoteSwiftPackageReference "GoogleSignIn-iOS" */;
			productName = GoogleSignIn;
		};
		E30A1CDB2F99586500387BDC /* GoogleSignInSwift */ = {
			isa = XCSwiftPackageProductDependency;
			package = E30A1CD82F99586500387BDC /* XCRemoteSwiftPackageReference "GoogleSignIn-iOS" */;
			productName = GoogleSignInSwift;
		};
/* End XCSwiftPackageProductDependency section */
	};
	rootObject = E30A1C902F98003000387BDC /* Project object */;
}
