// !$*UTF8*$!
{
	archiveVersion = 1;
	classes = {
	};
	objectVersion = 77;
	objects = {

/* Begin PBXBuildFile section */
		E309022D2FBA3EC600C52238 /* WriteWordsAnswerCellsView.swift in Sources */ = {isa = PBXBuildFile; fileRef = E30902202FBA3EC600C52238 /* WriteWordsAnswerCellsView.swift */; };
		E309022E2FBA3EC600C52238 /* WritingMenuCardView.swift in Sources */ = {isa = PBXBuildFile; fileRef = E30902262FBA3EC600C52238 /* WritingMenuCardView.swift */; };
		E309022F2FBA3EC600C52238 /* WriteWordsViewModel.swift in Sources */ = {isa = PBXBuildFile; fileRef = E30902242FBA3EC600C52238 /* WriteWordsViewModel.swift */; };
		E30902302FBA3EC600C52238 /* WritingViewModel.swift in Sources */ = {isa = PBXBuildFile; fileRef = E309022C2FBA3EC600C52238 /* WritingViewModel.swift */; };
		E30902312FBA3EC600C52238 /* WritingSetCardView.swift in Sources */ = {isa = PBXBuildFile; fileRef = E30902282FBA3EC600C52238 /* WritingSetCardView.swift */; };
		E30902322FBA3EC600C52238 /* WriteWordsProgressView.swift in Sources */ = {isa = PBXBuildFile; fileRef = E30902222FBA3EC600C52238 /* WriteWordsProgressView.swift */; };
		E30902332FBA3EC600C52238 /* WriteWordsExerciseCardView.swift in Sources */ = {isa = PBXBuildFile; fileRef = E30902212FBA3EC600C52238 /* WriteWordsExerciseCardView.swift */; };
		E30902342FBA3EC600C52238 /* WritingSetSelectionViewModel.swift in Sources */ = {isa = PBXBuildFile; fileRef = E309022A2FBA3EC600C52238 /* WritingSetSelectionViewModel.swift */; };
		E30902352FBA3EC600C52238 /* WritingGoalCardView.swift in Sources */ = {isa = PBXBuildFile; fileRef = E30902252FBA3EC600C52238 /* WritingGoalCardView.swift */; };
		E30902362FBA3EC600C52238 /* WritingModels.swift in Sources */ = {isa = PBXBuildFile; fileRef = E30902272FBA3EC600C52238 /* WritingModels.swift */; };
		E30902372FBA3EC600C52238 /* WriteWordsView.swift in Sources */ = {isa = PBXBuildFile; fileRef = E30902232FBA3EC600C52238 /* WriteWordsView.swift */; };
		E30902382FBA3EC600C52238 /* WritingSetSelectionView.swift in Sources */ = {isa = PBXBuildFile; fileRef = E30902292FBA3EC600C52238 /* WritingSetSelectionView.swift */; };
		E30902392FBA3EC600C52238 /* WritingView.swift in Sources */ = {isa = PBXBuildFile; fileRef = E309022B2FBA3EC600C52238 /* WritingView.swift */; };
		E309023B2FBA8BA700C52238 /* WriteWordsAnswerInputView.swift in Sources */ = {isa = PBXBuildFile; fileRef = E309023A2FBA8B8700C52238 /* WriteWordsAnswerInputView.swift */; };
		E309023D2FBAA11B00C52238 /* WriteWordsSettingsSheet.swift in Sources */ = {isa = PBXBuildFile; fileRef = E309023C2FBAA0F800C52238 /* WriteWordsSettingsSheet.swift */; };
		E30902412FBAB04600C52238 /* WriteWordsCountdownTimerView.swift in Sources */ = {isa = PBXBuildFile; fileRef = E30902402FBAB03600C52238 /* WriteWordsCountdownTimerView.swift */; };
		E309024C2FBAB98700C52238 /* WriteWordsLoseScreenView.swift in Sources */ = {isa = PBXBuildFile; fileRef = E309024B2FBAB97000C52238 /* WriteWordsLoseScreenView.swift */; };
		E30902522FBAC9E500C52238 /* GrammarCheckService.swift in Sources */ = {isa = PBXBuildFile; fileRef = E30902512FBAC9E500C52238 /* GrammarCheckService.swift */; };
		E30902552FBAC9F500C52238 /* EssayTopic.swift in Sources */ = {isa = PBXBuildFile; fileRef = E30902532FBAC9F500C52238 /* EssayTopic.swift */; };
		E30902562FBAC9F500C52238 /* GrammarIssue.swift in Sources */ = {isa = PBXBuildFile; fileRef = E30902542FBAC9F500C52238 /* GrammarIssue.swift */; };
		E30902582FBACA0D00C52238 /* EssayPracticeViewModel.swift in Sources */ = {isa = PBXBuildFile; fileRef = E30902572FBACA0D00C52238 /* EssayPracticeViewModel.swift */; };
		E309025D2FBACA1C00C52238 /* EssayTopicCardView.swift in Sources */ = {isa = PBXBuildFile; fileRef = E309025B2FBACA1C00C52238 /* EssayTopicCardView.swift */; };
		E309025E2FBACA1C00C52238 /* GrammarIssueCardView.swift in Sources */ = {isa = PBXBuildFile; fileRef = E309025C2FBACA1C00C52238 /* GrammarIssueCardView.swift */; };
		E309025F2FBACA1C00C52238 /* EssayFeedbackSectionView.swift in Sources */ = {isa = PBXBuildFile; fileRef = E30902592FBACA1C00C52238 /* EssayFeedbackSectionView.swift */; };
		E30902602FBACA1C00C52238 /* EssayPracticeView.swift in Sources */ = {isa = PBXBuildFile; fileRef = E309025A2FBACA1C00C52238 /* EssayPracticeView.swift */; };
		E30902622FBAE1A000C52238 /* EssayDifficulty.swift in Sources */ = {isa = PBXBuildFile; fileRef = E30902612FBAE18900C52238 /* EssayDifficulty.swift */; };
		E30902642FBAE1B200C52238 /* GrammarLanguage.swift in Sources */ = {isa = PBXBuildFile; fileRef = E30902632FBAE1AB00C52238 /* GrammarLanguage.swift */; };
		E30902662FBAE1C300C52238 /* EssayScore.swift in Sources */ = {isa = PBXBuildFile; fileRef = E30902652FBAE1BE00C52238 /* EssayScore.swift */; };
		E30902692FBAE26400C52238 /* LanguageSelectorView.swift in Sources */ = {isa = PBXBuildFile; fileRef = E30902682FBAE25900C52238 /* LanguageSelectorView.swift */; };
		E309026B2FBAE27600C52238 /* DifficultySelectorView.swift in Sources */ = {isa = PBXBuildFile; fileRef = E309026A2FBAE27400C52238 /* DifficultySelectorView.swift */; };
		E309026F2FBAE6CA00C52238 /* EssayInputSectionView.swift in Sources */ = {isa = PBXBuildFile; fileRef = E309026E2FBAE6C600C52238 /* EssayInputSectionView.swift */; };
		E309029B2FBB6E8700C52238 /* EssayTopicMode.swift in Sources */ = {isa = PBXBuildFile; fileRef = E309029A2FBB6E8000C52238 /* EssayTopicMode.swift */; };
		E309029D2FBB6E9F00C52238 /* EssayAssistantItem.swift in Sources */ = {isa = PBXBuildFile; fileRef = E309029C2FBB6E9600C52238 /* EssayAssistantItem.swift */; };
		E309029F2FBB6EC700C52238 /* EssayScoringService.swift in Sources */ = {isa = PBXBuildFile; fileRef = E309029E2FBB6EBF00C52238 /* EssayScoringService.swift */; };
		E30902A12FBB6EE900C52238 /* EssayAssistanceService.swift in Sources */ = {isa = PBXBuildFile; fileRef = E30902A02FBB6EE100C52238 /* EssayAssistanceService.swift */; };
		E30902A52FBB724D00C52238 /* EssayHelperToolbarView.swift in Sources */ = {isa = PBXBuildFile; fileRef = E30902A42FBB724D00C52238 /* EssayHelperToolbarView.swift */; };
		E30902A92FBB729300C52238 /* EssayAssistanceModalView.swift in Sources */ = {isa = PBXBuildFile; fileRef = E30902A72FBB729300C52238 /* EssayAssistanceModalView.swift */; };
		E30902AA2FBB729300C52238 /* EssayScoreCardView.swift in Sources */ = {isa = PBXBuildFile; fileRef = E30902A82FBB729300C52238 /* EssayScoreCardView.swift */; };
		E30902AB2FBB729300C52238 /* CustomEssayTopicInputView.swift in Sources */ = {isa = PBXBuildFile; fileRef = E30902A62FBB729300C52238 /* CustomEssayTopicInputView.swift */; };
		E30902AD2FBB754B00C52238 /* EssayHintItem.swift in Sources */ = {isa = PBXBuildFile; fileRef = E30902AC2FBB753C00C52238 /* EssayHintItem.swift */; };
		E30902B42FBB96CB00C52238 /* EssayGeneratedHint.swift in Sources */ = {isa = PBXBuildFile; fileRef = E30902B32FBB96B800C52238 /* EssayGeneratedHint.swift */; };
		E30902B62FBB96E400C52238 /* EssayAIClient.swift in Sources */ = {isa = PBXBuildFile; fileRef = E30902B52FBB96DD00C52238 /* EssayAIClient.swift */; };
		E30902B82FBB96FA00C52238 /* EssayGenerationService.swift in Sources */ = {isa = PBXBuildFile; fileRef = E30902B72FBB96F200C52238 /* EssayGenerationService.swift */; };
		E30902BA2FBB973D00C52238 /* GeminiEssayAPIClient.swift in Sources */ = {isa = PBXBuildFile; fileRef = E30902B92FBB973600C52238 /* GeminiEssayAPIClient.swift */; };
		E30902BC2FBB975100C52238 /* GeneratedEssayTask.swift in Sources */ = {isa = PBXBuildFile; fileRef = E30902BB2FBB974900C52238 /* GeneratedEssayTask.swift */; };
		E30902C82FBC0FD000C52238 /* EssaysSetHintCardRowView.swift in Sources */ = {isa = PBXBuildFile; fileRef = E30902C72FBC0FBB00C52238 /* EssaysSetHintCardRowView.swift */; };
		E30902CA2FBC100900C52238 /* SetHintsSelectionView.swift in Sources */ = {isa = PBXBuildFile; fileRef = E30902C92FBC0FFE00C52238 /* SetHintsSelectionView.swift */; };
		E30902F02FBC65CA00C52238 /* GrammarNoteTopicCardView.swift in Sources */ = {isa = PBXBuildFile; fileRef = E30902ED2FBC65CA00C52238 /* GrammarNoteTopicCardView.swift */; };
		E30902F12FBC65CA00C52238 /* GrammarNoteTopicService.swift in Sources */ = {isa = PBXBuildFile; fileRef = E30902E52FBC65CA00C52238 /* GrammarNoteTopicService.swift */; };
		E30902F22FBC65CA00C52238 /* CreateGrammarTopicSheet.swift in Sources */ = {isa = PBXBuildFile; fileRef = E30902E92FBC65CA00C52238 /* CreateGrammarTopicSheet.swift */; };
		E30902F32FBC65CA00C52238 /* GrammarNotesSettingsView.swift in Sources */ = {isa = PBXBuildFile; fileRef = E30902EB2FBC65CA00C52238 /* GrammarNotesSettingsView.swift */; };
		E30902F42FBC65CA00C52238 /* GrammarNotesHomeView.swift in Sources */ = {isa = PBXBuildFile; fileRef = E30902EA2FBC65CA00C52238 /* GrammarNotesHomeView.swift */; };
		E30902F52FBC65CA00C52238 /* GrammarNotesHomeViewModel.swift in Sources */ = {isa = PBXBuildFile; fileRef = E30902E72FBC65CA00C52238 /* GrammarNotesHomeViewModel.swift */; };
		E30902F62FBC65CA00C52238 /* GrammarNoteTopic.swift in Sources */ = {isa = PBXBuildFile; fileRef = E30902E32FBC65CA00C52238 /* GrammarNoteTopic.swift */; };
		E30902F72FBC65CA00C52238 /* GrammarNotesTopicView.swift in Sources */ = {isa = PBXBuildFile; fileRef = E30902EC2FBC65CA00C52238 /* GrammarNotesTopicView.swift */; };
		E30A1CAA2F98010F00387BDC /* Assets.xcassets in Resources */ = {isa = PBXBuildFile; fileRef = E30A1CA62F98010F00387BDC /* Assets.xcassets */; };
		E30A1CAC2F98010F00387BDC /* WordAroundApp.swift in Sources */ = {isa = PBXBuildFile; fileRef = E30A1CA82F98010F00387BDC /* WordAroundApp.swift */; };
		E30A1CB32F9801B600387BDC /* .gitignore in Resources */ = {isa = PBXBuildFile; fileRef = E30A1CB22F9801AE00387BDC /* .gitignore */; };
		E30A1CBC2F98023B00387BDC /* HomeView.swift in Sources */ = {isa = PBXBuildFile; fileRef = E30A1CBB2F98023900387BDC /* HomeView.swift */; };
		E30A1CC12F98079D00387BDC /* OnboardingView.swift in Sources */ = {isa = PBXBuildFile; fileRef = E30A1CC02F98079800387BDC /* OnboardingView.swift */; };
		E30A1CC32F9819B100387BDC /* AuthView.swift in Sources */ = {isa = PBXBuildFile; fileRef = E30A1CC22F9819A000387BDC /* AuthView.swift */; };
		E30A1CC92F99438D00387BDC /* FirebaseCore in Frameworks */ = {isa = PBXBuildFile; productRef = E30A1CC82F99438D00387BDC /* FirebaseCore */; };
		E30A1CCB2F99439900387BDC /* FirebaseAuth in Frameworks */ = {isa = PBXBuildFile; productRef = E30A1CCA2F99439900387BDC /* FirebaseAuth */; };
		E30A1CCD2F99443200387BDC /* AppDelegate.swift in Sources */ = {isa = PBXBuildFile; fileRef = E30A1CCC2F99442B00387BDC /* AppDelegate.swift */; };
		E30A1CD02F99445D00387BDC /* AuthViewModel.swift in Sources */ = {isa = PBXBuildFile; fileRef = E30A1CCF2F99445700387BDC /* AuthViewModel.swift */; };
		E30A1CD32F99448B00387BDC /* AuthService.swift in Sources */ = {isa = PBXBuildFile; fileRef = E30A1CD22F99448400387BDC /* AuthService.swift */; };
		E30A1CD52F99451900387BDC /* BlobShape.swift in Sources */ = {isa = PBXBuildFile; fileRef = E30A1CD42F99451200387BDC /* BlobShape.swift */; };
		E30A1CD72F9953CF00387BDC /* GoogleService-Info.plist in Resources */ = {isa = PBXBuildFile; fileRef = E30A1CD62F9953CF00387BDC /* GoogleService-Info.plist */; };
		E30A1CDA2F99586500387BDC /* GoogleSignIn in Frameworks */ = {isa = PBXBuildFile; productRef = E30A1CD92F99586500387BDC /* GoogleSignIn */; };
		E30A1CDC2F99586500387BDC /* GoogleSignInSwift in Frameworks */ = {isa = PBXBuildFile; productRef = E30A1CDB2F99586500387BDC /* GoogleSignInSwift */; };
		E30A1CDF2F9A2D3900387BDC /* SessionStore.swift in Sources */ = {isa = PBXBuildFile; fileRef = E30A1CDE2F9A2D3200387BDC /* SessionStore.swift */; };
		E30A1CE12F9A358000387BDC /* VerifyEmailView.swift in Sources */ = {isa = PBXBuildFile; fileRef = E30A1CE02F9A357500387BDC /* VerifyEmailView.swift */; };
		E30A1D072F9A5FC000387BDC /* HomeHeaderView.swift in Sources */ = {isa = PBXBuildFile; fileRef = E30A1D062F9A5FB300387BDC /* HomeHeaderView.swift */; };
		E30A1D092F9A5FDB00387BDC /* CategorySidebarView.swift in Sources */ = {isa = PBXBuildFile; fileRef = E30A1D082F9A5FCD00387BDC /* CategorySidebarView.swift */; };
		E30A1D0B2F9A5FF400387BDC /* BottomNavigationBarView.swift in Sources */ = {isa = PBXBuildFile; fileRef = E30A1D0A2F9A5FE700387BDC /* BottomNavigationBarView.swift */; };
		E30A1D0D2F9A616F00387BDC /* HomeCategory.swift in Sources */ = {isa = PBXBuildFile; fileRef = E30A1D0C2F9A616100387BDC /* HomeCategory.swift */; };
		E30A1D0F2F9A618800387BDC /* HomeTab.swift in Sources */ = {isa = PBXBuildFile; fileRef = E30A1D0E2F9A618400387BDC /* HomeTab.swift */; };
		E30A1D1D2F9AC1D500387BDC /* BaseCardView.swift in Sources */ = {isa = PBXBuildFile; fileRef = E30A1D1C2F9AC1C800387BDC /* BaseCardView.swift */; };
		E30A1D1F2F9AC1F100387BDC /* Layout.swift in Sources */ = {isa = PBXBuildFile; fileRef = E30A1D1E2F9AC1E500387BDC /* Layout.swift */; };
		E30A1D212F9AC20B00387BDC /* ProgressCardView.swift in Sources */ = {isa = PBXBuildFile; fileRef = E30A1D202F9AC20500387BDC /* ProgressCardView.swift */; };
		E30A1D232F9AC21B00387BDC /* StatCardView.swift in Sources */ = {isa = PBXBuildFile; fileRef = E30A1D222F9AC21700387BDC /* StatCardView.swift */; };
		E30A1D252F9AC23000387BDC /* SetItemView.swift in Sources */ = {isa = PBXBuildFile; fileRef = E30A1D242F9AC22800387BDC /* SetItemView.swift */; };
		E30A1D4F2F9BB9D000387BDC /* AppColors.swift in Sources */ = {isa = PBXBuildFile; fileRef = E30A1D4E2F9BB9C700387BDC /* AppColors.swift */; };
		E30A1D512F9BBCFC00387BDC /* StatCardItem.swift in Sources */ = {isa = PBXBuildFile; fileRef = E30A1D502F9BBCFC00387BDC /* StatCardItem.swift */; };
		E30A1D532F9BBD1800387BDC /* FlashCardSet.swift in Sources */ = {isa = PBXBuildFile; fileRef = E30A1D522F9BBD1800387BDC /* FlashCardSet.swift */; };
		E30A1D552F9BBD3D00387BDC /* HomeViewModel.swift in Sources */ = {isa = PBXBuildFile; fileRef = E30A1D542F9BBD3700387BDC /* HomeViewModel.swift */; };
		E30A1D572F9BBF9400387BDC /* VerifyEmailViewModel.swift in Sources */ = {isa = PBXBuildFile; fileRef = E30A1D562F9BBF8500387BDC /* VerifyEmailViewModel.swift */; };
		E30A1D5B2F9BEB5400387BDC /* CreateSetView.swift in Sources */ = {isa = PBXBuildFile; fileRef = E30A1D5A2F9BEB4900387BDC /* CreateSetView.swift */; };
		E30A1D5D2F9BEB8200387BDC /* CreateSet.swift in Sources */ = {isa = PBXBuildFile; fileRef = E30A1D5C2F9BEB8200387BDC /* CreateSet.swift */; };
		E30A1D602F9BF5C600387BDC /* CreateSetViewModel.swift in Sources */ = {isa = PBXBuildFile; fileRef = E30A1D5F2F9BF5BC00387BDC /* CreateSetViewModel.swift */; };
		E30A1D632F9BF79100387BDC /* CreateSetHeaderView.swift in Sources */ = {isa = PBXBuildFile; fileRef = E30A1D622F9BF77D00387BDC /* CreateSetHeaderView.swift */; };
		E30A1D652F9BF79F00387BDC /* CreateSetInfoSectionView.swift in Sources */ = {isa = PBXBuildFile; fileRef = E30A1D642F9BF79D00387BDC /* CreateSetInfoSectionView.swift */; };
		E30A1D672F9BF7AB00387BDC /* CreateSetCustomizationSectionView.swift in Sources */ = {isa = PBXBuildFile; fileRef = E30A1D662F9BF7A900387BDC /* CreateSetCustomizationSectionView.swift */; };
		E30A1D692F9BF7C500387BDC /* CreateSetPreviewCardView.swift in Sources */ = {isa = PBXBuildFile; fileRef = E30A1D682F9BF7C300387BDC /* CreateSetPreviewCardView.swift */; };
		E30A1D6B2F9BF7D200387BDC /* CreateSetCardsSectionView.swift in Sources */ = {isa = PBXBuildFile; fileRef = E30A1D6A2F9BF7D000387BDC /* CreateSetCardsSectionView.swift */; };
		E30A1D6D2F9BF7E100387BDC /* CreateSetFieldStyle.swift in Sources */ = {isa = PBXBuildFile; fileRef = E30A1D6C2F9BF7DF00387BDC /* CreateSetFieldStyle.swift */; };
		E30A1D6F2F9C0E9200387BDC /* SetIconType.swift in Sources */ = {isa = PBXBuildFile; fileRef = E30A1D6E2F9C0E9200387BDC /* SetIconType.swift */; };
		E30A1D712F9C0ED000387BDC /* FlashCard.swift in Sources */ = {isa = PBXBuildFile; fileRef = E30A1D702F9C0ED000387BDC /* FlashCard.swift */; };
		E30A1D752F9C0EF800387BDC /* FlashcardSetService.swift in Sources */ = {isa = PBXBuildFile; fileRef = E30A1D742F9C0EF700387BDC /* FlashcardSetService.swift */; };
		E30A1D782F9C14D700387BDC /* FirebaseFirestore in Frameworks */ = {isa = PBXBuildFile; productRef = E30A1D772F9C14D700387BDC /* FirebaseFirestore */; };
		E30A1D7A2F9C14F200387BDC /* FirebaseStorage in Frameworks */ = {isa = PBXBuildFile; productRef = E30A1D792F9C14F200387BDC /* FirebaseStorage */; };
		E30A1D7C2F9C1D6900387BDC /* HomeSetPreviewItem.swift in Sources */ = {isa = PBXBuildFile; fileRef = E30A1D7B2F9C1D6900387BDC /* HomeSetPreviewItem.swift */; };
		E30A1D7E2F9C236000387BDC /* CreateSetTheme.swift in Sources */ = {isa = PBXBuildFile; fileRef = E30A1D7D2F9C236000387BDC /* CreateSetTheme.swift */; };
		E30A1D812F9C24C100387BDC /* HomeSetPreviewMapper.swift in Sources */ = {isa = PBXBuildFile; fileRef = E30A1D802F9C24BF00387BDC /* HomeSetPreviewMapper.swift */; };
		E30A1D832F9C2EF700387BDC /* LocalImageStorageService.swift in Sources */ = {isa = PBXBuildFile; fileRef = E30A1D822F9C2EE800387BDC /* LocalImageStorageService.swift */; };
		E30A1D892F9CCA6200387BDC /* FleshcardSetDetailView.swift in Sources */ = {isa = PBXBuildFile; fileRef = E30A1D882F9CCA4400387BDC /* FleshcardSetDetailView.swift */; };
		E30A1D8B2F9CDB7300387BDC /* FlashcardSetDetailViewModel.swift in Sources */ = {isa = PBXBuildFile; fileRef = E30A1D8A2F9CDB7100387BDC /* FlashcardSetDetailViewModel.swift */; };
		E30A1D962F9CE42500387BDC /* FlashcardSetDetailHeaderView.swift in Sources */ = {isa = PBXBuildFile; fileRef = E30A1D932F9CE42500387BDC /* FlashcardSetDetailHeaderView.swift */; };
		E30A1D972F9CE42500387BDC /* FlashcardSetDetailAddButton.swift in Sources */ = {isa = PBXBuildFile; fileRef = E30A1D8D2F9CE42500387BDC /* FlashcardSetDetailAddButton.swift */; };
		E30A1D982F9CE42500387BDC /* FlashcardSetDetailCardFilter.swift in Sources */ = {isa = PBXBuildFile; fileRef = E30A1D8F2F9CE42500387BDC /* FlashcardSetDetailCardFilter.swift */; };
		E30A1D992F9CE42500387BDC /* FlashcardSetDetailControlsView.swift in Sources */ = {isa = PBXBuildFile; fileRef = E30A1D912F9CE42500387BDC /* FlashcardSetDetailControlsView.swift */; };
		E30A1D9A2F9CE42500387BDC /* FlashcardSetDetailCardRowView.swift in Sources */ = {isa = PBXBuildFile; fileRef = E30A1D902F9CE42500387BDC /* FlashcardSetDetailCardRowView.swift */; };
		E30A1D9B2F9CE42500387BDC /* FlashcardSetDetailBottomCover.swift in Sources */ = {isa = PBXBuildFile; fileRef = E30A1D8E2F9CE42500387BDC /* FlashcardSetDetailBottomCover.swift */; };
		E30A1D9C2F9CE42500387BDC /* FlashcardSetDetailFilterTabsView.swift in Sources */ = {isa = PBXBuildFile; fileRef = E30A1D922F9CE42500387BDC /* FlashcardSetDetailFilterTabsView.swift */; };
		E30A1D9D2F9CE42500387BDC /* FlashcardSetDetailMainCardView.swift in Sources */ = {isa = PBXBuildFile; fileRef = E30A1D942F9CE42500387BDC /* FlashcardSetDetailMainCardView.swift */; };
		E30A1D9E2F9CE42500387BDC /* FlashcardSetDetailTopBarView.swift in Sources */ = {isa = PBXBuildFile; fileRef = E30A1D952F9CE42500387BDC /* FlashcardSetDetailTopBarView.swift */; };
		E30A1DA22F9D730E00387BDC /* SFSymbolPickerView.swift in Sources */ = {isa = PBXBuildFile; fileRef = E30A1DA12F9D730400387BDC /* SFSymbolPickerView.swift */; };
		E30A1DA42F9E076500387BDC /* Folders.swift in Sources */ = {isa = PBXBuildFile; fileRef = E30A1DA32F9E076200387BDC /* Folders.swift */; };
		E30A1DA62F9E07A000387BDC /* FolderService.swift in Sources */ = {isa = PBXBuildFile; fileRef = E30A1DA52F9E079A00387BDC /* FolderService.swift */; };
		E30A1DAC2F9E07E600387BDC /* CreateFolderView.swift in Sources */ = {isa = PBXBuildFile; fileRef = E30A1DAB2F9E07DB00387BDC /* CreateFolderView.swift */; };
		E30A1DAE2F9E07F000387BDC /* CreateFolderViewModel.swift in Sources */ = {isa = PBXBuildFile; fileRef = E30A1DAD2F9E07E900387BDC /* CreateFolderViewModel.swift */; };
		E30A1DB02F9E098700387BDC /* FolderDetailViewModel.swift in Sources */ = {isa = PBXBuildFile; fileRef = E30A1DAF2F9E097F00387BDC /* FolderDetailViewModel.swift */; };
		E30A1DB22F9E099600387BDC /* FolderDetailView.swift in Sources */ = {isa = PBXBuildFile; fileRef = E30A1DB12F9E099000387BDC /* FolderDetailView.swift */; };
		E30A1DB42F9E0C3D00387BDC /* FolderCardView.swift in Sources */ = {isa = PBXBuildFile; fileRef = E30A1DB32F9E0C3600387BDC /* FolderCardView.swift */; };
		E30A1DB82FA14BAA00387BDC /* FoldersListView.swift in Sources */ = {isa = PBXBuildFile; fileRef = E30A1DB72FA14BA200387BDC /* FoldersListView.swift */; };
		E30A1DC82FA25C9D00387BDC /* FlashcardEditView.swift in Sources */ = {isa = PBXBuildFile; fileRef = E30A1DC72FA25C9100387BDC /* FlashcardEditView.swift */; };
		E30A1DCD2FA2B30100387BDC /* FlashcardExpandedView.swift in Sources */ = {isa = PBXBuildFile; fileRef = E30A1DCC2FA2B2F400387BDC /* FlashcardExpandedView.swift */; };
		E30A1DCF2FA2B4C800387BDC /* FlashcardSetAddCardView.swift in Sources */ = {isa = PBXBuildFile; fileRef = E30A1DCE2FA2B4C500387BDC /* FlashcardSetAddCardView.swift */; };
/* End PBXBuildFile section */

/* Begin PBXFileReference section */
		E30902202FBA3EC600C52238 /* WriteWordsAnswerCellsView.swift */ = {isa = PBXFileReference; lastKnownFileType = sourcecode.swift; path = WriteWordsAnswerCellsView.swift; sourceTree = "<group>"; };
		E30902212FBA3EC600C52238 /* WriteWordsExerciseCardView.swift */ = {isa = PBXFileReference; lastKnownFileType = sourcecode.swift; path = WriteWordsExerciseCardView.swift; sourceTree = "<group>"; };
		E30902222FBA3EC600C52238 /* WriteWordsProgressView.swift */ = {isa = PBXFileReference; lastKnownFileType = sourcecode.swift; path = WriteWordsProgressView.swift; sourceTree = "<group>"; };
		E30902232FBA3EC600C52238 /* WriteWordsView.swift */ = {isa = PBXFileReference; lastKnownFileType = sourcecode.swift; path = WriteWordsView.swift; sourceTree = "<group>"; };
		E30902242FBA3EC600C52238 /* WriteWordsViewModel.swift */ = {isa = PBXFileReference; lastKnownFileType = sourcecode.swift; path = WriteWordsViewModel.swift; sourceTree = "<group>"; };
		E30902252FBA3EC600C52238 /* WritingGoalCardView.swift */ = {isa = PBXFileReference; lastKnownFileType = sourcecode.swift; path = WritingGoalCardView.swift; sourceTree = "<group>"; };
		E30902262FBA3EC600C52238 /* WritingMenuCardView.swift */ = {isa = PBXFileReference; lastKnownFileType = sourcecode.swift; path = WritingMenuCardView.swift; sourceTree = "<group>"; };
		E30902272FBA3EC600C52238 /* WritingModels.swift */ = {isa = PBXFileReference; lastKnownFileType = sourcecode.swift; path = WritingModels.swift; sourceTree = "<group>"; };
		E30902282FBA3EC600C52238 /* WritingSetCardView.swift */ = {isa = PBXFileReference; lastKnownFileType = sourcecode.swift; path = WritingSetCardView.swift; sourceTree = "<group>"; };
		E30902292FBA3EC600C52238 /* WritingSetSelectionView.swift */ = {isa = PBXFileReference; lastKnownFileType = sourcecode.swift; path = WritingSetSelectionView.swift; sourceTree = "<group>"; };
		E309022A2FBA3EC600C52238 /* WritingSetSelectionViewModel.swift */ = {isa = PBXFileReference; lastKnownFileType = sourcecode.swift; path = WritingSetSelectionViewModel.swift; sourceTree = "<group>"; };
		E309022B2FBA3EC600C52238 /* WritingView.swift */ = {isa = PBXFileReference; lastKnownFileType = sourcecode.swift; path = WritingView.swift; sourceTree = "<group>"; };
		E309022C2FBA3EC600C52238 /* WritingViewModel.swift */ = {isa = PBXFileReference; lastKnownFileType = sourcecode.swift; path = WritingViewModel.swift; sourceTree = "<group>"; };
		E309023A2FBA8B8700C52238 /* WriteWordsAnswerInputView.swift */ = {isa = PBXFileReference; lastKnownFileType = sourcecode.swift; path = WriteWordsAnswerInputView.swift; sourceTree = "<group>"; };
		E309023C2FBAA0F800C52238 /* WriteWordsSettingsSheet.swift */ = {isa = PBXFileReference; lastKnownFileType = sourcecode.swift; path = WriteWordsSettingsSheet.swift; sourceTree = "<group>"; };
		E30902402FBAB03600C52238 /* WriteWordsCountdownTimerView.swift */ = {isa = PBXFileReference; lastKnownFileType = sourcecode.swift; path = WriteWordsCountdownTimerView.swift; sourceTree = "<group>"; };
		E309024B2FBAB97000C52238 /* WriteWordsLoseScreenView.swift */ = {isa = PBXFileReference; lastKnownFileType = sourcecode.swift; path = WriteWordsLoseScreenView.swift; sourceTree = "<group>"; };
		E30902512FBAC9E500C52238 /* GrammarCheckService.swift */ = {isa = PBXFileReference; lastKnownFileType = sourcecode.swift; path = GrammarCheckService.swift; sourceTree = "<group>"; };
		E30902532FBAC9F500C52238 /* EssayTopic.swift */ = {isa = PBXFileReference; lastKnownFileType = sourcecode.swift; path = EssayTopic.swift; sourceTree = "<group>"; };
		E30902542FBAC9F500C52238 /* GrammarIssue.swift */ = {isa = PBXFileReference; lastKnownFileType = sourcecode.swift; path = GrammarIssue.swift; sourceTree = "<group>"; };
		E30902572FBACA0D00C52238 /* EssayPracticeViewModel.swift */ = {isa = PBXFileReference; lastKnownFileType = sourcecode.swift; path = EssayPracticeViewModel.swift; sourceTree = "<group>"; };
		E30902592FBACA1C00C52238 /* EssayFeedbackSectionView.swift */ = {isa = PBXFileReference; lastKnownFileType = sourcecode.swift; path = EssayFeedbackSectionView.swift; sourceTree = "<group>"; };
		E309025A2FBACA1C00C52238 /* EssayPracticeView.swift */ = {isa = PBXFileReference; lastKnownFileType = sourcecode.swift; path = EssayPracticeView.swift; sourceTree = "<group>"; };
		E309025B2FBACA1C00C52238 /* EssayTopicCardView.swift */ = {isa = PBXFileReference; lastKnownFileType = sourcecode.swift; path = EssayTopicCardView.swift; sourceTree = "<group>"; };
		E309025C2FBACA1C00C52238 /* GrammarIssueCardView.swift */ = {isa = PBXFileReference; lastKnownFileType = sourcecode.swift; path = GrammarIssueCardView.swift; sourceTree = "<group>"; };
		E30902612FBAE18900C52238 /* EssayDifficulty.swift */ = {isa = PBXFileReference; lastKnownFileType = sourcecode.swift; path = EssayDifficulty.swift; sourceTree = "<group>"; };
		E30902632FBAE1AB00C52238 /* GrammarLanguage.swift */ = {isa = PBXFileReference; lastKnownFileType = sourcecode.swift; path = GrammarLanguage.swift; sourceTree = "<group>"; };
		E30902652FBAE1BE00C52238 /* EssayScore.swift */ = {isa = PBXFileReference; lastKnownFileType = sourcecode.swift; path = EssayScore.swift; sourceTree = "<group>"; };
		E30902682FBAE25900C52238 /* LanguageSelectorView.swift */ = {isa = PBXFileReference; lastKnownFileType = sourcecode.swift; path = LanguageSelectorView.swift; sourceTree = "<group>"; };
		E309026A2FBAE27400C52238 /* DifficultySelectorView.swift */ = {isa = PBXFileReference; lastKnownFileType = sourcecode.swift; path = DifficultySelectorView.swift; sourceTree = "<group>"; };
		E309026E2FBAE6C600C52238 /* EssayInputSectionView.swift */ = {isa = PBXFileReference; lastKnownFileType = sourcecode.swift; path = EssayInputSectionView.swift; sourceTree = "<group>"; };
		E309029A2FBB6E8000C52238 /* EssayTopicMode.swift */ = {isa = PBXFileReference; lastKnownFileType = sourcecode.swift; path = EssayTopicMode.swift; sourceTree = "<group>"; };
		E309029C2FBB6E9600C52238 /* EssayAssistantItem.swift */ = {isa = PBXFileReference; lastKnownFileType = sourcecode.swift; path = EssayAssistantItem.swift; sourceTree = "<group>"; };
		E309029E2FBB6EBF00C52238 /* EssayScoringService.swift */ = {isa = PBXFileReference; lastKnownFileType = sourcecode.swift; path = EssayScoringService.swift; sourceTree = "<group>"; };
		E30902A02FBB6EE100C52238 /* EssayAssistanceService.swift */ = {isa = PBXFileReference; lastKnownFileType = sourcecode.swift; path = EssayAssistanceService.swift; sourceTree = "<group>"; };
		E30902A42FBB724D00C52238 /* EssayHelperToolbarView.swift */ = {isa = PBXFileReference; lastKnownFileType = sourcecode.swift; path = EssayHelperToolbarView.swift; sourceTree = "<group>"; };
		E30902A62FBB729300C52238 /* CustomEssayTopicInputView.swift */ = {isa = PBXFileReference; lastKnownFileType = sourcecode.swift; path = CustomEssayTopicInputView.swift; sourceTree = "<group>"; };
		E30902A72FBB729300C52238 /* EssayAssistanceModalView.swift */ = {isa = PBXFileReference; lastKnownFileType = sourcecode.swift; path = EssayAssistanceModalView.swift; sourceTree = "<group>"; };
		E30902A82FBB729300C52238 /* EssayScoreCardView.swift */ = {isa = PBXFileReference; lastKnownFileType = sourcecode.swift; path = EssayScoreCardView.swift; sourceTree = "<group>"; };
		E30902AC2FBB753C00C52238 /* EssayHintItem.swift */ = {isa = PBXFileReference; lastKnownFileType = sourcecode.swift; path = EssayHintItem.swift; sourceTree = "<group>"; };
		E30902B32FBB96B800C52238 /* EssayGeneratedHint.swift */ = {isa = PBXFileReference; lastKnownFileType = sourcecode.swift; path = EssayGeneratedHint.swift; sourceTree = "<group>"; };
		E30902B52FBB96DD00C52238 /* EssayAIClient.swift */ = {isa = PBXFileReference; lastKnownFileType = sourcecode.swift; path = EssayAIClient.swift; sourceTree = "<group>"; };
		E30902B72FBB96F200C52238 /* EssayGenerationService.swift */ = {isa = PBXFileReference; lastKnownFileType = sourcecode.swift; path = EssayGenerationService.swift; sourceTree = "<group>"; };
		E30902B92FBB973600C52238 /* GeminiEssayAPIClient.swift */ = {isa = PBXFileReference; lastKnownFileType = sourcecode.swift; path = GeminiEssayAPIClient.swift; sourceTree = "<group>"; };
		E30902BB2FBB974900C52238 /* GeneratedEssayTask.swift */ = {isa = PBXFileReference; lastKnownFileType = sourcecode.swift; path = GeneratedEssayTask.swift; sourceTree = "<group>"; };
		E30902C72FBC0FBB00C52238 /* EssaysSetHintCardRowView.swift */ = {isa = PBXFileReference; lastKnownFileType = sourcecode.swift; path = EssaysSetHintCardRowView.swift; sourceTree = "<group>"; };
		E30902C92FBC0FFE00C52238 /* SetHintsSelectionView.swift */ = {isa = PBXFileReference; lastKnownFileType = sourcecode.swift; path = SetHintsSelectionView.swift; sourceTree = "<group>"; };
		E30902E32FBC65CA00C52238 /* GrammarNoteTopic.swift */ = {isa = PBXFileReference; lastKnownFileType = sourcecode.swift; path = GrammarNoteTopic.swift; sourceTree = "<group>"; };
		E30902E52FBC65CA00C52238 /* GrammarNoteTopicService.swift */ = {isa = PBXFileReference; lastKnownFileType = sourcecode.swift; path = GrammarNoteTopicService.swift; sourceTree = "<group>"; };
		E30902E72FBC65CA00C52238 /* GrammarNotesHomeViewModel.swift */ = {isa = PBXFileReference; lastKnownFileType = sourcecode.swift; path = GrammarNotesHomeViewModel.swift; sourceTree = "<group>"; };
		E30902E92FBC65CA00C52238 /* CreateGrammarTopicSheet.swift */ = {isa = PBXFileReference; lastKnownFileType = sourcecode.swift; path = CreateGrammarTopicSheet.swift; sourceTree = "<group>"; };
		E30902EA2FBC65CA00C52238 /* GrammarNotesHomeView.swift */ = {isa = PBXFileReference; lastKnownFileType = sourcecode.swift; path = GrammarNotesHomeView.swift; sourceTree = "<group>"; };
		E30902EB2FBC65CA00C52238 /* GrammarNotesSettingsView.swift */ = {isa = PBXFileReference; lastKnownFileType = sourcecode.swift; path = GrammarNotesSettingsView.swift; sourceTree = "<group>"; };
		E30902EC2FBC65CA00C52238 /* GrammarNotesTopicView.swift */ = {isa = PBXFileReference; lastKnownFileType = sourcecode.swift; path = GrammarNotesTopicView.swift; sourceTree = "<group>"; };
		E30902ED2FBC65CA00C52238 /* GrammarNoteTopicCardView.swift */ = {isa = PBXFileReference; lastKnownFileType = sourcecode.swift; path = GrammarNoteTopicCardView.swift; sourceTree = "<group>"; };
		E30A1C982F98003000387BDC /* WordAround.app */ = {isa = PBXFileReference; explicitFileType = wrapper.application; includeInIndex = 0; path = WordAround.app; sourceTree = BUILT_PRODUCTS_DIR; };
		E30A1CA62F98010F00387BDC /* Assets.xcassets */ = {isa = PBXFileReference; lastKnownFileType = folder.assetcatalog; path = Assets.xcassets; sourceTree = "<group>"; };
		E30A1CA82F98010F00387BDC /* WordAroundApp.swift */ = {isa = PBXFileReference; lastKnownFileType = sourcecode.swift; path = WordAroundApp.swift; sourceTree = "<group>"; };
		E30A1CB22F9801AE00387BDC /* .gitignore */ = {isa = PBXFileReference; lastKnownFileType = text; path = .gitignore; sourceTree = "<group>"; };
		E30A1CBB2F98023900387BDC /* HomeView.swift */ = {isa = PBXFileReference; lastKnownFileType = sourcecode.swift; path = HomeView.swift; sourceTree = "<group>"; };
		E30A1CC02F98079800387BDC /* OnboardingView.swift */ = {isa = PBXFileReference; lastKnownFileType = sourcecode.swift; path = OnboardingView.swift; sourceTree = "<group>"; };
		E30A1CC22F9819A000387BDC /* AuthView.swift */ = {isa = PBXFileReference; lastKnownFileType = sourcecode.swift; path = AuthView.swift; sourceTree = "<group>"; };
		E30A1CCC2F99442B00387BDC /* AppDelegate.swift */ = {isa = PBXFileReference; lastKnownFileType = sourcecode.swift; path = AppDelegate.swift; sourceTree = "<group>"; };
		E30A1CCF2F99445700387BDC /* AuthViewModel.swift */ = {isa = PBXFileReference; lastKnownFileType = sourcecode.swift; path = AuthViewModel.swift; sourceTree = "<group>"; };
		E30A1CD22F99448400387BDC /* AuthService.swift */ = {isa = PBXFileReference; lastKnownFileType = sourcecode.swift; path = AuthService.swift; sourceTree = "<group>"; };
		E30A1CD42F99451200387BDC /* BlobShape.swift */ = {isa = PBXFileReference; lastKnownFileType = sourcecode.swift; path = BlobShape.swift; sourceTree = "<group>"; };
		E30A1CD62F9953CF00387BDC /* GoogleService-Info.plist */ = {isa = PBXFileReference; lastKnownFileType = text.plist.xml; path = "GoogleService-Info.plist"; sourceTree = "<group>"; };
		E30A1CDD2F995BF100387BDC /* Info.plist */ = {isa = PBXFileReference; lastKnownFileType = text.plist.xml; path = Info.plist; sourceTree = "<group>"; };
		E30A1CDE2F9A2D3200387BDC /* SessionStore.swift */ = {isa = PBXFileReference; lastKnownFileType = sourcecode.swift; path = SessionStore.swift; sourceTree = "<group>"; };
		E30A1CE02F9A357500387BDC /* VerifyEmailView.swift */ = {isa = PBXFileReference; lastKnownFileType = sourcecode.swift; path = VerifyEmailView.swift; sourceTree = "<group>"; };
		E30A1D062F9A5FB300387BDC /* HomeHeaderView.swift */ = {isa = PBXFileReference; lastKnownFileType = sourcecode.swift; path = HomeHeaderView.swift; sourceTree = "<group>"; };
		E30A1D082F9A5FCD00387BDC /* CategorySidebarView.swift */ = {isa = PBXFileReference; lastKnownFileType = sourcecode.swift; path = CategorySidebarView.swift; sourceTree = "<group>"; };
		E30A1D0A2F9A5FE700387BDC /* BottomNavigationBarView.swift */ = {isa = PBXFileReference; lastKnownFileType = sourcecode.swift; path = BottomNavigationBarView.swift; sourceTree = "<group>"; };
		E30A1D0C2F9A616100387BDC /* HomeCategory.swift */ = {isa = PBXFileReference; lastKnownFileType = sourcecode.swift; path = HomeCategory.swift; sourceTree = "<group>"; };
		E30A1D0E2F9A618400387BDC /* HomeTab.swift */ = {isa = PBXFileReference; lastKnownFileType = sourcecode.swift; path = HomeTab.swift; sourceTree = "<group>"; };
		E30A1D1C2F9AC1C800387BDC /* BaseCardView.swift */ = {isa = PBXFileReference; lastKnownFileType = sourcecode.swift; path = BaseCardView.swift; sourceTree = "<group>"; };
		E30A1D1E2F9AC1E500387BDC /* Layout.swift */ = {isa = PBXFileReference; lastKnownFileType = sourcecode.swift; path = Layout.swift; sourceTree = "<group>"; };
		E30A1D202F9AC20500387BDC /* ProgressCardView.swift */ = {isa = PBXFileReference; lastKnownFileType = sourcecode.swift; path = ProgressCardView.swift; sourceTree = "<group>"; };
		E30A1D222F9AC21700387BDC /* StatCardView.swift */ = {isa = PBXFileReference; lastKnownFileType = sourcecode.swift; path = StatCardView.swift; sourceTree = "<group>"; };
		E30A1D242F9AC22800387BDC /* SetItemView.swift */ = {isa = PBXFileReference; lastKnownFileType = sourcecode.swift; path = SetItemView.swift; sourceTree = "<group>"; };
		E30A1D4E2F9BB9C700387BDC /* AppColors.swift */ = {isa = PBXFileReference; lastKnownFileType = sourcecode.swift; path = AppColors.swift; sourceTree = "<group>"; };
		E30A1D502F9BBCFC00387BDC /* StatCardItem.swift */ = {isa = PBXFileReference; lastKnownFileType = sourcecode.swift; name = StatCardItem.swift; path = WordAround/Core/StatCardItem.swift; sourceTree = SOURCE_ROOT; };
		E30A1D522F9BBD1800387BDC /* FlashCardSet.swift */ = {isa = PBXFileReference; lastKnownFileType = sourcecode.swift; name = FlashCardSet.swift; path = WordAround/Core/FlashCardSet.swift; sourceTree = SOURCE_ROOT; };
		E30A1D542F9BBD3700387BDC /* HomeViewModel.swift */ = {isa = PBXFileReference; lastKnownFileType = sourcecode.swift; path = HomeViewModel.swift; sourceTree = "<group>"; };
		E30A1D562F9BBF8500387BDC /* VerifyEmailViewModel.swift */ = {isa = PBXFileReference; lastKnownFileType = sourcecode.swift; path = VerifyEmailViewModel.swift; sourceTree = "<group>"; };
		E30A1D5A2F9BEB4900387BDC /* CreateSetView.swift */ = {isa = PBXFileReference; lastKnownFileType = sourcecode.swift; path = CreateSetView.swift; sourceTree = "<group>"; };
		E30A1D5C2F9BEB8200387BDC /* CreateSet.swift */ = {isa = PBXFileReference; lastKnownFileType = sourcecode.swift; name = CreateSet.swift; path = WordAround/Core/CreateSet.swift; sourceTree = SOURCE_ROOT; };
		E30A1D5F2F9BF5BC00387BDC /* CreateSetViewModel.swift */ = {isa = PBXFileReference; lastKnownFileType = sourcecode.swift; path = CreateSetViewModel.swift; sourceTree = "<group>"; };
		E30A1D622F9BF77D00387BDC /* CreateSetHeaderView.swift */ = {isa = PBXFileReference; lastKnownFileType = sourcecode.swift; path = CreateSetHeaderView.swift; sourceTree = "<group>"; };
		E30A1D642F9BF79D00387BDC /* CreateSetInfoSectionView.swift */ = {isa = PBXFileReference; lastKnownFileType = sourcecode.swift; path = CreateSetInfoSectionView.swift; sourceTree = "<group>"; };
		E30A1D662F9BF7A900387BDC /* CreateSetCustomizationSectionView.swift */ = {isa = PBXFileReference; lastKnownFileType = sourcecode.swift; path = CreateSetCustomizationSectionView.swift; sourceTree = "<group>"; };
		E30A1D682F9BF7C300387BDC /* CreateSetPreviewCardView.swift */ = {isa = PBXFileReference; lastKnownFileType = sourcecode.swift; path = CreateSetPreviewCardView.swift; sourceTree = "<group>"; };
		E30A1D6A2F9BF7D000387BDC /* CreateSetCardsSectionView.swift */ = {isa = PBXFileReference; lastKnownFileType = sourcecode.swift; path = CreateSetCardsSectionView.swift; sourceTree = "<group>"; };
		E30A1D6C2F9BF7DF00387BDC /* CreateSetFieldStyle.swift */ = {isa = PBXFileReference; lastKnownFileType = sourcecode.swift; path = CreateSetFieldStyle.swift; sourceTree = "<group>"; };
		E30A1D6E2F9C0E9200387BDC /* SetIconType.swift */ = {isa = PBXFileReference; lastKnownFileType = sourcecode.swift; name = SetIconType.swift; path = WordAround/Core/SetIconType.swift; sourceTree = SOURCE_ROOT; };
		E30A1D702F9C0ED000387BDC /* FlashCard.swift */ = {isa = PBXFileReference; lastKnownFileType = sourcecode.swift; name = FlashCard.swift; path = WordAround/Core/FlashCard.swift; sourceTree = SOURCE_ROOT; };
		E30A1D742F9C0EF700387BDC /* FlashcardSetService.swift */ = {isa = PBXFileReference; lastKnownFileType = sourcecode.swift; path = FlashcardSetService.swift; sourceTree = "<group>"; };
		E30A1D7B2F9C1D6900387BDC /* HomeSetPreviewItem.swift */ = {isa = PBXFileReference; lastKnownFileType = sourcecode.swift; name = HomeSetPreviewItem.swift; path = WordAround/Core/HomeSetPreviewItem.swift; sourceTree = SOURCE_ROOT; };
		E30A1D7D2F9C236000387BDC /* CreateSetTheme.swift */ = {isa = PBXFileReference; lastKnownFileType = sourcecode.swift; name = CreateSetTheme.swift; path = WordAround/Core/CreateSetTheme.swift; sourceTree = SOURCE_ROOT; };
		E30A1D802F9C24BF00387BDC /* HomeSetPreviewMapper.swift */ = {isa = PBXFileReference; lastKnownFileType = sourcecode.swift; path = HomeSetPreviewMapper.swift; sourceTree = "<group>"; };
		E30A1D822F9C2EE800387BDC /* LocalImageStorageService.swift */ = {isa = PBXFileReference; lastKnownFileType = sourcecode.swift; path = LocalImageStorageService.swift; sourceTree = "<group>"; };
		E30A1D882F9CCA4400387BDC /* FleshcardSetDetailView.swift */ = {isa = PBXFileReference; lastKnownFileType = sourcecode.swift; path = FleshcardSetDetailView.swift; sourceTree = "<group>"; };
		E30A1D8A2F9CDB7100387BDC /* FlashcardSetDetailViewModel.swift */ = {isa = PBXFileReference; lastKnownFileType = sourcecode.swift; path = FlashcardSetDetailViewModel.swift; sourceTree = "<group>"; };
		E30A1D8D2F9CE42500387BDC /* FlashcardSetDetailAddButton.swift */ = {isa = PBXFileReference; lastKnownFileType = sourcecode.swift; path = FlashcardSetDetailAddButton.swift; sourceTree = "<group>"; };
		E30A1D8E2F9CE42500387BDC /* FlashcardSetDetailBottomCover.swift */ = {isa = PBXFileReference; lastKnownFileType = sourcecode.swift; path = FlashcardSetDetailBottomCover.swift; sourceTree = "<group>"; };
		E30A1D8F2F9CE42500387BDC /* FlashcardSetDetailCardFilter.swift */ = {isa = PBXFileReference; lastKnownFileType = sourcecode.swift; path = FlashcardSetDetailCardFilter.swift; sourceTree = "<group>"; };
		E30A1D902F9CE42500387BDC /* FlashcardSetDetailCardRowView.swift */ = {isa = PBXFileReference; lastKnownFileType = sourcecode.swift; path = FlashcardSetDetailCardRowView.swift; sourceTree = "<group>"; };
		E30A1D912F9CE42500387BDC /* FlashcardSetDetailControlsView.swift */ = {isa = PBXFileReference; lastKnownFileType = sourcecode.swift; path = FlashcardSetDetailControlsView.swift; sourceTree = "<group>"; };
		E30A1D922F9CE42500387BDC /* FlashcardSetDetailFilterTabsView.swift */ = {isa = PBXFileReference; lastKnownFileType = sourcecode.swift; path = FlashcardSetDetailFilterTabsView.swift; sourceTree = "<group>"; };
		E30A1D932F9CE42500387BDC /* FlashcardSetDetailHeaderView.swift */ = {isa = PBXFileReference; lastKnownFileType = sourcecode.swift; path = FlashcardSetDetailHeaderView.swift; sourceTree = "<group>"; };
		E30A1D942F9CE42500387BDC /* FlashcardSetDetailMainCardView.swift */ = {isa = PBXFileReference; lastKnownFileType = sourcecode.swift; path = FlashcardSetDetailMainCardView.swift; sourceTree = "<group>"; };
		E30A1D952F9CE42500387BDC /* FlashcardSetDetailTopBarView.swift */ = {isa = PBXFileReference; lastKnownFileType = sourcecode.swift; path = FlashcardSetDetailTopBarView.swift; sourceTree = "<group>"; };
		E30A1DA12F9D730400387BDC /* SFSymbolPickerView.swift */ = {isa = PBXFileReference; lastKnownFileType = sourcecode.swift; path = SFSymbolPickerView.swift; sourceTree = "<group>"; };
		E30A1DA32F9E076200387BDC /* Folders.swift */ = {isa = PBXFileReference; lastKnownFileType = sourcecode.swift; path = Folders.swift; sourceTree = "<group>"; };
		E30A1DA52F9E079A00387BDC /* FolderService.swift */ = {isa = PBXFileReference; lastKnownFileType = sourcecode.swift; path = FolderService.swift; sourceTree = "<group>"; };
		E30A1DAB2F9E07DB00387BDC /* CreateFolderView.swift */ = {isa = PBXFileReference; lastKnownFileType = sourcecode.swift; path = CreateFolderView.swift; sourceTree = "<group>"; };
		E30A1DAD2F9E07E900387BDC /* CreateFolderViewModel.swift */ = {isa = PBXFileReference; lastKnownFileType = sourcecode.swift; path = CreateFolderViewModel.swift; sourceTree = "<group>"; };
		E30A1DAF2F9E097F00387BDC /* FolderDetailViewModel.swift */ = {isa = PBXFileReference; lastKnownFileType = sourcecode.swift; path = FolderDetailViewModel.swift; sourceTree = "<group>"; };
		E30A1DB12F9E099000387BDC /* FolderDetailView.swift */ = {isa = PBXFileReference; lastKnownFileType = sourcecode.swift; path = FolderDetailView.swift; sourceTree = "<group>"; };
		E30A1DB32F9E0C3600387BDC /* FolderCardView.swift */ = {isa = PBXFileReference; lastKnownFileType = sourcecode.swift; path = FolderCardView.swift; sourceTree = "<group>"; };
		E30A1DB72FA14BA200387BDC /* FoldersListView.swift */ = {isa = PBXFileReference; lastKnownFileType = sourcecode.swift; path = FoldersListView.swift; sourceTree = "<group>"; };
		E30A1DC72FA25C9100387BDC /* FlashcardEditView.swift */ = {isa = PBXFileReference; lastKnownFileType = sourcecode.swift; path = FlashcardEditView.swift; sourceTree = "<group>"; };
		E30A1DCC2FA2B2F400387BDC /* FlashcardExpandedView.swift */ = {isa = PBXFileReference; lastKnownFileType = sourcecode.swift; path = FlashcardExpandedView.swift; sourceTree = "<group>"; };
		E30A1DCE2FA2B4C500387BDC /* FlashcardSetAddCardView.swift */ = {isa = PBXFileReference; lastKnownFileType = sourcecode.swift; path = FlashcardSetAddCardView.swift; sourceTree = "<group>"; };
/* End PBXFileReference section */

/* Begin PBXFrameworksBuildPhase section */
		E30A1C952F98003000387BDC /* Frameworks */ = {
			isa = PBXFrameworksBuildPhase;
			buildActionMask = 2147483647;
			files = (
				E30A1CC92F99438D00387BDC /* FirebaseCore in Frameworks */,
				E30A1CCB2F99439900387BDC /* FirebaseAuth in Frameworks */,
				E30A1CDA2F99586500387BDC /* GoogleSignIn in Frameworks */,
				E30A1D782F9C14D700387BDC /* FirebaseFirestore in Frameworks */,
				E30A1CDC2F99586500387BDC /* GoogleSignInSwift in Frameworks */,
				E30A1D7A2F9C14F200387BDC /* FirebaseStorage in Frameworks */,
			);
			runOnlyForDeploymentPostprocessing = 0;
		};
/* End PBXFrameworksBuildPhase section */

/* Begin PBXGroup section */
		E309021F2FBA3E5B00C52238 /* Writing */ = {
			isa = PBXGroup;
			children = (
				E309024D2FBAC9AC00C52238 /* Essays */,
				E30902472FBAB34D00C52238 /* SetSelection */,
				E30902442FBAB26100C52238 /* Main */,
				E309023E2FBAA56900C52238 /* Exercise */,
				E30902EF2FBC65CA00C52238 /* GrammarNotes */,
			);
			path = Writing;
			sourceTree = "<group>";
		};
		E309023E2FBAA56900C52238 /* Exercise */ = {
			isa = PBXGroup;
			children = (
				E30902432FBAB21D00C52238 /* ViewModels */,
				E30902422FBAB21500C52238 /* Views */,
				E309023F2FBAB02B00C52238 /* Components */,
			);
			path = Exercise;
			sourceTree = "<group>";
		};
		E309023F2FBAB02B00C52238 /* Components */ = {
			isa = PBXGroup;
			children = (
				E309024B2FBAB97000C52238 /* WriteWordsLoseScreenView.swift */,
				E30902202FBA3EC600C52238 /* WriteWordsAnswerCellsView.swift */,
				E309023C2FBAA0F800C52238 /* WriteWordsSettingsSheet.swift */,
				E309023A2FBA8B8700C52238 /* WriteWordsAnswerInputView.swift */,
				E30902212FBA3EC600C52238 /* WriteWordsExerciseCardView.swift */,
				E30902402FBAB03600C52238 /* WriteWordsCountdownTimerView.swift */,
			);
			path = Components;
			sourceTree = "<group>";
		};
		E30902422FBAB21500C52238 /* Views */ = {
			isa = PBXGroup;
			children = (
				E30902232FBA3EC600C52238 /* WriteWordsView.swift */,
			);
			path = Views;
			sourceTree = "<group>";
		};
		E30902432FBAB21D00C52238 /* ViewModels */ = {
			isa = PBXGroup;
			children = (
				E30902242FBA3EC600C52238 /* WriteWordsViewModel.swift */,
			);
			path = ViewModels;
			sourceTree = "<group>";
		};
		E30902442FBAB26100C52238 /* Main */ = {
			isa = PBXGroup;
			children = (
				E30902462FBAB28A00C52238 /* ViewModels */,
				E30902452FBAB28300C52238 /* Views */,
			);
			path = Main;
			sourceTree = "<group>";
		};
		E30902452FBAB28300C52238 /* Views */ = {
			isa = PBXGroup;
			children = (
				E30902252FBA3EC600C52238 /* WritingGoalCardView.swift */,
				E309022B2FBA3EC600C52238 /* WritingView.swift */,
				E30902262FBA3EC600C52238 /* WritingMenuCardView.swift */,
			);
			path = Views;
			sourceTree = "<group>";
		};
		E30902462FBAB28A00C52238 /* ViewModels */ = {
			isa = PBXGroup;
			children = (
				E309022C2FBA3EC600C52238 /* WritingViewModel.swift */,
			);
			path = ViewModels;
			sourceTree = "<group>";
		};
		E30902472FBAB34D00C52238 /* SetSelection */ = {
			isa = PBXGroup;
			children = (
				E30902492FBAB36700C52238 /* ViewModels */,
				E30902482FBAB35F00C52238 /* Views */,
			);
			path = SetSelection;
			sourceTree = "<group>";
		};
		E30902482FBAB35F00C52238 /* Views */ = {
			isa = PBXGroup;
			children = (
				E30902222FBA3EC600C52238 /* WriteWordsProgressView.swift */,
				E30902282FBA3EC600C52238 /* WritingSetCardView.swift */,
				E30902292FBA3EC600C52238 /* WritingSetSelectionView.swift */,
			);
			path = Views;
			sourceTree = "<group>";
		};
		E30902492FBAB36700C52238 /* ViewModels */ = {
			isa = PBXGroup;
			children = (
				E309022A2FBA3EC600C52238 /* WritingSetSelectionViewModel.swift */,
			);
			path = ViewModels;
			sourceTree = "<group>";
		};
		E309024D2FBAC9AC00C52238 /* Essays */ = {
			isa = PBXGroup;
			children = (
				E30902CD2FBC621700C52238 /* Models */,
				E30902502FBAC9D800C52238 /* Services */,
				E309024F2FBAC9C600C52238 /* ViewModels */,
				E309024E2FBAC9BE00C52238 /* Views */,
			);
			path = Essays;
			sourceTree = "<group>";
		};
		E309024E2FBAC9BE00C52238 /* Views */ = {
			isa = PBXGroup;
			children = (
				E30902B12FBB8DE600C52238 /* Screens */,
				E30902B02FBB8DAE00C52238 /* Modals */,
				E30902AF2FBB8D9600C52238 /* Toolbars */,
				E30902672FBAE24E00C52238 /* Selectors */,
				E30902AE2FBB8D6500C52238 /* Cards */,
				E30902B22FBB8E2C00C52238 /* Sections */,
			);
			path = Views;
			sourceTree = "<group>";
		};
		E309024F2FBAC9C600C52238 /* ViewModels */ = {
			isa = PBXGroup;
			children = (
				E30902572FBACA0D00C52238 /* EssayPracticeViewModel.swift */,
			);
			path = ViewModels;
			sourceTree = "<group>";
		};
		E30902502FBAC9D800C52238 /* Services */ = {
			isa = PBXGroup;
			children = (
				E30902B92FBB973600C52238 /* GeminiEssayAPIClient.swift */,
				E30902B72FBB96F200C52238 /* EssayGenerationService.swift */,
				E30902A02FBB6EE100C52238 /* EssayAssistanceService.swift */,
				E309029E2FBB6EBF00C52238 /* EssayScoringService.swift */,
				E30902512FBAC9E500C52238 /* GrammarCheckService.swift */,
			);
			path = Services;
			sourceTree = "<group>";
		};
		E30902672FBAE24E00C52238 /* Selectors */ = {
			isa = PBXGroup;
			children = (
				E30902C92FBC0FFE00C52238 /* SetHintsSelectionView.swift */,
				E309026A2FBAE27400C52238 /* DifficultySelectorView.swift */,
				E30902682FBAE25900C52238 /* LanguageSelectorView.swift */,
			);
			path = Selectors;
			sourceTree = "<group>";
		};
		E30902AE2FBB8D6500C52238 /* Cards */ = {
			isa = PBXGroup;
			children = (
				E30902A82FBB729300C52238 /* EssayScoreCardView.swift */,
				E309025B2FBACA1C00C52238 /* EssayTopicCardView.swift */,
				E309025C2FBACA1C00C52238 /* GrammarIssueCardView.swift */,
			);
			path = Cards;
			sourceTree = "<group>";
		};
		E30902AF2FBB8D9600C52238 /* Toolbars */ = {
			isa = PBXGroup;
			children = (
				E30902A42FBB724D00C52238 /* EssayHelperToolbarView.swift */,
			);
			path = Toolbars;
			sourceTree = "<group>";
		};
		E30902B02FBB8DAE00C52238 /* Modals */ = {
			isa = PBXGroup;
			children = (
				E30902A72FBB729300C52238 /* EssayAssistanceModalView.swift */,
			);
			path = Modals;
			sourceTree = "<group>";
		};
		E30902B12FBB8DE600C52238 /* Screens */ = {
			isa = PBXGroup;
			children = (
				E309025A2FBACA1C00C52238 /* EssayPracticeView.swift */,
			);
			path = Screens;
			sourceTree = "<group>";
		};
		E30902B22FBB8E2C00C52238 /* Sections */ = {
			isa = PBXGroup;
			children = (
				E30902C72FBC0FBB00C52238 /* EssaysSetHintCardRowView.swift */,
				E30902592FBACA1C00C52238 /* EssayFeedbackSectionView.swift */,
				E309026E2FBAE6C600C52238 /* EssayInputSectionView.swift */,
				E30902A62FBB729300C52238 /* CustomEssayTopicInputView.swift */,
			);
			path = Sections;
			sourceTree = "<group>";
		};
		E30902CD2FBC621700C52238 /* Models */ = {
			isa = PBXGroup;
			children = (
				E30902B52FBB96DD00C52238 /* EssayAIClient.swift */,
				E30902B32FBB96B800C52238 /* EssayGeneratedHint.swift */,
				E30902AC2FBB753C00C52238 /* EssayHintItem.swift */,
				E309029C2FBB6E9600C52238 /* EssayAssistantItem.swift */,
				E309029A2FBB6E8000C52238 /* EssayTopicMode.swift */,
				E30902652FBAE1BE00C52238 /* EssayScore.swift */,
				E30902532FBAC9F500C52238 /* EssayTopic.swift */,
				E30902612FBAE18900C52238 /* EssayDifficulty.swift */,
				E30902BB2FBB974900C52238 /* GeneratedEssayTask.swift */,
				E30902632FBAE1AB00C52238 /* GrammarLanguage.swift */,
				E30902542FBAC9F500C52238 /* GrammarIssue.swift */,
			);
			path = Models;
			sourceTree = "<group>";
		};
		E30902E42FBC65CA00C52238 /* Models */ = {
			isa = PBXGroup;
			children = (
				E30902E32FBC65CA00C52238 /* GrammarNoteTopic.swift */,
			);
			path = Models;
			sourceTree = "<group>";
		};
		E30902E62FBC65CA00C52238 /* Services */ = {
			isa = PBXGroup;
			children = (
				E30902E52FBC65CA00C52238 /* GrammarNoteTopicService.swift */,
			);
			path = Services;
			sourceTree = "<group>";
		};
		E30902E82FBC65CA00C52238 /* ViewModels */ = {
			isa = PBXGroup;
			children = (
				E30902E72FBC65CA00C52238 /* GrammarNotesHomeViewModel.swift */,
			);
			path = ViewModels;
			sourceTree = "<group>";
		};
		E30902EE2FBC65CA00C52238 /* Views */ = {
			isa = PBXGroup;
			children = (
				E30902E92FBC65CA00C52238 /* CreateGrammarTopicSheet.swift */,
				E30902EA2FBC65CA00C52238 /* GrammarNotesHomeView.swift */,
				E30902EB2FBC65CA00C52238 /* GrammarNotesSettingsView.swift */,
				E30902EC2FBC65CA00C52238 /* GrammarNotesTopicView.swift */,
				E30902ED2FBC65CA00C52238 /* GrammarNoteTopicCardView.swift */,
			);
			path = Views;
			sourceTree = "<group>";
		};
		E30902EF2FBC65CA00C52238 /* GrammarNotes */ = {
			isa = PBXGroup;
			children = (
				E30902E42FBC65CA00C52238 /* Models */,
				E30902E62FBC65CA00C52238 /* Services */,
				E30902E82FBC65CA00C52238 /* ViewModels */,
				E30902EE2FBC65CA00C52238 /* Views */,
			);
			path = GrammarNotes;
			sourceTree = "<group>";
		};
		E30A1C8F2F98003000387BDC = {
			isa = PBXGroup;
			children = (
				E30A1CA92F98010F00387BDC /* WordAround */,
				E30A1C992F98003000387BDC /* Products */,
				E30A1CB22F9801AE00387BDC /* .gitignore */,
				E30A1CA62F98010F00387BDC /* Assets.xcassets */,
				E30A1D762F9C14D700387BDC /* Frameworks */,
			);
			sourceTree = "<group>";
		};
		E30A1C992F98003000387BDC /* Products */ = {
			isa = PBXGroup;
			children = (
				E30A1C982F98003000387BDC /* WordAround.app */,
			);
			name = Products;
			sourceTree = "<group>";
		};
		E30A1CA92F98010F00387BDC /* WordAround */ = {
			isa = PBXGroup;
			children = (
				E30A1D4B2F9BB10D00387BDC /* Shared */,
				E30A1D422F9BAB6700387BDC /* Core */,
				E30A1CAD2F98011100387BDC /* App */,
				E30A1CB02F98018300387BDC /* Resources */,
				E30A1CB92F9801E800387BDC /* Features */,
				E30A1CDD2F995BF100387BDC /* Info.plist */,
			);
			path = WordAround;
			sourceTree = "<group>";
		};
		E30A1CAD2F98011100387BDC /* App */ = {
			isa = PBXGroup;
			children = (
				E30A1CDE2F9A2D3200387BDC /* SessionStore.swift */,
				E30A1CCC2F99442B00387BDC /* AppDelegate.swift */,
				E30A1CA82F98010F00387BDC /* WordAroundApp.swift */,
			);
			path = App;
			sourceTree = "<group>";
		};
		E30A1CB02F98018300387BDC /* Resources */ = {
			isa = PBXGroup;
			children = (
				E30A1CD62F9953CF00387BDC /* GoogleService-Info.plist */,
			);
			path = Resources;
			sourceTree = "<group>";
		};
		E30A1CB52F9801CA00387BDC /* Enums */ = {
			isa = PBXGroup;
			children = (
				E30A1D0E2F9A618400387BDC /* HomeTab.swift */,
				E30A1D0C2F9A616100387BDC /* HomeCategory.swift */,
			);
			path = Enums;
			sourceTree = "<group>";
		};
		E30A1CB92F9801E800387BDC /* Features */ = {
			isa = PBXGroup;
			children = (
				E309021F2FBA3E5B00C52238 /* Writing */,
				E30A1DA72F9E07B800387BDC /* Folders */,
				E30A1D8C2F9CE41700387BDC /* Components */,
				E30A1D582F9BEB3700387BDC /* FlashCards */,
				E30A1CBD2F98078A00387BDC /* Onboarding */,
				E30A1CBA2F98023200387BDC /* Home */,
				E30A1CCE2F99444400387BDC /* Auth */,
			);
			path = Features;
			sourceTree = "<group>";
		};
		E30A1CBA2F98023200387BDC /* Home */ = {
			isa = PBXGroup;
			children = (
				E30A1D7F2F9C24B800387BDC /* Mappers */,
				E30A1D4A2F9BAF5500387BDC /* ViewModels */,
				E30A1D492F9BAF4E00387BDC /* Views */,
				E30A1CEC2F9A50DA00387BDC /* Components */,
			);
			path = Home;
			sourceTree = "<group>";
		};
		E30A1CBD2F98078A00387BDC /* Onboarding */ = {
			isa = PBXGroup;
			children = (
				E30A1D462F9BAEE800387BDC /* Components */,
				E30A1D432F9BAEB700387BDC /* Views */,
			);
			path = Onboarding;
			sourceTree = "<group>";
		};
		E30A1CCE2F99444400387BDC /* Auth */ = {
			isa = PBXGroup;
			children = (
				E30A1D482F9BAF0100387BDC /* ViewModels */,
				E30A1D472F9BAEFA00387BDC /* Views */,
			);
			path = Auth;
			sourceTree = "<group>";
		};
		E30A1CD12F99447400387BDC /* Services */ = {
			isa = PBXGroup;
			children = (
				E30A1D742F9C0EF700387BDC /* FlashcardSetService.swift */,
				E30A1DA52F9E079A00387BDC /* FolderService.swift */,
				E30A1D822F9C2EE800387BDC /* LocalImageStorageService.swift */,
				E30A1CD22F99448400387BDC /* AuthService.swift */,
			);
			path = Services;
			sourceTree = "<group>";
		};
		E30A1CEC2F9A50DA00387BDC /* Components */ = {
			isa = PBXGroup;
			children = (
				E30A1D0A2F9A5FE700387BDC /* BottomNavigationBarView.swift */,
				E30A1D082F9A5FCD00387BDC /* CategorySidebarView.swift */,
				E30A1D242F9AC22800387BDC /* SetItemView.swift */,
				E30A1D222F9AC21700387BDC /* StatCardView.swift */,
				E30A1D202F9AC20500387BDC /* ProgressCardView.swift */,
			);
			path = Components;
			sourceTree = "<group>";
		};
		E30A1D422F9BAB6700387BDC /* Core */ = {
			isa = PBXGroup;
			children = (
				E30A1D852F9C9D6600387BDC /* Models */,
				E30A1CD12F99447400387BDC /* Services */,
				E30A1CB52F9801CA00387BDC /* Enums */,
			);
			path = Core;
			sourceTree = "<group>";
		};
		E30A1D432F9BAEB700387BDC /* Views */ = {
			isa = PBXGroup;
			children = (
				E30A1CC02F98079800387BDC /* OnboardingView.swift */,
			);
			path = Views;
			sourceTree = "<group>";
		};
		E30A1D462F9BAEE800387BDC /* Components */ = {
			isa = PBXGroup;
			children = (
				E30A1CD42F99451200387BDC /* BlobShape.swift */,
			);
			path = Components;
			sourceTree = "<group>";
		};
		E30A1D472F9BAEFA00387BDC /* Views */ = {
			isa = PBXGroup;
			children = (
				E30A1CE02F9A357500387BDC /* VerifyEmailView.swift */,
				E30A1CC22F9819A000387BDC /* AuthView.swift */,
			);
			path = Views;
			sourceTree = "<group>";
		};
		E30A1D482F9BAF0100387BDC /* ViewModels */ = {
			isa = PBXGroup;
			children = (
				E30A1D562F9BBF8500387BDC /* VerifyEmailViewModel.swift */,
				E30A1CCF2F99445700387BDC /* AuthViewModel.swift */,
			);
			path = ViewModels;
			sourceTree = "<group>";
		};
		E30A1D492F9BAF4E00387BDC /* Views */ = {
			isa = PBXGroup;
			children = (
				E30A1CBB2F98023900387BDC /* HomeView.swift */,
				E30A1D062F9A5FB300387BDC /* HomeHeaderView.swift */,
			);
			path = Views;
			sourceTree = "<group>";
		};
		E30A1D4A2F9BAF5500387BDC /* ViewModels */ = {
			isa = PBXGroup;
			children = (
				E30A1D542F9BBD3700387BDC /* HomeViewModel.swift */,
			);
			path = ViewModels;
			sourceTree = "<group>";
		};
		E30A1D4B2F9BB10D00387BDC /* Shared */ = {
			isa = PBXGroup;
			children = (
				E30A1D4D2F9BB12E00387BDC /* Components */,
				E30A1D4C2F9BB11E00387BDC /* Theme */,
			);
			path = Shared;
			sourceTree = "<group>";
		};
		E30A1D4C2F9BB11E00387BDC /* Theme */ = {
			isa = PBXGroup;
			children = (
				E30A1D4E2F9BB9C700387BDC /* AppColors.swift */,
				E30A1D1E2F9AC1E500387BDC /* Layout.swift */,
			);
			path = Theme;
			sourceTree = "<group>";
		};
		E30A1D4D2F9BB12E00387BDC /* Components */ = {
			isa = PBXGroup;
			children = (
				E30A1D1C2F9AC1C800387BDC /* BaseCardView.swift */,
			);
			path = Components;
			sourceTree = "<group>";
		};
		E30A1D582F9BEB3700387BDC /* FlashCards */ = {
			isa = PBXGroup;
			children = (
				E30A1D612F9BF73000387BDC /* Components */,
				E30A1D5E2F9BF4E600387BDC /* ViewModels */,
				E30A1D592F9BEB4200387BDC /* Views */,
			);
			path = FlashCards;
			sourceTree = "<group>";
		};
		E30A1D592F9BEB4200387BDC /* Views */ = {
			isa = PBXGroup;
			children = (
				E30A1D882F9CCA4400387BDC /* FleshcardSetDetailView.swift */,
				E30A1D5A2F9BEB4900387BDC /* CreateSetView.swift */,
			);
			path = Views;
			sourceTree = "<group>";
		};
		E30A1D5E2F9BF4E600387BDC /* ViewModels */ = {
			isa = PBXGroup;
			children = (
				E30A1D8A2F9CDB7100387BDC /* FlashcardSetDetailViewModel.swift */,
				E30A1D5F2F9BF5BC00387BDC /* CreateSetViewModel.swift */,
			);
			path = ViewModels;
			sourceTree = "<group>";
		};
		E30A1D612F9BF73000387BDC /* Components */ = {
			isa = PBXGroup;
			children = (
				E30A1DA12F9D730400387BDC /* SFSymbolPickerView.swift */,
				E30A1D6C2F9BF7DF00387BDC /* CreateSetFieldStyle.swift */,
				E30A1D6A2F9BF7D000387BDC /* CreateSetCardsSectionView.swift */,
				E30A1D622F9BF77D00387BDC /* CreateSetHeaderView.swift */,
				E30A1D682F9BF7C300387BDC /* CreateSetPreviewCardView.swift */,
				E30A1D662F9BF7A900387BDC /* CreateSetCustomizationSectionView.swift */,
				E30A1D642F9BF79D00387BDC /* CreateSetInfoSectionView.swift */,
			);
			path = Components;
			sourceTree = "<group>";
		};
		E30A1D762F9C14D700387BDC /* Frameworks */ = {
			isa = PBXGroup;
			children = (
			);
			name = Frameworks;
			sourceTree = "<group>";
		};
		E30A1D7F2F9C24B800387BDC /* Mappers */ = {
			isa = PBXGroup;
			children = (
				E30A1D802F9C24BF00387BDC /* HomeSetPreviewMapper.swift */,
			);
			path = Mappers;
			sourceTree = "<group>";
		};
		E30A1D852F9C9D6600387BDC /* Models */ = {
			isa = PBXGroup;
			children = (
				E30A1DA32F9E076200387BDC /* Folders.swift */,
				E30A1D502F9BBCFC00387BDC /* StatCardItem.swift */,
				E30A1D5C2F9BEB8200387BDC /* CreateSet.swift */,
				E30A1D6E2F9C0E9200387BDC /* SetIconType.swift */,
				E30A1D7B2F9C1D6900387BDC /* HomeSetPreviewItem.swift */,
				E30A1D522F9BBD1800387BDC /* FlashCardSet.swift */,
				E30A1D702F9C0ED000387BDC /* FlashCard.swift */,
				E30A1D7D2F9C236000387BDC /* CreateSetTheme.swift */,
				E30902272FBA3EC600C52238 /* WritingModels.swift */,
			);
			path = Models;
			sourceTree = "<group>";
		};
		E30A1D8C2F9CE41700387BDC /* Components */ = {
			isa = PBXGroup;
			children = (
				E30A1DCE2FA2B4C500387BDC /* FlashcardSetAddCardView.swift */,
				E30A1DCC2FA2B2F400387BDC /* FlashcardExpandedView.swift */,
				E30A1DC72FA25C9100387BDC /* FlashcardEditView.swift */,
				E30A1D8D2F9CE42500387BDC /* FlashcardSetDetailAddButton.swift */,
				E30A1D8E2F9CE42500387BDC /* FlashcardSetDetailBottomCover.swift */,
				E30A1D8F2F9CE42500387BDC /* FlashcardSetDetailCardFilter.swift */,
				E30A1D902F9CE42500387BDC /* FlashcardSetDetailCardRowView.swift */,
				E30A1D912F9CE42500387BDC /* FlashcardSetDetailControlsView.swift */,
				E30A1D922F9CE42500387BDC /* FlashcardSetDetailFilterTabsView.swift */,
				E30A1D932F9CE42500387BDC /* FlashcardSetDetailHeaderView.swift */,
				E30A1D942F9CE42500387BDC /* FlashcardSetDetailMainCardView.swift */,
				E30A1D952F9CE42500387BDC /* FlashcardSetDetailTopBarView.swift */,
			);
			path = Components;
			sourceTree = "<group>";
		};
		E30A1DA72F9E07B800387BDC /* Folders */ = {
			isa = PBXGroup;
			children = (
				E30A1DAA2F9E07D300387BDC /* Views */,
				E30A1DA92F9E07CB00387BDC /* ViewModels */,
				E30A1DA82F9E07C200387BDC /* Components */,
			);
			path = Folders;
			sourceTree = "<group>";
		};
		E30A1DA82F9E07C200387BDC /* Components */ = {
			isa = PBXGroup;
			children = (
				E30A1DB32F9E0C3600387BDC /* FolderCardView.swift */,
			);
			path = Components;
			sourceTree = "<group>";
		};
		E30A1DA92F9E07CB00387BDC /* ViewModels */ = {
			isa = PBXGroup;
			children = (
				E30A1DAF2F9E097F00387BDC /* FolderDetailViewModel.swift */,
				E30A1DAD2F9E07E900387BDC /* CreateFolderViewModel.swift */,
			);
			path = ViewModels;
			sourceTree = "<group>";
		};
		E30A1DAA2F9E07D300387BDC /* Views */ = {
			isa = PBXGroup;
			children = (
				E30A1DB12F9E099000387BDC /* FolderDetailView.swift */,
				E30A1DB72FA14BA200387BDC /* FoldersListView.swift */,
				E30A1DAB2F9E07DB00387BDC /* CreateFolderView.swift */,
			);
			path = Views;
			sourceTree = "<group>";
		};
/* End PBXGroup section */

/* Begin PBXNativeTarget section */
		E30A1C972F98003000387BDC /* WordAround */ = {
			isa = PBXNativeTarget;
			buildConfigurationList = E30A1CA32F98003200387BDC /* Build configuration list for PBXNativeTarget "WordAround" */;
			buildPhases = (
				E30A1C942F98003000387BDC /* Sources */,
				E30A1C952F98003000387BDC /* Frameworks */,
				E30A1C962F98003000387BDC /* Resources */,
			);
			buildRules = (
			);
			dependencies = (
			);
			name = WordAround;
			packageProductDependencies = (
				E30A1CC82F99438D00387BDC /* FirebaseCore */,
				E30A1CCA2F99439900387BDC /* FirebaseAuth */,
				E30A1CD92F99586500387BDC /* GoogleSignIn */,
				E30A1CDB2F99586500387BDC /* GoogleSignInSwift */,
				E30A1D772F9C14D700387BDC /* FirebaseFirestore */,
				E30A1D792F9C14F200387BDC /* FirebaseStorage */,
			);
			productName = WordAround;
			productReference = E30A1C982F98003000387BDC /* WordAround.app */;
			productType = "com.apple.product-type.application";
		};
/* End PBXNativeTarget section */

/* Begin PBXProject section */
		E30A1C902F98003000387BDC /* Project object */ = {
			isa = PBXProject;
			attributes = {
				BuildIndependentTargetsInParallel = 1;
				LastSwiftUpdateCheck = 2620;
				LastUpgradeCheck = 2620;
				TargetAttributes = {
					E30A1C972F98003000387BDC = {
						CreatedOnToolsVersion = 26.2;
					};
				};
			};
			buildConfigurationList = E30A1C932F98003000387BDC /* Build configuration list for PBXProject "WordAround" */;
			developmentRegion = en;
			hasScannedForEncodings = 0;
			knownRegions = (
				en,
				Base,
			);
			mainGroup = E30A1C8F2F98003000387BDC;
			minimizedProjectReferenceProxies = 1;
			packageReferences = (
				E30A1CC62F9942D300387BDC /* XCRemoteSwiftPackageReference "firebase-ios-sdk" */,
				E30A1CD82F99586500387BDC /* XCRemoteSwiftPackageReference "GoogleSignIn-iOS" */,
			);
			preferredProjectObjectVersion = 77;
			productRefGroup = E30A1C992F98003000387BDC /* Products */;
			projectDirPath = "";
			projectRoot = "";
			targets = (
				E30A1C972F98003000387BDC /* WordAround */,
			);
		};
/* End PBXProject section */

/* Begin PBXResourcesBuildPhase section */
		E30A1C962F98003000387BDC /* Resources */ = {
			isa = PBXResourcesBuildPhase;
			buildActionMask = 2147483647;
			files = (
				E30A1CB32F9801B600387BDC /* .gitignore in Resources */,
				E30A1CAA2F98010F00387BDC /* Assets.xcassets in Resources */,
				E30A1CD72F9953CF00387BDC /* GoogleService-Info.plist in Resources */,
			);
			runOnlyForDeploymentPostprocessing = 0;
		};
/* End PBXResourcesBuildPhase section */

/* Begin PBXSourcesBuildPhase section */
		E30A1C942F98003000387BDC /* Sources */ = {
			isa = PBXSourcesBuildPhase;
			buildActionMask = 2147483647;
			files = (
				E30A1CE12F9A358000387BDC /* VerifyEmailView.swift in Sources */,
				E30A1D5B2F9BEB5400387BDC /* CreateSetView.swift in Sources */,
				E30A1D1F2F9AC1F100387BDC /* Layout.swift in Sources */,
				E30A1D512F9BBCFC00387BDC /* StatCardItem.swift in Sources */,
				E30A1DB42F9E0C3D00387BDC /* FolderCardView.swift in Sources */,
				E30902B42FBB96CB00C52238 /* EssayGeneratedHint.swift in Sources */,
				E30A1DAE2F9E07F000387BDC /* CreateFolderViewModel.swift in Sources */,
				E30A1CBC2F98023B00387BDC /* HomeView.swift in Sources */,
				E30A1CC32F9819B100387BDC /* AuthView.swift in Sources */,
				E30902BC2FBB975100C52238 /* GeneratedEssayTask.swift in Sources */,
				E30A1D6B2F9BF7D200387BDC /* CreateSetCardsSectionView.swift in Sources */,
				E30A1D0F2F9A618800387BDC /* HomeTab.swift in Sources */,
				E30A1D672F9BF7AB00387BDC /* CreateSetCustomizationSectionView.swift in Sources */,
				E30902C82FBC0FD000C52238 /* EssaysSetHintCardRowView.swift in Sources */,
				E30902B62FBB96E400C52238 /* EssayAIClient.swift in Sources */,
				E30A1D652F9BF79F00387BDC /* CreateSetInfoSectionView.swift in Sources */,
				E30A1D232F9AC21B00387BDC /* StatCardView.swift in Sources */,
				E30A1DC82FA25C9D00387BDC /* FlashcardEditView.swift in Sources */,
				E30A1D892F9CCA6200387BDC /* FleshcardSetDetailView.swift in Sources */,
				E30A1D252F9AC23000387BDC /* SetItemView.swift in Sources */,
				E30A1D632F9BF79100387BDC /* CreateSetHeaderView.swift in Sources */,
				E30A1DCD2FA2B30100387BDC /* FlashcardExpandedView.swift in Sources */,
				E30A1CD52F99451900387BDC /* BlobShape.swift in Sources */,
				E30A1D572F9BBF9400387BDC /* VerifyEmailViewModel.swift in Sources */,
				E30A1CD02F99445D00387BDC /* AuthViewModel.swift in Sources */,
				E30902412FBAB04600C52238 /* WriteWordsCountdownTimerView.swift in Sources */,
				E30A1D832F9C2EF700387BDC /* LocalImageStorageService.swift in Sources */,
				E309022D2FBA3EC600C52238 /* WriteWordsAnswerCellsView.swift in Sources */,
				E309022E2FBA3EC600C52238 /* WritingMenuCardView.swift in Sources */,
				E309022F2FBA3EC600C52238 /* WriteWordsViewModel.swift in Sources */,
				E30902302FBA3EC600C52238 /* WritingViewModel.swift in Sources */,
				E30902312FBA3EC600C52238 /* WritingSetCardView.swift in Sources */,
				E30902322FBA3EC600C52238 /* WriteWordsProgressView.swift in Sources */,
				E30902332FBA3EC600C52238 /* WriteWordsExerciseCardView.swift in Sources */,
				E30902342FBA3EC600C52238 /* WritingSetSelectionViewModel.swift in Sources */,
				E309029D2FBB6E9F00C52238 /* EssayAssistantItem.swift in Sources */,
				E30902352FBA3EC600C52238 /* WritingGoalCardView.swift in Sources */,
				E30902AD2FBB754B00C52238 /* EssayHintItem.swift in Sources */,
				E30902362FBA3EC600C52238 /* WritingModels.swift in Sources */,
				E30902372FBA3EC600C52238 /* WriteWordsView.swift in Sources */,
				E30902382FBA3EC600C52238 /* WritingSetSelectionView.swift in Sources */,
				E30902392FBA3EC600C52238 /* WritingView.swift in Sources */,
				E30902522FBAC9E500C52238 /* GrammarCheckService.swift in Sources */,
				E30A1DA62F9E07A000387BDC /* FolderService.swift in Sources */,
				E30A1D8B2F9CDB7300387BDC /* FlashcardSetDetailViewModel.swift in Sources */,
				E30A1D0B2F9A5FF400387BDC /* BottomNavigationBarView.swift in Sources */,
				E30902582FBACA0D00C52238 /* EssayPracticeViewModel.swift in Sources */,
				E30A1D692F9BF7C500387BDC /* CreateSetPreviewCardView.swift in Sources */,
				E30A1D7E2F9C236000387BDC /* CreateSetTheme.swift in Sources */,
				E30A1D962F9CE42500387BDC /* FlashcardSetDetailHeaderView.swift in Sources */,
				E30A1DA22F9D730E00387BDC /* SFSymbolPickerView.swift in Sources */,
				E30A1DCF2FA2B4C800387BDC /* FlashcardSetAddCardView.swift in Sources */,
				E30902F02FBC65CA00C52238 /* GrammarNoteTopicCardView.swift in Sources */,
				E30902F12FBC65CA00C52238 /* GrammarNoteTopicService.swift in Sources */,
				E30902F22FBC65CA00C52238 /* CreateGrammarTopicSheet.swift in Sources */,
				E30902F32FBC65CA00C52238 /* GrammarNotesSettingsView.swift in Sources */,
				E30902F42FBC65CA00C52238 /* GrammarNotesHomeView.swift in Sources */,
				E30902F52FBC65CA00C52238 /* GrammarNotesHomeViewModel.swift in Sources */,
				E30902F62FBC65CA00C52238 /* GrammarNoteTopic.swift in Sources */,
				E30902F72FBC65CA00C52238 /* GrammarNotesTopicView.swift in Sources */,
				E30902552FBAC9F500C52238 /* EssayTopic.swift in Sources */,
				E30902562FBAC9F500C52238 /* GrammarIssue.swift in Sources */,
				E30902622FBAE1A000C52238 /* EssayDifficulty.swift in Sources */,
				E30A1DB22F9E099600387BDC /* FolderDetailView.swift in Sources */,
				E30902A52FBB724D00C52238 /* EssayHelperToolbarView.swift in Sources */,
				E30A1D972F9CE42500387BDC /* FlashcardSetDetailAddButton.swift in Sources */,
				E309023B2FBA8BA700C52238 /* WriteWordsAnswerInputView.swift in Sources */,
				E309023D2FBAA11B00C52238 /* WriteWordsSettingsSheet.swift in Sources */,
				E30A1D982F9CE42500387BDC /* FlashcardSetDetailCardFilter.swift in Sources */,
				E30902692FBAE26400C52238 /* LanguageSelectorView.swift in Sources */,
				E30A1D992F9CE42500387BDC /* FlashcardSetDetailControlsView.swift in Sources */,
				E309029B2FBB6E8700C52238 /* EssayTopicMode.swift in Sources */,
				E30A1D9A2F9CE42500387BDC /* FlashcardSetDetailCardRowView.swift in Sources */,
				E30902662FBAE1C300C52238 /* EssayScore.swift in Sources */,
				E30A1D9B2F9CE42500387BDC /* FlashcardSetDetailBottomCover.swift in Sources */,
				E30A1D9C2F9CE42500387BDC /* FlashcardSetDetailFilterTabsView.swift in Sources */,
				E30A1D9D2F9CE42500387BDC /* FlashcardSetDetailMainCardView.swift in Sources */,
				E30902642FBAE1B200C52238 /* GrammarLanguage.swift in Sources */,
				E309026B2FBAE27600C52238 /* DifficultySelectorView.swift in Sources */,
				E30A1D9E2F9CE42500387BDC /* FlashcardSetDetailTopBarView.swift in Sources */,
				E30902CA2FBC100900C52238 /* SetHintsSelectionView.swift in Sources */,
				E30A1D532F9BBD1800387BDC /* FlashCardSet.swift in Sources */,
				E30902BA2FBB973D00C52238 /* GeminiEssayAPIClient.swift in Sources */,
				E309025D2FBACA1C00C52238 /* EssayTopicCardView.swift in Sources */,
				E309025E2FBACA1C00C52238 /* GrammarIssueCardView.swift in Sources */,
				E30902A92FBB729300C52238 /* EssayAssistanceModalView.swift in Sources */,
				E30902AA2FBB729300C52238 /* EssayScoreCardView.swift in Sources */,
				E30902AB2FBB729300C52238 /* CustomEssayTopicInputView.swift in Sources */,
				E309026F2FBAE6CA00C52238 /* EssayInputSectionView.swift in Sources */,
				E309025F2FBACA1C00C52238 /* EssayFeedbackSectionView.swift in Sources */,
				E30902602FBACA1C00C52238 /* EssayPracticeView.swift in Sources */,
				E30A1CC12F98079D00387BDC /* OnboardingView.swift in Sources */,
				E30A1D5D2F9BEB8200387BDC /* CreateSet.swift in Sources */,
				E30902A12FBB6EE900C52238 /* EssayAssistanceService.swift in Sources */,
				E30A1DAC2F9E07E600387BDC /* CreateFolderView.swift in Sources */,
				E30A1D6D2F9BF7E100387BDC /* CreateSetFieldStyle.swift in Sources */,
				E30A1D7C2F9C1D6900387BDC /* HomeSetPreviewItem.swift in Sources */,
				E30A1D072F9A5FC000387BDC /* HomeHeaderView.swift in Sources */,
				E30A1CDF2F9A2D3900387BDC /* SessionStore.swift in Sources */,
				E30A1CCD2F99443200387BDC /* AppDelegate.swift in Sources */,
				E30A1D602F9BF5C600387BDC /* CreateSetViewModel.swift in Sources */,
				E30A1CAC2F98010F00387BDC /* WordAroundApp.swift in Sources */,
				E30A1CD32F99448B00387BDC /* AuthService.swift in Sources */,
				E309024C2FBAB98700C52238 /* WriteWordsLoseScreenView.swift in Sources */,
				E30A1D1D2F9AC1D500387BDC /* BaseCardView.swift in Sources */,
				E30A1DB02F9E098700387BDC /* FolderDetailViewModel.swift in Sources */,
				E30A1D6F2F9C0E9200387BDC /* SetIconType.swift in Sources */,
				E30A1D812F9C24C100387BDC /* HomeSetPreviewMapper.swift in Sources */,
				E30A1D712F9C0ED000387BDC /* FlashCard.swift in Sources */,
				E30A1DB82FA14BAA00387BDC /* FoldersListView.swift in Sources */,
				E30A1D552F9BBD3D00387BDC /* HomeViewModel.swift in Sources */,
				E30A1D752F9C0EF800387BDC /* FlashcardSetService.swift in Sources */,
				E30902B82FBB96FA00C52238 /* EssayGenerationService.swift in Sources */,
				E30A1DA42F9E076500387BDC /* Folders.swift in Sources */,
				E30A1D212F9AC20B00387BDC /* ProgressCardView.swift in Sources */,
				E30A1D4F2F9BB9D000387BDC /* AppColors.swift in Sources */,
				E309029F2FBB6EC700C52238 /* EssayScoringService.swift in Sources */,
				E30A1D0D2F9A616F00387BDC /* HomeCategory.swift in Sources */,
				E30A1D092F9A5FDB00387BDC /* CategorySidebarView.swift in Sources */,
			);
			runOnlyForDeploymentPostprocessing = 0;
		};
/* End PBXSourcesBuildPhase section */

/* Begin XCBuildConfiguration section */
		E30A1CA12F98003200387BDC /* Debug */ = {
			isa = XCBuildConfiguration;
			buildSettings = {
				ALWAYS_SEARCH_USER_PATHS = NO;
				ASSETCATALOG_COMPILER_GENERATE_SWIFT_ASSET_SYMBOL_EXTENSIONS = YES;
				CLANG_ANALYZER_NONNULL = YES;
				CLANG_ANALYZER_NUMBER_OBJECT_CONVERSION = YES_AGGRESSIVE;
				CLANG_CXX_LANGUAGE_STANDARD = "gnu++20";
				CLANG_ENABLE_MODULES = YES;
				CLANG_ENABLE_OBJC_ARC = YES;
				CLANG_ENABLE_OBJC_WEAK = YES;
				CLANG_WARN_BLOCK_CAPTURE_AUTORELEASING = YES;
				CLANG_WARN_BOOL_CONVERSION = YES;
				CLANG_WARN_COMMA = YES;
				CLANG_WARN_CONSTANT_CONVERSION = YES;
				CLANG_WARN_DEPRECATED_OBJC_IMPLEMENTATIONS = YES;
				CLANG_WARN_DIRECT_OBJC_ISA_USAGE = YES_ERROR;
				CLANG_WARN_DOCUMENTATION_COMMENTS = YES;
				CLANG_WARN_EMPTY_BODY = YES;
				CLANG_WARN_ENUM_CONVERSION = YES;
				CLANG_WARN_INFINITE_RECURSION = YES;
				CLANG_WARN_INT_CONVERSION = YES;
				CLANG_WARN_NON_LITERAL_NULL_CONVERSION = YES;
				CLANG_WARN_OBJC_IMPLICIT_RETAIN_SELF = YES;
				CLANG_WARN_OBJC_LITERAL_CONVERSION = YES;
				CLANG_WARN_OBJC_ROOT_CLASS = YES_ERROR;
				CLANG_WARN_QUOTED_INCLUDE_IN_FRAMEWORK_HEADER = YES;
				CLANG_WARN_RANGE_LOOP_ANALYSIS = YES;
				CLANG_WARN_STRICT_PROTOTYPES = YES;
				CLANG_WARN_SUSPICIOUS_MOVE = YES;
				CLANG_WARN_UNGUARDED_AVAILABILITY = YES_AGGRESSIVE;
				CLANG_WARN_UNREACHABLE_CODE = YES;
				CLANG_WARN__DUPLICATE_METHOD_MATCH = YES;
				COPY_PHASE_STRIP = NO;
				DEBUG_INFORMATION_FORMAT = dwarf;
				DEVELOPMENT_TEAM = 588RYPH5AD;
				ENABLE_STRICT_OBJC_MSGSEND = YES;
				ENABLE_TESTABILITY = YES;
				ENABLE_USER_SCRIPT_SANDBOXING = YES;
				GCC_C_LANGUAGE_STANDARD = gnu17;
				GCC_DYNAMIC_NO_PIC = NO;
				GCC_NO_COMMON_BLOCKS = YES;
				GCC_OPTIMIZATION_LEVEL = 0;
				GCC_PREPROCESSOR_DEFINITIONS = (
					"DEBUG=1",
					"$(inherited)",
				);
				GCC_WARN_64_TO_32_BIT_CONVERSION = YES;
				GCC_WARN_ABOUT_RETURN_TYPE = YES_ERROR;
				GCC_WARN_UNDECLARED_SELECTOR = YES;
				GCC_WARN_UNINITIALIZED_AUTOS = YES_AGGRESSIVE;
				GCC_WARN_UNUSED_FUNCTION = YES;
				GCC_WARN_UNUSED_VARIABLE = YES;
				IPHONEOS_DEPLOYMENT_TARGET = 26.2;
				LOCALIZATION_PREFERS_STRING_CATALOGS = YES;
				MTL_ENABLE_DEBUG_INFO = INCLUDE_SOURCE;
				MTL_FAST_MATH = YES;
				ONLY_ACTIVE_ARCH = YES;
				SDKROOT = iphoneos;
				SWIFT_ACTIVE_COMPILATION_CONDITIONS = "DEBUG $(inherited)";
				SWIFT_OPTIMIZATION_LEVEL = "-Onone";
			};
			name = Debug;
		};
		E30A1CA22F98003200387BDC /* Release */ = {
			isa = XCBuildConfiguration;
			buildSettings = {
				ALWAYS_SEARCH_USER_PATHS = NO;
				ASSETCATALOG_COMPILER_GENERATE_SWIFT_ASSET_SYMBOL_EXTENSIONS = YES;
				CLANG_ANALYZER_NONNULL = YES;
				CLANG_ANALYZER_NUMBER_OBJECT_CONVERSION = YES_AGGRESSIVE;
				CLANG_CXX_LANGUAGE_STANDARD = "gnu++20";
				CLANG_ENABLE_MODULES = YES;
				CLANG_ENABLE_OBJC_ARC = YES;
				CLANG_ENABLE_OBJC_WEAK = YES;
				CLANG_WARN_BLOCK_CAPTURE_AUTORELEASING = YES;
				CLANG_WARN_BOOL_CONVERSION = YES;
				CLANG_WARN_COMMA = YES;
				CLANG_WARN_CONSTANT_CONVERSION = YES;
				CLANG_WARN_DEPRECATED_OBJC_IMPLEMENTATIONS = YES;
				CLANG_WARN_DIRECT_OBJC_ISA_USAGE = YES_ERROR;
				CLANG_WARN_DOCUMENTATION_COMMENTS = YES;
				CLANG_WARN_EMPTY_BODY = YES;
				CLANG_WARN_ENUM_CONVERSION = YES;
				CLANG_WARN_INFINITE_RECURSION = YES;
				CLANG_WARN_INT_CONVERSION = YES;
				CLANG_WARN_NON_LITERAL_NULL_CONVERSION = YES;
				CLANG_WARN_OBJC_IMPLICIT_RETAIN_SELF = YES;
				CLANG_WARN_OBJC_LITERAL_CONVERSION = YES;
				CLANG_WARN_OBJC_ROOT_CLASS = YES_ERROR;
				CLANG_WARN_QUOTED_INCLUDE_IN_FRAMEWORK_HEADER = YES;
				CLANG_WARN_RANGE_LOOP_ANALYSIS = YES;
				CLANG_WARN_STRICT_PROTOTYPES = YES;
				CLANG_WARN_SUSPICIOUS_MOVE = YES;
				CLANG_WARN_UNGUARDED_AVAILABILITY = YES_AGGRESSIVE;
				CLANG_WARN_UNREACHABLE_CODE = YES;
				CLANG_WARN__DUPLICATE_METHOD_MATCH = YES;
				COPY_PHASE_STRIP = NO;
				DEBUG_INFORMATION_FORMAT = "dwarf-with-dsym";
				DEVELOPMENT_TEAM = 588RYPH5AD;
				ENABLE_NS_ASSERTIONS = NO;
				ENABLE_STRICT_OBJC_MSGSEND = YES;
				ENABLE_USER_SCRIPT_SANDBOXING = YES;
				GCC_C_LANGUAGE_STANDARD = gnu17;
				GCC_NO_COMMON_BLOCKS = YES;
				GCC_WARN_64_TO_32_BIT_CONVERSION = YES;
				GCC_WARN_ABOUT_RETURN_TYPE = YES_ERROR;
				GCC_WARN_UNDECLARED_SELECTOR = YES;
				GCC_WARN_UNINITIALIZED_AUTOS = YES_AGGRESSIVE;
				GCC_WARN_UNUSED_FUNCTION = YES;
				GCC_WARN_UNUSED_VARIABLE = YES;
				IPHONEOS_DEPLOYMENT_TARGET = 26.2;
				LOCALIZATION_PREFERS_STRING_CATALOGS = YES;
				MTL_ENABLE_DEBUG_INFO = NO;
				MTL_FAST_MATH = YES;
				SDKROOT = iphoneos;
				SWIFT_COMPILATION_MODE = wholemodule;
				VALIDATE_PRODUCT = YES;
			};
			name = Release;
		};
		E30A1CA42F98003200387BDC /* Debug */ = {
			isa = XCBuildConfiguration;
			buildSettings = {
				ASSETCATALOG_COMPILER_APPICON_NAME = AppIcon;
				ASSETCATALOG_COMPILER_GLOBAL_ACCENT_COLOR_NAME = AccentColor;
				CODE_SIGN_STYLE = Automatic;
				CURRENT_PROJECT_VERSION = 1;
				DEVELOPMENT_TEAM = 588RYPH5AD;
				ENABLE_PREVIEWS = YES;
				GENERATE_INFOPLIST_FILE = YES;
				INFOPLIST_FILE = WordAround/Info.plist;
				INFOPLIST_KEY_UIApplicationSceneManifest_Generation = YES;
				INFOPLIST_KEY_UIApplicationSupportsIndirectInputEvents = YES;
				INFOPLIST_KEY_UILaunchScreen_Generation = YES;
				INFOPLIST_KEY_UISupportedInterfaceOrientations_iPad = "UIInterfaceOrientationPortrait UIInterfaceOrientationPortraitUpsideDown UIInterfaceOrientationLandscapeLeft UIInterfaceOrientationLandscapeRight";
				INFOPLIST_KEY_UISupportedInterfaceOrientations_iPhone = "UIInterfaceOrientationPortrait UIInterfaceOrientationLandscapeLeft UIInterfaceOrientationLandscapeRight";
				LD_RUNPATH_SEARCH_PATHS = (
					"$(inherited)",
					"@executable_path/Frameworks",
				);
				MARKETING_VERSION = 1.0;
				PRODUCT_BUNDLE_IDENTIFIER = vikusyusichka.WordAround;
				PRODUCT_NAME = "$(TARGET_NAME)";
				STRING_CATALOG_GENERATE_SYMBOLS = YES;
				SWIFT_APPROACHABLE_CONCURRENCY = YES;
				SWIFT_DEFAULT_ACTOR_ISOLATION = MainActor;
				SWIFT_EMIT_LOC_STRINGS = YES;
				SWIFT_UPCOMING_FEATURE_MEMBER_IMPORT_VISIBILITY = YES;
				SWIFT_VERSION = 5.0;
				TARGETED_DEVICE_FAMILY = "1,2";
			};
			name = Debug;
		};
		E30A1CA52F98003200387BDC /* Release */ = {
			isa = XCBuildConfiguration;
			buildSettings = {
				ASSETCATALOG_COMPILER_APPICON_NAME = AppIcon;
				ASSETCATALOG_COMPILER_GLOBAL_ACCENT_COLOR_NAME = AccentColor;
				CODE_SIGN_STYLE = Automatic;
				CURRENT_PROJECT_VERSION = 1;
				DEVELOPMENT_TEAM = 588RYPH5AD;
				ENABLE_PREVIEWS = YES;
				GENERATE_INFOPLIST_FILE = YES;
				INFOPLIST_FILE = WordAround/Info.plist;
				INFOPLIST_KEY_UIApplicationSceneManifest_Generation = YES;
				INFOPLIST_KEY_UIApplicationSupportsIndirectInputEvents = YES;
				INFOPLIST_KEY_UILaunchScreen_Generation = YES;
				INFOPLIST_KEY_UISupportedInterfaceOrientations_iPad = "UIInterfaceOrientationPortrait UIInterfaceOrientationPortraitUpsideDown UIInterfaceOrientationLandscapeLeft UIInterfaceOrientationLandscapeRight";
				INFOPLIST_KEY_UISupportedInterfaceOrientations_iPhone = "UIInterfaceOrientationPortrait UIInterfaceOrientationLandscapeLeft UIInterfaceOrientationLandscapeRight";
				LD_RUNPATH_SEARCH_PATHS = (
					"$(inherited)",
					"@executable_path/Frameworks",
				);
				MARKETING_VERSION = 1.0;
				PRODUCT_BUNDLE_IDENTIFIER = vikusyusichka.WordAround;
				PRODUCT_NAME = "$(TARGET_NAME)";
				STRING_CATALOG_GENERATE_SYMBOLS = YES;
				SWIFT_APPROACHABLE_CONCURRENCY = YES;
				SWIFT_DEFAULT_ACTOR_ISOLATION = MainActor;
				SWIFT_EMIT_LOC_STRINGS = YES;
				SWIFT_UPCOMING_FEATURE_MEMBER_IMPORT_VISIBILITY = YES;
				SWIFT_VERSION = 5.0;
				TARGETED_DEVICE_FAMILY = "1,2";
			};
			name = Release;
		};
/* End XCBuildConfiguration section */

/* Begin XCConfigurationList section */
		E30A1C932F98003000387BDC /* Build configuration list for PBXProject "WordAround" */ = {
			isa = XCConfigurationList;
			buildConfigurations = (
				E30A1CA12F98003200387BDC /* Debug */,
				E30A1CA22F98003200387BDC /* Release */,
			);
			defaultConfigurationIsVisible = 0;
			defaultConfigurationName = Release;
		};
		E30A1CA32F98003200387BDC /* Build configuration list for PBXNativeTarget "WordAround" */ = {
			isa = XCConfigurationList;
			buildConfigurations = (
				E30A1CA42F98003200387BDC /* Debug */,
				E30A1CA52F98003200387BDC /* Release */,
			);
			defaultConfigurationIsVisible = 0;
			defaultConfigurationName = Release;
		};
/* End XCConfigurationList section */

/* Begin XCRemoteSwiftPackageReference section */
		E30A1CC62F9942D300387BDC /* XCRemoteSwiftPackageReference "firebase-ios-sdk" */ = {
			isa = XCRemoteSwiftPackageReference;
			repositoryURL = "https://github.com/firebase/firebase-ios-sdk";
			requirement = {
				kind = upToNextMajorVersion;
				minimumVersion = 12.12.1;
			};
		};
		E30A1CD82F99586500387BDC /* XCRemoteSwiftPackageReference "GoogleSignIn-iOS" */ = {
			isa = XCRemoteSwiftPackageReference;
			repositoryURL = "https://github.com/google/GoogleSignIn-iOS";
			requirement = {
				kind = upToNextMajorVersion;
				minimumVersion = 9.1.0;
			};
		};
/* End XCRemoteSwiftPackageReference section */

/* Begin XCSwiftPackageProductDependency section */
		E30A1CC82F99438D00387BDC /* FirebaseCore */ = {
			isa = XCSwiftPackageProductDependency;
			package = E30A1CC62F9942D300387BDC /* XCRemoteSwiftPackageReference "firebase-ios-sdk" */;
			productName = FirebaseCore;
		};
		E30A1CCA2F99439900387BDC /* FirebaseAuth */ = {
			isa = XCSwiftPackageProductDependency;
			package = E30A1CC62F9942D300387BDC /* XCRemoteSwiftPackageReference "firebase-ios-sdk" */;
			productName = FirebaseAuth;
		};
		E30A1CD92F99586500387BDC /* GoogleSignIn */ = {
			isa = XCSwiftPackageProductDependency;
			package = E30A1CD82F99586500387BDC /* XCRemoteSwiftPackageReference "GoogleSignIn-iOS" */;
			productName = GoogleSignIn;
		};
		E30A1CDB2F99586500387BDC /* GoogleSignInSwift */ = {
			isa = XCSwiftPackageProductDependency;
			package = E30A1CD82F99586500387BDC /* XCRemoteSwiftPackageReference "GoogleSignIn-iOS" */;
			productName = GoogleSignInSwift;
		};
		E30A1D772F9C14D700387BDC /* FirebaseFirestore */ = {
			isa = XCSwiftPackageProductDependency;
			package = E30A1CC62F9942D300387BDC /* XCRemoteSwiftPackageReference "firebase-ios-sdk" */;
			productName = FirebaseFirestore;
		};
		E30A1D792F9C14F200387BDC /* FirebaseStorage */ = {
			isa = XCSwiftPackageProductDependency;
			package = E30A1CC62F9942D300387BDC /* XCRemoteSwiftPackageReference "firebase-ios-sdk" */;
			productName = FirebaseStorage;
		};
/* End XCSwiftPackageProductDependency section */
	};
	rootObject = E30A1C902F98003000387BDC /* Project object */;
}
